{
  "version": 4,
  "terraform_version": "1.14.1",
  "serial": 75,
  "lineage": "5d3705f9-6735-9487-48f5-cfe62baaf3cb",
  "outputs": {
    "api_gateway_url": {
      "value": "fica-api-gateway-alb-qa-2028480800.us-east-1.elb.amazonaws.com",
      "type": "string"
    },
    "assignment_api_url": {
      "value": "fica-assignment-alb-qa-1763760823.us-east-1.elb.amazonaws.com",
      "type": "string"
    },
    "catalog_api_url": {
      "value": "fica-catalog-alb-qa-1755343106.us-east-1.elb.amazonaws.com",
      "type": "string"
    },
    "frontend_bucket_name": {
      "value": "fica-judge-frontend-qa-278b86e0",
      "type": "string"
    },
    "iam_api_url": {
      "value": "fica-iam-alb-qa-1165401757.us-east-1.elb.amazonaws.com",
      "type": "string"
    },
    "ranking_api_url": {
      "value": "fica-ranking-alb-qa-1060519431.us-east-1.elb.amazonaws.com",
      "type": "string"
    },
    "submission_api_url": {
      "value": "fica-submission-alb-qa-798792890.us-east-1.elb.amazonaws.com",
      "type": "string"
    }
  },
  "resources": [
    {
      "mode": "data",
      "type": "aws_ami",
      "name": "ubuntu",
      "provider": "provider[\"registry.terraform.io/hashicorp/aws\"]",
      "instances": [
        {
          "schema_version": 0,
          "attributes": {
            "allow_unsafe_filter": null,
            "architecture": "x86_64",
            "arn": "arn:aws:ec2:us-east-1::image/ami-0d28727121d5d4a3c",
            "block_device_mappings": [
              {
                "device_name": "/dev/sda1",
                "ebs": {
                  "delete_on_termination": "true",
                  "encrypted": "false",
                  "iops": "0",
                  "snapshot_id": "snap-0e807a2115826ffd2",
                  "throughput": "0",
                  "volume_initialization_rate": "0",
                  "volume_size": "8",
                  "volume_type": "gp2"
                },
                "no_device": "",
                "virtual_name": ""
              },
              {
                "device_name": "/dev/sdb",
                "ebs": {},
                "no_device": "",
                "virtual_name": "ephemeral0"
              },
              {
                "device_name": "/dev/sdc",
                "ebs": {},
                "no_device": "",
                "virtual_name": "ephemeral1"
              }
            ],
            "boot_mode": "uefi-preferred",
            "creation_date": "2026-07-02T06:54:42.000Z",
            "deprecation_time": "2028-07-02T06:54:42.000Z",
            "description": "Canonical, Ubuntu, 22.04, amd64 jammy image",
            "ena_support": true,
            "executable_users": null,
            "filter": [
              {
                "name": "name",
                "values": [
                  "ubuntu/images/hvm-ssd/ubuntu-jammy-22.04-amd64-server-*"
                ]
              }
            ],
            "hypervisor": "xen",
            "id": "ami-0d28727121d5d4a3c",
            "image_id": "ami-0d28727121d5d4a3c",
            "image_location": "amazon/ubuntu/images/hvm-ssd/ubuntu-jammy-22.04-amd64-server-20260702",
            "image_owner_alias": "amazon",
            "image_type": "machine",
            "imds_support": "",
            "include_deprecated": false,
            "kernel_id": "",
            "last_launched_time": "",
            "most_recent": true,
            "name": "ubuntu/images/hvm-ssd/ubuntu-jammy-22.04-amd64-server-20260702",
            "name_regex": null,
            "owner_id": "099720109477",
            "owners": [
              "099720109477"
            ],
            "platform": "",
            "platform_details": "Linux/UNIX",
            "product_codes": [],
            "public": true,
            "ramdisk_id": "",
            "region": "us-east-1",
            "root_device_name": "/dev/sda1",
            "root_device_type": "ebs",
            "root_snapshot_id": "snap-0e807a2115826ffd2",
            "sriov_net_support": "simple",
            "state": "available",
            "state_reason": {
              "code": "UNSET",
              "message": "UNSET"
            },
            "tags": {},
            "timeouts": null,
            "tpm_support": "",
            "uefi_data": null,
            "usage_operation": "RunInstances",
            "virtualization_type": "hvm"
          },
          "sensitive_attributes": [],
          "identity_schema_version": 0
        }
      ]
    },
    {
      "mode": "managed",
      "type": "aws_internet_gateway",
      "name": "fica_igw",
      "provider": "provider[\"registry.terraform.io/hashicorp/aws\"]",
      "instances": [
        {
          "schema_version": 0,
          "attributes": {
            "arn": "arn:aws:ec2:us-east-1:654362432770:internet-gateway/igw-090346dcccbb4753a",
            "id": "igw-090346dcccbb4753a",
            "owner_id": "654362432770",
            "region": "us-east-1",
            "tags": {
              "Name": "fica-judge-igw-qa"
            },
            "tags_all": {
              "Name": "fica-judge-igw-qa"
            },
            "timeouts": null,
            "vpc_id": "vpc-01cbeb0cd29c55142"
          },
          "sensitive_attributes": [],
          "identity_schema_version": 0,
          "identity": {
            "account_id": "654362432770",
            "id": "igw-090346dcccbb4753a",
            "region": "us-east-1"
          },
          "private": "eyJlMmJmYjczMC1lY2FhLTExZTYtOGY4OC0zNDM2M2JjN2M0YzAiOnsiY3JlYXRlIjoxMjAwMDAwMDAwMDAwLCJkZWxldGUiOjEyMDAwMDAwMDAwMDAsInVwZGF0ZSI6MTIwMDAwMDAwMDAwMH19",
          "dependencies": [
            "aws_vpc.fica_vpc"
          ]
        }
      ]
    },
    {
      "mode": "managed",
      "type": "aws_route_table",
      "name": "fica_rt",
      "provider": "provider[\"registry.terraform.io/hashicorp/aws\"]",
      "instances": [
        {
          "schema_version": 0,
          "attributes": {
            "arn": "arn:aws:ec2:us-east-1:654362432770:route-table/rtb-0e29a37eeef00016c",
            "id": "rtb-0e29a37eeef00016c",
            "owner_id": "654362432770",
            "propagating_vgws": [],
            "region": "us-east-1",
            "route": [
              {
                "carrier_gateway_id": "",
                "cidr_block": "0.0.0.0/0",
                "core_network_arn": "",
                "destination_prefix_list_id": "",
                "egress_only_gateway_id": "",
                "gateway_id": "igw-090346dcccbb4753a",
                "ipv6_cidr_block": "",
                "local_gateway_id": "",
                "nat_gateway_id": "",
                "network_interface_id": "",
                "odb_network_arn": "",
                "transit_gateway_id": "",
                "vpc_endpoint_id": "",
                "vpc_peering_connection_id": ""
              }
            ],
            "tags": {
              "Name": "fica-judge-rt-qa"
            },
            "tags_all": {
              "Name": "fica-judge-rt-qa"
            },
            "timeouts": null,
            "vpc_id": "vpc-01cbeb0cd29c55142"
          },
          "sensitive_attributes": [],
          "identity_schema_version": 0,
          "identity": {
            "account_id": "654362432770",
            "id": "rtb-0e29a37eeef00016c",
            "region": "us-east-1"
          },
          "private": "eyJlMmJmYjczMC1lY2FhLTExZTYtOGY4OC0zNDM2M2JjN2M0YzAiOnsiY3JlYXRlIjozMDAwMDAwMDAwMDAsImRlbGV0ZSI6MzAwMDAwMDAwMDAwLCJ1cGRhdGUiOjEyMDAwMDAwMDAwMH19",
          "dependencies": [
            "aws_internet_gateway.fica_igw",
            "aws_vpc.fica_vpc"
          ]
        }
      ]
    },
    {
      "mode": "managed",
      "type": "aws_route_table_association",
      "name": "fica_rta_a",
      "provider": "provider[\"registry.terraform.io/hashicorp/aws\"]",
      "instances": [
        {
          "schema_version": 0,
          "attributes": {
            "gateway_id": "",
            "id": "rtbassoc-01187f46240809547",
            "region": "us-east-1",
            "route_table_id": "rtb-0e29a37eeef00016c",
            "subnet_id": "subnet-07963a84d5fdbd607",
            "timeouts": null
          },
          "sensitive_attributes": [],
          "identity_schema_version": 0,
          "identity": {
            "account_id": "654362432770",
            "id": "rtbassoc-01187f46240809547",
            "region": "us-east-1"
          },
          "private": "eyJlMmJmYjczMC1lY2FhLTExZTYtOGY4OC0zNDM2M2JjN2M0YzAiOnsiY3JlYXRlIjozMDAwMDAwMDAwMDAsImRlbGV0ZSI6MzAwMDAwMDAwMDAwLCJ1cGRhdGUiOjEyMDAwMDAwMDAwMH19",
          "dependencies": [
            "aws_internet_gateway.fica_igw",
            "aws_route_table.fica_rt",
            "aws_subnet.fica_subnet_a",
            "aws_vpc.fica_vpc"
          ]
        }
      ]
    },
    {
      "mode": "managed",
      "type": "aws_route_table_association",
      "name": "fica_rta_b",
      "provider": "provider[\"registry.terraform.io/hashicorp/aws\"]",
      "instances": [
        {
          "schema_version": 0,
          "attributes": {
            "gateway_id": "",
            "id": "rtbassoc-0733e4e5f91a2c24c",
            "region": "us-east-1",
            "route_table_id": "rtb-0e29a37eeef00016c",
            "subnet_id": "subnet-0fd4c84cabda00237",
            "timeouts": null
          },
          "sensitive_attributes": [],
          "identity_schema_version": 0,
          "identity": {
            "account_id": "654362432770",
            "id": "rtbassoc-0733e4e5f91a2c24c",
            "region": "us-east-1"
          },
          "private": "eyJlMmJmYjczMC1lY2FhLTExZTYtOGY4OC0zNDM2M2JjN2M0YzAiOnsiY3JlYXRlIjozMDAwMDAwMDAwMDAsImRlbGV0ZSI6MzAwMDAwMDAwMDAwLCJ1cGRhdGUiOjEyMDAwMDAwMDAwMH19",
          "dependencies": [
            "aws_internet_gateway.fica_igw",
            "aws_route_table.fica_rt",
            "aws_subnet.fica_subnet_b",
            "aws_vpc.fica_vpc"
          ]
        }
      ]
    },
    {
      "mode": "managed",
      "type": "aws_s3_bucket",
      "name": "fica_frontend",
      "provider": "provider[\"registry.terraform.io/hashicorp/aws\"]",
      "instances": [
        {
          "schema_version": 0,
          "attributes": {
            "acceleration_status": "",
            "acl": null,
            "arn": "arn:aws:s3:::fica-judge-frontend-qa-278b86e0",
            "bucket": "fica-judge-frontend-qa-278b86e0",
            "bucket_domain_name": "fica-judge-frontend-qa-278b86e0.s3.amazonaws.com",
            "bucket_namespace": "global",
            "bucket_prefix": "",
            "bucket_region": "us-east-1",
            "bucket_regional_domain_name": "fica-judge-frontend-qa-278b86e0.s3.us-east-1.amazonaws.com",
            "cors_rule": [],
            "force_destroy": true,
            "grant": [
              {
                "id": "1edfe322dc07b3863298ff159199dc2f9d46fc5c9b8bf962b809d89f54105d02",
                "permissions": [
                  "FULL_CONTROL"
                ],
                "type": "CanonicalUser",
                "uri": ""
              }
            ],
            "hosted_zone_id": "Z3AQBSTGFYJSTF",
            "id": "fica-judge-frontend-qa-278b86e0",
            "lifecycle_rule": [],
            "logging": [],
            "object_lock_configuration": [],
            "object_lock_enabled": false,
            "policy": "",
            "region": "us-east-1",
            "replication_configuration": [],
            "request_payer": "BucketOwner",
            "server_side_encryption_configuration": [
              {
                "rule": [
                  {
                    "apply_server_side_encryption_by_default": [
                      {
                        "kms_master_key_id": "",
                        "sse_algorithm": "AES256"
                      }
                    ],
                    "bucket_key_enabled": false
                  }
                ]
              }
            ],
            "tags": {},
            "tags_all": {},
            "timeouts": null,
            "versioning": [
              {
                "enabled": false,
                "mfa_delete": false
              }
            ],
            "website": [],
            "website_domain": null,
            "website_endpoint": null
          },
          "sensitive_attributes": [],
          "identity_schema_version": 0,
          "identity": {
            "account_id": "654362432770",
            "bucket": "fica-judge-frontend-qa-278b86e0",
            "region": "us-east-1"
          },
          "private": "eyJlMmJmYjczMC1lY2FhLTExZTYtOGY4OC0zNDM2M2JjN2M0YzAiOnsiY3JlYXRlIjoxMjAwMDAwMDAwMDAwLCJkZWxldGUiOjM2MDAwMDAwMDAwMDAsInJlYWQiOjEyMDAwMDAwMDAwMDAsInVwZGF0ZSI6MTIwMDAwMDAwMDAwMH19",
          "dependencies": [
            "random_id.bucket_suffix"
          ]
        }
      ]
    },
    {
      "mode": "managed",
      "type": "aws_security_group",
      "name": "fica_sg",
      "provider": "provider[\"registry.terraform.io/hashicorp/aws\"]",
      "instances": [
        {
          "schema_version": 1,
          "attributes": {
            "arn": "arn:aws:ec2:us-east-1:654362432770:security-group/sg-0fd515ba7606a451f",
            "description": "Permitir trafico HA para FICA-JUDGE",
            "egress": [
              {
                "cidr_blocks": [
                  "0.0.0.0/0"
                ],
                "description": "",
                "from_port": 0,
                "ipv6_cidr_blocks": [],
                "prefix_list_ids": [],
                "protocol": "-1",
                "security_groups": [],
                "self": false,
                "to_port": 0
              }
            ],
            "id": "sg-0fd515ba7606a451f",
            "ingress": [
              {
                "cidr_blocks": [
                  "0.0.0.0/0"
                ],
                "description": "HTTP Balanceador",
                "from_port": 80,
                "ipv6_cidr_blocks": [],
                "prefix_list_ids": [],
                "protocol": "tcp",
                "security_groups": [],
                "self": false,
                "to_port": 80
              },
              {
                "cidr_blocks": [
                  "0.0.0.0/0"
                ],
                "description": "Puertos de la Flota de Microservicios Node.js",
                "from_port": 3000,
                "ipv6_cidr_blocks": [],
                "prefix_list_ids": [],
                "protocol": "tcp",
                "security_groups": [],
                "self": false,
                "to_port": 3005
              },
              {
                "cidr_blocks": [
                  "0.0.0.0/0"
                ],
                "description": "RabbitMQ y Panel de Administracion",
                "from_port": 5672,
                "ipv6_cidr_blocks": [],
                "prefix_list_ids": [],
                "protocol": "tcp",
                "security_groups": [],
                "self": false,
                "to_port": 15672
              },
              {
                "cidr_blocks": [
                  "0.0.0.0/0"
                ],
                "description": "SSH",
                "from_port": 22,
                "ipv6_cidr_blocks": [],
                "prefix_list_ids": [],
                "protocol": "tcp",
                "security_groups": [],
                "self": false,
                "to_port": 22
              }
            ],
            "name": "fica-judge-sg-qa",
            "name_prefix": "",
            "owner_id": "654362432770",
            "region": "us-east-1",
            "revoke_rules_on_delete": false,
            "tags": {
              "Name": "fica-judge-sg-qa"
            },
            "tags_all": {
              "Name": "fica-judge-sg-qa"
            },
            "timeouts": null,
            "vpc_id": "vpc-01cbeb0cd29c55142"
          },
          "sensitive_attributes": [],
          "identity_schema_version": 0,
          "identity": {
            "account_id": "654362432770",
            "id": "sg-0fd515ba7606a451f",
            "region": "us-east-1"
          },
          "private": "eyJlMmJmYjczMC1lY2FhLTExZTYtOGY4OC0zNDM2M2JjN2M0YzAiOnsiY3JlYXRlIjo2MDAwMDAwMDAwMDAsImRlbGV0ZSI6OTAwMDAwMDAwMDAwfSwic2NoZW1hX3ZlcnNpb24iOiIxIn0=",
          "dependencies": [
            "aws_vpc.fica_vpc"
          ]
        }
      ]
    },
    {
      "mode": "managed",
      "type": "aws_subnet",
      "name": "fica_subnet_a",
      "provider": "provider[\"registry.terraform.io/hashicorp/aws\"]",
      "instances": [
        {
          "schema_version": 1,
          "attributes": {
            "arn": "arn:aws:ec2:us-east-1:654362432770:subnet/subnet-07963a84d5fdbd607",
            "assign_ipv6_address_on_creation": false,
            "availability_zone": "us-east-1a",
            "availability_zone_id": "use1-az4",
            "cidr_block": "10.0.1.0/24",
            "customer_owned_ipv4_pool": "",
            "enable_dns64": false,
            "enable_lni_at_device_index": 0,
            "enable_resource_name_dns_a_record_on_launch": false,
            "enable_resource_name_dns_aaaa_record_on_launch": false,
            "id": "subnet-07963a84d5fdbd607",
            "ipv4_ipam_pool_id": null,
            "ipv4_netmask_length": null,
            "ipv6_cidr_block": "",
            "ipv6_cidr_block_association_id": "",
            "ipv6_ipam_pool_id": null,
            "ipv6_native": false,
            "ipv6_netmask_length": null,
            "map_customer_owned_ip_on_launch": false,
            "map_public_ip_on_launch": true,
            "outpost_arn": "",
            "owner_id": "654362432770",
            "private_dns_hostname_type_on_launch": "ip-name",
            "region": "us-east-1",
            "tags": {
              "Name": "fica-judge-subnet-qa-a"
            },
            "tags_all": {
              "Name": "fica-judge-subnet-qa-a"
            },
            "timeouts": null,
            "vpc_id": "vpc-01cbeb0cd29c55142"
          },
          "sensitive_attributes": [],
          "identity_schema_version": 0,
          "identity": {
            "account_id": "654362432770",
            "id": "subnet-07963a84d5fdbd607",
            "region": "us-east-1"
          },
          "private": "eyJlMmJmYjczMC1lY2FhLTExZTYtOGY4OC0zNDM2M2JjN2M0YzAiOnsiY3JlYXRlIjo2MDAwMDAwMDAwMDAsImRlbGV0ZSI6MTIwMDAwMDAwMDAwMH0sInNjaGVtYV92ZXJzaW9uIjoiMSJ9",
          "dependencies": [
            "aws_vpc.fica_vpc"
          ]
        }
      ]
    },
    {
      "mode": "managed",
      "type": "aws_subnet",
      "name": "fica_subnet_b",
      "provider": "provider[\"registry.terraform.io/hashicorp/aws\"]",
      "instances": [
        {
          "schema_version": 1,
          "attributes": {
            "arn": "arn:aws:ec2:us-east-1:654362432770:subnet/subnet-0fd4c84cabda00237",
            "assign_ipv6_address_on_creation": false,
            "availability_zone": "us-east-1b",
            "availability_zone_id": "use1-az6",
            "cidr_block": "10.0.2.0/24",
            "customer_owned_ipv4_pool": "",
            "enable_dns64": false,
            "enable_lni_at_device_index": 0,
            "enable_resource_name_dns_a_record_on_launch": false,
            "enable_resource_name_dns_aaaa_record_on_launch": false,
            "id": "subnet-0fd4c84cabda00237",
            "ipv4_ipam_pool_id": null,
            "ipv4_netmask_length": null,
            "ipv6_cidr_block": "",
            "ipv6_cidr_block_association_id": "",
            "ipv6_ipam_pool_id": null,
            "ipv6_native": false,
            "ipv6_netmask_length": null,
            "map_customer_owned_ip_on_launch": false,
            "map_public_ip_on_launch": true,
            "outpost_arn": "",
            "owner_id": "654362432770",
            "private_dns_hostname_type_on_launch": "ip-name",
            "region": "us-east-1",
            "tags": {
              "Name": "fica-judge-subnet-qa-b"
            },
            "tags_all": {
              "Name": "fica-judge-subnet-qa-b"
            },
            "timeouts": null,
            "vpc_id": "vpc-01cbeb0cd29c55142"
          },
          "sensitive_attributes": [],
          "identity_schema_version": 0,
          "identity": {
            "account_id": "654362432770",
            "id": "subnet-0fd4c84cabda00237",
            "region": "us-east-1"
          },
          "private": "eyJlMmJmYjczMC1lY2FhLTExZTYtOGY4OC0zNDM2M2JjN2M0YzAiOnsiY3JlYXRlIjo2MDAwMDAwMDAwMDAsImRlbGV0ZSI6MTIwMDAwMDAwMDAwMH0sInNjaGVtYV92ZXJzaW9uIjoiMSJ9",
          "dependencies": [
            "aws_vpc.fica_vpc"
          ]
        }
      ]
    },
    {
      "mode": "managed",
      "type": "aws_vpc",
      "name": "fica_vpc",
      "provider": "provider[\"registry.terraform.io/hashicorp/aws\"]",
      "instances": [
        {
          "schema_version": 1,
          "attributes": {
            "arn": "arn:aws:ec2:us-east-1:654362432770:vpc/vpc-01cbeb0cd29c55142",
            "assign_generated_ipv6_cidr_block": false,
            "cidr_block": "10.0.0.0/16",
            "default_network_acl_id": "acl-02f44b081f934cd12",
            "default_route_table_id": "rtb-0744639f5c961874a",
            "default_security_group_id": "sg-03bdb59b637e9bbfb",
            "dhcp_options_id": "dopt-02c9d92e059efb375",
            "enable_dns_hostnames": true,
            "enable_dns_support": true,
            "enable_network_address_usage_metrics": false,
            "id": "vpc-01cbeb0cd29c55142",
            "instance_tenancy": "default",
            "ipv4_ipam_pool_id": null,
            "ipv4_netmask_length": null,
            "ipv6_association_id": "",
            "ipv6_cidr_block": "",
            "ipv6_cidr_block_network_border_group": "",
            "ipv6_ipam_pool_id": "",
            "ipv6_netmask_length": 0,
            "main_route_table_id": "rtb-0744639f5c961874a",
            "owner_id": "654362432770",
            "region": "us-east-1",
            "tags": {
              "Name": "fica-judge-vpc-qa",
              "Project": "FICA-JUDGE"
            },
            "tags_all": {
              "Name": "fica-judge-vpc-qa",
              "Project": "FICA-JUDGE"
            }
          },
          "sensitive_attributes": [],
          "identity_schema_version": 0,
          "identity": {
            "account_id": "654362432770",
            "id": "vpc-01cbeb0cd29c55142",
            "region": "us-east-1"
          },
          "private": "eyJzY2hlbWFfdmVyc2lvbiI6IjEifQ=="
        }
      ]
    },
    {
      "mode": "managed",
      "type": "random_id",
      "name": "bucket_suffix",
      "provider": "provider[\"registry.terraform.io/hashicorp/random\"]",
      "instances": [
        {
          "schema_version": 0,
          "attributes": {
            "b64_std": "J4uG4A==",
            "b64_url": "J4uG4A",
            "byte_length": 4,
            "dec": "663455456",
            "hex": "278b86e0",
            "id": "J4uG4A",
            "keepers": null,
            "prefix": null
          },
          "sensitive_attributes": [],
          "identity_schema_version": 0
        }
      ]
    },
    {
      "module": "module.api_gateway",
      "mode": "managed",
      "type": "aws_autoscaling_group",
      "name": "asg",
      "provider": "provider[\"registry.terraform.io/hashicorp/aws\"]",
      "instances": [
        {
          "schema_version": 1,
          "attributes": {
            "arn": "arn:aws:autoscaling:us-east-1:654362432770:autoScalingGroup:c4babe97-9181-453e-9c7d-22b00628c0b0:autoScalingGroupName/fica-api-gateway-asg-qa",
            "availability_zone_distribution": [
              {
                "capacity_distribution_strategy": "balanced-best-effort"
              }
            ],
            "availability_zones": [
              "us-east-1a",
              "us-east-1b"
            ],
            "capacity_rebalance": false,
            "capacity_reservation_specification": [
              {
                "capacity_reservation_preference": "default",
                "capacity_reservation_target": []
              }
            ],
            "context": "",
            "default_cooldown": 300,
            "default_instance_warmup": 0,
            "desired_capacity": 2,
            "desired_capacity_type": "",
            "enabled_metrics": [],
            "force_delete": false,
            "force_delete_warm_pool": false,
            "health_check_grace_period": 300,
            "health_check_type": "EC2",
            "id": "fica-api-gateway-asg-qa",
            "ignore_failed_scaling_activities": false,
            "initial_lifecycle_hook": [],
            "instance_maintenance_policy": [],
            "instance_refresh": [],
            "launch_configuration": "",
            "launch_template": [
              {
                "id": "lt-030c3ad04788f5960",
                "name": "fica-api-gateway-node-5167c95af1b8129734625f1aa0",
                "version": "$Latest"
              }
            ],
            "load_balancers": [],
            "max_instance_lifetime": 0,
            "max_size": 2,
            "metrics_granularity": "1Minute",
            "min_elb_capacity": null,
            "min_size": 2,
            "mixed_instances_policy": [],
            "name": "fica-api-gateway-asg-qa",
            "name_prefix": "",
            "placement_group": "",
            "predicted_capacity": 0,
            "protect_from_scale_in": false,
            "region": "us-east-1",
            "service_linked_role_arn": "arn:aws:iam::654362432770:role/aws-service-role/autoscaling.amazonaws.com/AWSServiceRoleForAutoScaling",
            "suspended_processes": [],
            "tag": [
              {
                "key": "Name",
                "propagate_at_launch": true,
                "value": "fica-api-gateway-node-qa"
              }
            ],
            "target_group_arns": [
              "arn:aws:elasticloadbalancing:us-east-1:654362432770:targetgroup/fica-api-gateway-tg-qa/c5c8c9c7c5895a61"
            ],
            "termination_policies": [],
            "timeouts": null,
            "traffic_source": [
              {
                "identifier": "arn:aws:elasticloadbalancing:us-east-1:654362432770:targetgroup/fica-api-gateway-tg-qa/c5c8c9c7c5895a61",
                "type": "elbv2"
              }
            ],
            "vpc_zone_identifier": [
              "subnet-07963a84d5fdbd607",
              "subnet-0fd4c84cabda00237"
            ],
            "wait_for_capacity_timeout": "10m",
            "wait_for_elb_capacity": null,
            "warm_pool": [],
            "warm_pool_size": 0
          },
          "sensitive_attributes": [],
          "identity_schema_version": 0,
          "identity": {
            "account_id": "654362432770",
            "name": "fica-api-gateway-asg-qa",
            "region": "us-east-1"
          },
          "private": "eyJlMmJmYjczMC1lY2FhLTExZTYtOGY4OC0zNDM2M2JjN2M0YzAiOnsiZGVsZXRlIjo2MDAwMDAwMDAwMDAsInVwZGF0ZSI6NjAwMDAwMDAwMDAwfSwic2NoZW1hX3ZlcnNpb24iOiIxIn0=",
          "dependencies": [
            "aws_security_group.fica_sg",
            "aws_subnet.fica_subnet_a",
            "aws_subnet.fica_subnet_b",
            "aws_vpc.fica_vpc",
            "data.aws_ami.ubuntu",
            "module.api_gateway.aws_db_instance.microservice_db",
            "module.api_gateway.aws_db_subnet_group.db_subnet_group",
            "module.api_gateway.aws_elasticache_cluster.redis",
            "module.api_gateway.aws_elasticache_subnet_group.redis_subnet",
            "module.api_gateway.aws_launch_template.lt",
            "module.api_gateway.aws_lb_target_group.tg",
            "module.api_gateway.aws_security_group.db_sg"
          ]
        }
      ]
    },
    {
      "module": "module.api_gateway",
      "mode": "managed",
      "type": "aws_db_instance",
      "name": "microservice_db",
      "provider": "provider[\"registry.terraform.io/hashicorp/aws\"]",
      "instances": []
    },
    {
      "module": "module.api_gateway",
      "mode": "managed",
      "type": "aws_db_subnet_group",
      "name": "db_subnet_group",
      "provider": "provider[\"registry.terraform.io/hashicorp/aws\"]",
      "instances": [
        {
          "schema_version": 0,
          "attributes": {
            "arn": "arn:aws:rds:us-east-1:654362432770:subgrp:fica-api-gateway-db-subnet-qa",
            "description": "Managed by Terraform",
            "id": "fica-api-gateway-db-subnet-qa",
            "name": "fica-api-gateway-db-subnet-qa",
            "name_prefix": "",
            "region": "us-east-1",
            "subnet_ids": [
              "subnet-07963a84d5fdbd607",
              "subnet-0fd4c84cabda00237"
            ],
            "supported_network_types": [
              "IPV4"
            ],
            "tags": {},
            "tags_all": {},
            "vpc_id": "vpc-01cbeb0cd29c55142"
          },
          "sensitive_attributes": [],
          "identity_schema_version": 0,
          "identity": {
            "account_id": "654362432770",
            "name": "fica-api-gateway-db-subnet-qa",
            "region": "us-east-1"
          },
          "private": "bnVsbA==",
          "dependencies": [
            "aws_subnet.fica_subnet_a",
            "aws_subnet.fica_subnet_b",
            "aws_vpc.fica_vpc"
          ]
        }
      ]
    },
    {
      "module": "module.api_gateway",
      "mode": "managed",
      "type": "aws_elasticache_cluster",
      "name": "redis",
      "provider": "provider[\"registry.terraform.io/hashicorp/aws\"]",
      "instances": []
    },
    {
      "module": "module.api_gateway",
      "mode": "managed",
      "type": "aws_elasticache_subnet_group",
      "name": "redis_subnet",
      "provider": "provider[\"registry.terraform.io/hashicorp/aws\"]",
      "instances": []
    },
    {
      "module": "module.api_gateway",
      "mode": "managed",
      "type": "aws_launch_template",
      "name": "lt",
      "provider": "provider[\"registry.terraform.io/hashicorp/aws\"]",
      "instances": [
        {
          "schema_version": 1,
          "attributes": {
            "arn": "arn:aws:ec2:us-east-1:654362432770:launch-template/lt-030c3ad04788f5960",
            "block_device_mappings": [],
            "capacity_reservation_specification": [],
            "cpu_options": [],
            "credit_specification": [],
            "default_version": 1,
            "description": "",
            "disable_api_stop": false,
            "disable_api_termination": false,
            "ebs_optimized": "",
            "enclave_options": [],
            "hibernation_options": [],
            "iam_instance_profile": [],
            "id": "lt-030c3ad04788f5960",
            "image_id": "ami-0d28727121d5d4a3c",
            "instance_initiated_shutdown_behavior": "",
            "instance_market_options": [],
            "instance_requirements": [],
            "instance_type": "t3.medium",
            "kernel_id": "",
            "key_name": "",
            "latest_version": 2,
            "license_specification": [],
            "maintenance_options": [],
            "metadata_options": [],
            "monitoring": [],
            "name": "fica-api-gateway-node-5167c95af1b8129734625f1aa0",
            "name_prefix": "fica-api-gateway-node-",
            "network_interfaces": [],
            "network_performance_options": [],
            "placement": [],
            "private_dns_name_options": [],
            "ram_disk_id": "",
            "region": "us-east-1",
            "secondary_interfaces": [],
            "security_group_names": [],
            "tag_specifications": [],
            "tags": {},
            "tags_all": {},
            "update_default_version": null,
            "user_data": "IyEvYmluL2Jhc2gNCmFwdC1nZXQgdXBkYXRlIC15DQphcHQtZ2V0IGluc3RhbGwgLXkgZG9ja2VyLmlvDQpzeXN0ZW1jdGwgc3RhcnQgZG9ja2VyDQpzeXN0ZW1jdGwgZW5hYmxlIGRvY2tlcg0KICAgICAgICAgICAgICANCmV4cG9ydCBSQUJCSVRNUV9VUkw9IiINCmV4cG9ydCBNT05HT19VUkk9IiINCiAgICAgICAgICAgICAgDQojIExldmFudGFyIFJhYmJpdE1RIGxvY2FsbWVudGUgc2kgc2UgcmVxdWllcmUNCmlmIFsgImZhbHNlIiA9PSAidHJ1ZSIgXTsgdGhlbg0KICBkb2NrZXIgcnVuIC1kIC1wIDU2NzI6NTY3MiAtcCAxNTY3MjoxNTY3MiAtLW5hbWUgZmljYS1yYWJiaXRtcSAtLXJlc3RhcnQgdW5sZXNzLXN0b3BwZWQgcmFiYml0bXE6My1tYW5hZ2VtZW50DQogIGV4cG9ydCBSQUJCSVRNUV9VUkw9ImFtcXA6Ly9ndWVzdDpndWVzdEAxNzIuMTcuMC4xOjU2NzIiDQpmaQ0KDQojIExldmFudGFyIE1vbmdvREIgbG9jYWxtZW50ZSBzaSBzZSByZXF1aWVyZQ0KaWYgWyAiZmFsc2UiID09ICJ0cnVlIiBdOyB0aGVuDQogIGRvY2tlciBydW4gLWQgLXAgMjcwMTc6MjcwMTcgLWUgTU9OR09fSU5JVERCX1JPT1RfVVNFUk5BTUU9ImZpY2FfYWRtaW4iIC1lIE1PTkdPX0lOSVREQl9ST09UX1BBU1NXT1JEPSJGaWNhSnVkZ2UyMDI2UUEiIC0tbmFtZSBmaWNhLW1vbmdvZGIgLS1yZXN0YXJ0IHVubGVzcy1zdG9wcGVkIG1vbmdvOmxhdGVzdA0KICBleHBvcnQgTU9OR09fVVJJPSJtb25nb2RiOi8vZmljYV9hZG1pbjpGaWNhSnVkZ2UyMDI2UUFAMTcyLjE3LjAuMToyNzAxNy9maWNhanVkZ2VfcWE/YXV0aFNvdXJjZT1hZG1pbiINCmZpDQogICAgICAgICAgICAgIA0KIyBDb3JyZXIgZWwgY29udGVuZWRvciBkZSBOb2RlIG1hcGVhbmRvIGxhcyBjb25leGlvbmVzIGRpbsOhbWljYW1lbnRlDQpkb2NrZXIgcnVuIC1kIC1wIDMwMDA6MzAwMCAtLW5hbWUgZmljYS1hcGktZ2F0ZXdheS1zZXJ2aWNlIC0tcmVzdGFydCB1bmxlc3Mtc3RvcHBlZCBcDQogIC1lIERCX0hPU1Q9IiIgXA0KICAtZSBEQl9QT1JUPTU0MzIgXA0KICAtZSBEQl9VU0VSTkFNRT0iZmljYV9hZG1pbiIgXA0KICAtZSBEQl9QQVNTV09SRD0iRmljYUp1ZGdlMjAyNlFBIiBcDQogIC1lIERCX05BTUU9ImZpY2FqdWRnZV9xYSIgXA0KICAtZSBNT05HT19VUkk9IiRNT05HT19VUkkiIFwNCiAgLWUgUkVESVNfSE9TVD0iIiBcDQogIC1lIFJFRElTX1BPUlQ9NjM3OSBcDQogIC1lIFJBQkJJVE1RX1VSTD0iJFJBQkJJVE1RX1VSTCIgXA0KICAtZSBQT1JUPTMwMDAgXA0KICB4eGF2eXgzOC9hcGktZ2F0ZXdheTpsYXRlc3QNCg==",
            "vpc_security_group_ids": [
              "sg-0fd515ba7606a451f"
            ]
          },
          "sensitive_attributes": [
            [
              {
                "type": "get_attr",
                "value": "user_data"
              }
            ]
          ],
          "identity_schema_version": 0,
          "identity": {
            "account_id": "654362432770",
            "id": "lt-030c3ad04788f5960",
            "region": "us-east-1"
          },
          "private": "eyJzY2hlbWFfdmVyc2lvbiI6IjEifQ==",
          "dependencies": [
            "aws_security_group.fica_sg",
            "aws_subnet.fica_subnet_a",
            "aws_subnet.fica_subnet_b",
            "aws_vpc.fica_vpc",
            "data.aws_ami.ubuntu",
            "module.api_gateway.aws_db_instance.microservice_db",
            "module.api_gateway.aws_db_subnet_group.db_subnet_group",
            "module.api_gateway.aws_elasticache_cluster.redis",
            "module.api_gateway.aws_elasticache_subnet_group.redis_subnet",
            "module.api_gateway.aws_security_group.db_sg"
          ]
        }
      ]
    },
    {
      "module": "module.api_gateway",
      "mode": "managed",
      "type": "aws_lb",
      "name": "alb",
      "provider": "provider[\"registry.terraform.io/hashicorp/aws\"]",
      "instances": [
        {
          "schema_version": 0,
          "attributes": {
            "access_logs": [
              {
                "bucket": "",
                "enabled": false,
                "prefix": ""
              }
            ],
            "arn": "arn:aws:elasticloadbalancing:us-east-1:654362432770:loadbalancer/app/fica-api-gateway-alb-qa/2db559e22af61b15",
            "arn_suffix": "app/fica-api-gateway-alb-qa/2db559e22af61b15",
            "client_keep_alive": 3600,
            "connection_logs": [
              {
                "bucket": "",
                "enabled": false,
                "prefix": ""
              }
            ],
            "customer_owned_ipv4_pool": "",
            "desync_mitigation_mode": "defensive",
            "dns_name": "fica-api-gateway-alb-qa-2028480800.us-east-1.elb.amazonaws.com",
            "dns_record_client_routing_policy": null,
            "drop_invalid_header_fields": false,
            "enable_cross_zone_load_balancing": true,
            "enable_deletion_protection": false,
            "enable_http2": true,
            "enable_prefix_for_ipv6_source_nat": "off",
            "enable_tls_version_and_cipher_suite_headers": false,
            "enable_waf_fail_open": false,
            "enable_xff_client_port": false,
            "enable_zonal_shift": false,
            "enforce_security_group_inbound_rules_on_private_link_traffic": "",
            "health_check_logs": [
              {
                "bucket": "",
                "enabled": false,
                "prefix": ""
              }
            ],
            "id": "arn:aws:elasticloadbalancing:us-east-1:654362432770:loadbalancer/app/fica-api-gateway-alb-qa/2db559e22af61b15",
            "idle_timeout": 60,
            "internal": false,
            "ip_address_type": "ipv4",
            "ipam_pools": [],
            "load_balancer_type": "application",
            "minimum_load_balancer_capacity": [],
            "name": "fica-api-gateway-alb-qa",
            "name_prefix": "",
            "preserve_host_header": false,
            "region": "us-east-1",
            "secondary_ips_auto_assigned_per_subnet": null,
            "security_groups": [
              "sg-0fd515ba7606a451f"
            ],
            "subnet_mapping": [
              {
                "allocation_id": "",
                "ipv6_address": "",
                "outpost_id": "",
                "private_ipv4_address": "",
                "subnet_id": "subnet-07963a84d5fdbd607"
              },
              {
                "allocation_id": "",
                "ipv6_address": "",
                "outpost_id": "",
                "private_ipv4_address": "",
                "subnet_id": "subnet-0fd4c84cabda00237"
              }
            ],
            "subnets": [
              "subnet-07963a84d5fdbd607",
              "subnet-0fd4c84cabda00237"
            ],
            "tags": {},
            "tags_all": {},
            "timeouts": null,
            "vpc_id": "vpc-01cbeb0cd29c55142",
            "xff_header_processing_mode": "append",
            "zone_id": "Z35SXDOTRQ7X7K"
          },
          "sensitive_attributes": [],
          "identity_schema_version": 0,
          "identity": {
            "arn": "arn:aws:elasticloadbalancing:us-east-1:654362432770:loadbalancer/app/fica-api-gateway-alb-qa/2db559e22af61b15"
          },
          "private": "eyJlMmJmYjczMC1lY2FhLTExZTYtOGY4OC0zNDM2M2JjN2M0YzAiOnsiY3JlYXRlIjo2MDAwMDAwMDAwMDAsImRlbGV0ZSI6NjAwMDAwMDAwMDAwLCJ1cGRhdGUiOjYwMDAwMDAwMDAwMH19",
          "dependencies": [
            "aws_security_group.fica_sg",
            "aws_subnet.fica_subnet_a",
            "aws_subnet.fica_subnet_b",
            "aws_vpc.fica_vpc"
          ]
        }
      ]
    },
    {
      "module": "module.api_gateway",
      "mode": "managed",
      "type": "aws_lb_listener",
      "name": "listener",
      "provider": "provider[\"registry.terraform.io/hashicorp/aws\"]",
      "instances": [
        {
          "schema_version": 0,
          "attributes": {
            "alpn_policy": null,
            "arn": "arn:aws:elasticloadbalancing:us-east-1:654362432770:listener/app/fica-api-gateway-alb-qa/2db559e22af61b15/b83132d99ebdffb1",
            "certificate_arn": null,
            "default_action": [
              {
                "authenticate_cognito": [],
                "authenticate_oidc": [],
                "fixed_response": [],
                "forward": [],
                "jwt_validation": [],
                "order": 1,
                "redirect": [],
                "target_group_arn": "arn:aws:elasticloadbalancing:us-east-1:654362432770:targetgroup/fica-api-gateway-tg-qa/c5c8c9c7c5895a61",
                "type": "forward"
              }
            ],
            "id": "arn:aws:elasticloadbalancing:us-east-1:654362432770:listener/app/fica-api-gateway-alb-qa/2db559e22af61b15/b83132d99ebdffb1",
            "load_balancer_arn": "arn:aws:elasticloadbalancing:us-east-1:654362432770:loadbalancer/app/fica-api-gateway-alb-qa/2db559e22af61b15",
            "mutual_authentication": [],
            "port": 80,
            "protocol": "HTTP",
            "region": "us-east-1",
            "routing_http_request_x_amzn_mtls_clientcert_header_name": null,
            "routing_http_request_x_amzn_mtls_clientcert_issuer_header_name": null,
            "routing_http_request_x_amzn_mtls_clientcert_leaf_header_name": null,
            "routing_http_request_x_amzn_mtls_clientcert_serial_number_header_name": null,
            "routing_http_request_x_amzn_mtls_clientcert_subject_header_name": null,
            "routing_http_request_x_amzn_mtls_clientcert_validity_header_name": null,
            "routing_http_request_x_amzn_tls_cipher_suite_header_name": null,
            "routing_http_request_x_amzn_tls_version_header_name": null,
            "routing_http_response_access_control_allow_credentials_header_value": "",
            "routing_http_response_access_control_allow_headers_header_value": "",
            "routing_http_response_access_control_allow_methods_header_value": "",
            "routing_http_response_access_control_allow_origin_header_value": "",
            "routing_http_response_access_control_expose_headers_header_value": "",
            "routing_http_response_access_control_max_age_header_value": "",
            "routing_http_response_content_security_policy_header_value": "",
            "routing_http_response_server_enabled": true,
            "routing_http_response_strict_transport_security_header_value": "",
            "routing_http_response_x_content_type_options_header_value": "",
            "routing_http_response_x_frame_options_header_value": "",
            "ssl_policy": "",
            "tags": {},
            "tags_all": {},
            "tcp_idle_timeout_seconds": null,
            "timeouts": null
          },
          "sensitive_attributes": [],
          "identity_schema_version": 0,
          "identity": {
            "arn": "arn:aws:elasticloadbalancing:us-east-1:654362432770:listener/app/fica-api-gateway-alb-qa/2db559e22af61b15/b83132d99ebdffb1"
          },
          "private": "eyJlMmJmYjczMC1lY2FhLTExZTYtOGY4OC0zNDM2M2JjN2M0YzAiOnsiY3JlYXRlIjozMDAwMDAwMDAwMDAsInVwZGF0ZSI6MzAwMDAwMDAwMDAwfX0=",
          "dependencies": [
            "aws_security_group.fica_sg",
            "aws_subnet.fica_subnet_a",
            "aws_subnet.fica_subnet_b",
            "aws_vpc.fica_vpc",
            "module.api_gateway.aws_lb.alb",
            "module.api_gateway.aws_lb_target_group.tg"
          ]
        }
      ]
    },
    {
      "module": "module.api_gateway",
      "mode": "managed",
      "type": "aws_lb_target_group",
      "name": "tg",
      "provider": "provider[\"registry.terraform.io/hashicorp/aws\"]",
      "instances": [
        {
          "schema_version": 0,
          "attributes": {
            "arn": "arn:aws:elasticloadbalancing:us-east-1:654362432770:targetgroup/fica-api-gateway-tg-qa/c5c8c9c7c5895a61",
            "arn_suffix": "targetgroup/fica-api-gateway-tg-qa/c5c8c9c7c5895a61",
            "connection_termination": null,
            "deregistration_delay": "300",
            "health_check": [
              {
                "enabled": true,
                "healthy_threshold": 2,
                "interval": 30,
                "matcher": "200",
                "path": "/",
                "port": "3000",
                "protocol": "HTTP",
                "timeout": 3,
                "unhealthy_threshold": 2
              }
            ],
            "id": "arn:aws:elasticloadbalancing:us-east-1:654362432770:targetgroup/fica-api-gateway-tg-qa/c5c8c9c7c5895a61",
            "ip_address_type": "ipv4",
            "lambda_multi_value_headers_enabled": false,
            "load_balancer_arns": [
              "arn:aws:elasticloadbalancing:us-east-1:654362432770:loadbalancer/app/fica-api-gateway-alb-qa/2db559e22af61b15"
            ],
            "load_balancing_algorithm_type": "round_robin",
            "load_balancing_anomaly_mitigation": "off",
            "load_balancing_cross_zone_enabled": "use_load_balancer_configuration",
            "name": "fica-api-gateway-tg-qa",
            "name_prefix": "",
            "port": 3000,
            "preserve_client_ip": null,
            "protocol": "HTTP",
            "protocol_version": "HTTP1",
            "proxy_protocol_v2": false,
            "region": "us-east-1",
            "slow_start": 0,
            "stickiness": [
              {
                "cookie_duration": 86400,
                "cookie_name": "",
                "enabled": false,
                "type": "lb_cookie"
              }
            ],
            "tags": {},
            "tags_all": {},
            "target_control_port": 0,
            "target_failover": [
              {
                "on_deregistration": null,
                "on_unhealthy": null
              }
            ],
            "target_group_health": [
              {
                "dns_failover": [
                  {
                    "minimum_healthy_targets_count": "1",
                    "minimum_healthy_targets_percentage": "off"
                  }
                ],
                "unhealthy_state_routing": [
                  {
                    "minimum_healthy_targets_count": 1,
                    "minimum_healthy_targets_percentage": "off"
                  }
                ]
              }
            ],
            "target_health_state": [
              {
                "enable_unhealthy_connection_termination": null,
                "unhealthy_draining_interval": null
              }
            ],
            "target_type": "instance",
            "vpc_id": "vpc-01cbeb0cd29c55142"
          },
          "sensitive_attributes": [],
          "identity_schema_version": 0,
          "identity": {
            "arn": "arn:aws:elasticloadbalancing:us-east-1:654362432770:targetgroup/fica-api-gateway-tg-qa/c5c8c9c7c5895a61"
          },
          "private": "bnVsbA==",
          "dependencies": [
            "aws_vpc.fica_vpc"
          ]
        }
      ]
    },
    {
      "module": "module.api_gateway",
      "mode": "managed",
      "type": "aws_security_group",
      "name": "db_sg",
      "provider": "provider[\"registry.terraform.io/hashicorp/aws\"]",
      "instances": [
        {
          "schema_version": 1,
          "attributes": {
            "arn": "arn:aws:ec2:us-east-1:654362432770:security-group/sg-0f20e9683219af541",
            "description": "Managed by Terraform",
            "egress": [
              {
                "cidr_blocks": [
                  "0.0.0.0/0"
                ],
                "description": "",
                "from_port": 0,
                "ipv6_cidr_blocks": [],
                "prefix_list_ids": [],
                "protocol": "-1",
                "security_groups": [],
                "self": false,
                "to_port": 0
              }
            ],
            "id": "sg-0f20e9683219af541",
            "ingress": [
              {
                "cidr_blocks": [],
                "description": "",
                "from_port": 27017,
                "ipv6_cidr_blocks": [],
                "prefix_list_ids": [],
                "protocol": "tcp",
                "security_groups": [
                  "sg-0fd515ba7606a451f"
                ],
                "self": false,
                "to_port": 27017
              },
              {
                "cidr_blocks": [],
                "description": "",
                "from_port": 5432,
                "ipv6_cidr_blocks": [],
                "prefix_list_ids": [],
                "protocol": "tcp",
                "security_groups": [
                  "sg-0fd515ba7606a451f"
                ],
                "self": false,
                "to_port": 5432
              },
              {
                "cidr_blocks": [],
                "description": "",
                "from_port": 5672,
                "ipv6_cidr_blocks": [],
                "prefix_list_ids": [],
                "protocol": "tcp",
                "security_groups": [
                  "sg-0fd515ba7606a451f"
                ],
                "self": false,
                "to_port": 5672
              },
              {
                "cidr_blocks": [],
                "description": "",
                "from_port": 6379,
                "ipv6_cidr_blocks": [],
                "prefix_list_ids": [],
                "protocol": "tcp",
                "security_groups": [
                  "sg-0fd515ba7606a451f"
                ],
                "self": false,
                "to_port": 6379
              }
            ],
            "name": "fica-api-gateway-db-sg-qa",
            "name_prefix": "",
            "owner_id": "654362432770",
            "region": "us-east-1",
            "revoke_rules_on_delete": false,
            "tags": {},
            "tags_all": {},
            "timeouts": null,
            "vpc_id": "vpc-01cbeb0cd29c55142"
          },
          "sensitive_attributes": [],
          "identity_schema_version": 0,
          "identity": {
            "account_id": "654362432770",
            "id": "sg-0f20e9683219af541",
            "region": "us-east-1"
          },
          "private": "eyJlMmJmYjczMC1lY2FhLTExZTYtOGY4OC0zNDM2M2JjN2M0YzAiOnsiY3JlYXRlIjo2MDAwMDAwMDAwMDAsImRlbGV0ZSI6OTAwMDAwMDAwMDAwfSwic2NoZW1hX3ZlcnNpb24iOiIxIn0=",
          "dependencies": [
            "aws_security_group.fica_sg",
            "aws_vpc.fica_vpc"
          ]
        }
      ]
    },
    {
      "module": "module.assignment_service",
      "mode": "managed",
      "type": "aws_autoscaling_group",
      "name": "asg",
      "provider": "provider[\"registry.terraform.io/hashicorp/aws\"]",
      "instances": [
        {
          "schema_version": 1,
          "attributes": {
            "arn": "arn:aws:autoscaling:us-east-1:654362432770:autoScalingGroup:82bf8a89-0000-42c5-80c3-d5d6ccdf4514:autoScalingGroupName/fica-assignment-asg-qa",
            "availability_zone_distribution": [
              {
                "capacity_distribution_strategy": "balanced-best-effort"
              }
            ],
            "availability_zones": [
              "us-east-1a",
              "us-east-1b"
            ],
            "capacity_rebalance": false,
            "capacity_reservation_specification": [
              {
                "capacity_reservation_preference": "default",
                "capacity_reservation_target": []
              }
            ],
            "context": "",
            "default_cooldown": 300,
            "default_instance_warmup": 0,
            "desired_capacity": 2,
            "desired_capacity_type": "",
            "enabled_metrics": [],
            "force_delete": false,
            "force_delete_warm_pool": false,
            "health_check_grace_period": 300,
            "health_check_type": "EC2",
            "id": "fica-assignment-asg-qa",
            "ignore_failed_scaling_activities": false,
            "initial_lifecycle_hook": [],
            "instance_maintenance_policy": [],
            "instance_refresh": [],
            "launch_configuration": "",
            "launch_template": [
              {
                "id": "lt-089405d395997d532",
                "name": "fica-assignment-node-fbba8d748cfdfcbc3f74e325eb",
                "version": "$Latest"
              }
            ],
            "load_balancers": [],
            "max_instance_lifetime": 0,
            "max_size": 2,
            "metrics_granularity": "1Minute",
            "min_elb_capacity": null,
            "min_size": 2,
            "mixed_instances_policy": [],
            "name": "fica-assignment-asg-qa",
            "name_prefix": "",
            "placement_group": "",
            "predicted_capacity": 0,
            "protect_from_scale_in": false,
            "region": "us-east-1",
            "service_linked_role_arn": "arn:aws:iam::654362432770:role/aws-service-role/autoscaling.amazonaws.com/AWSServiceRoleForAutoScaling",
            "suspended_processes": [],
            "tag": [
              {
                "key": "Name",
                "propagate_at_launch": true,
                "value": "fica-assignment-node-qa"
              }
            ],
            "target_group_arns": [
              "arn:aws:elasticloadbalancing:us-east-1:654362432770:targetgroup/fica-assignment-tg-qa/ebe2df39bab86313"
            ],
            "termination_policies": [],
            "timeouts": null,
            "traffic_source": [
              {
                "identifier": "arn:aws:elasticloadbalancing:us-east-1:654362432770:targetgroup/fica-assignment-tg-qa/ebe2df39bab86313",
                "type": "elbv2"
              }
            ],
            "vpc_zone_identifier": [
              "subnet-07963a84d5fdbd607",
              "subnet-0fd4c84cabda00237"
            ],
            "wait_for_capacity_timeout": "10m",
            "wait_for_elb_capacity": null,
            "warm_pool": [],
            "warm_pool_size": 0
          },
          "sensitive_attributes": [],
          "identity_schema_version": 0,
          "identity": {
            "account_id": "654362432770",
            "name": "fica-assignment-asg-qa",
            "region": "us-east-1"
          },
          "private": "eyJlMmJmYjczMC1lY2FhLTExZTYtOGY4OC0zNDM2M2JjN2M0YzAiOnsiZGVsZXRlIjo2MDAwMDAwMDAwMDAsInVwZGF0ZSI6NjAwMDAwMDAwMDAwfSwic2NoZW1hX3ZlcnNpb24iOiIxIn0=",
          "dependencies": [
            "aws_security_group.fica_sg",
            "aws_subnet.fica_subnet_a",
            "aws_subnet.fica_subnet_b",
            "aws_vpc.fica_vpc",
            "data.aws_ami.ubuntu",
            "module.assignment_service.aws_db_instance.microservice_db",
            "module.assignment_service.aws_db_subnet_group.db_subnet_group",
            "module.assignment_service.aws_elasticache_cluster.redis",
            "module.assignment_service.aws_elasticache_subnet_group.redis_subnet",
            "module.assignment_service.aws_launch_template.lt",
            "module.assignment_service.aws_lb_target_group.tg",
            "module.assignment_service.aws_security_group.db_sg"
          ]
        }
      ]
    },
    {
      "module": "module.assignment_service",
      "mode": "managed",
      "type": "aws_db_instance",
      "name": "microservice_db",
      "provider": "provider[\"registry.terraform.io/hashicorp/aws\"]",
      "instances": [
        {
          "index_key": 0,
          "schema_version": 2,
          "attributes": {
            "address": "fica-assignment-db-qa.czzfmxuahkee.us-east-1.rds.amazonaws.com",
            "allocated_storage": 20,
            "allow_major_version_upgrade": null,
            "apply_immediately": false,
            "arn": "arn:aws:rds:us-east-1:654362432770:db:fica-assignment-db-qa",
            "auto_minor_version_upgrade": true,
            "availability_zone": "us-east-1b",
            "backup_retention_period": 0,
            "backup_target": "region",
            "backup_window": "04:49-05:19",
            "blue_green_update": [],
            "ca_cert_identifier": "rds-ca-rsa2048-g1",
            "character_set_name": "",
            "copy_tags_to_snapshot": false,
            "custom_iam_instance_profile": "",
            "customer_owned_ip_enabled": false,
            "database_insights_mode": "standard",
            "db_name": "ficajudge_qa",
            "db_subnet_group_name": "fica-assignment-db-subnet-qa",
            "dedicated_log_volume": false,
            "delete_automated_backups": true,
            "deletion_protection": false,
            "domain": "",
            "domain_auth_secret_arn": "",
            "domain_dns_ips": [],
            "domain_fqdn": "",
            "domain_iam_role_name": "",
            "domain_ou": "",
            "enabled_cloudwatch_logs_exports": [],
            "endpoint": "fica-assignment-db-qa.czzfmxuahkee.us-east-1.rds.amazonaws.com:5432",
            "engine": "postgres",
            "engine_lifecycle_support": "open-source-rds-extended-support",
            "engine_version": "15",
            "engine_version_actual": "15.17",
            "final_snapshot_identifier": null,
            "hosted_zone_id": "Z2R2ITUGPM61AM",
            "iam_database_authentication_enabled": false,
            "id": "db-BJSJCZZG6YFSKKCGMA4A7DMLEU",
            "identifier": "fica-assignment-db-qa",
            "identifier_prefix": "",
            "instance_class": "db.t3.micro",
            "iops": 0,
            "kms_key_id": "",
            "latest_restorable_time": "",
            "license_model": "postgresql-license",
            "listener_endpoint": [],
            "maintenance_window": "sat:06:51-sat:07:21",
            "manage_master_user_password": null,
            "master_user_secret": [],
            "master_user_secret_kms_key_id": null,
            "max_allocated_storage": 0,
            "monitoring_interval": 0,
            "monitoring_role_arn": "",
            "multi_az": false,
            "nchar_character_set_name": "",
            "network_type": "IPV4",
            "option_group_name": "default:postgres-15",
            "parameter_group_name": "default.postgres15",
            "password": "FicaJudge2026QA",
            "password_wo": null,
            "password_wo_version": null,
            "performance_insights_enabled": false,
            "performance_insights_kms_key_id": "",
            "performance_insights_retention_period": 0,
            "port": 5432,
            "publicly_accessible": false,
            "region": "us-east-1",
            "replica_mode": "",
            "replicas": [],
            "replicate_source_db": "",
            "resource_id": "db-BJSJCZZG6YFSKKCGMA4A7DMLEU",
            "restore_to_point_in_time": [],
            "s3_import": [],
            "skip_final_snapshot": true,
            "snapshot_identifier": null,
            "status": "available",
            "storage_encrypted": false,
            "storage_throughput": 0,
            "storage_type": "gp2",
            "tags": {},
            "tags_all": {},
            "timeouts": null,
            "timezone": "",
            "upgrade_rollout_order": "second",
            "upgrade_storage_config": null,
            "username": "fica_admin",
            "vpc_security_group_ids": [
              "sg-073698f59c091c0b9"
            ]
          },
          "sensitive_attributes": [
            [
              {
                "type": "get_attr",
                "value": "password"
              }
            ],
            [
              {
                "type": "get_attr",
                "value": "password_wo"
              }
            ]
          ],
          "identity_schema_version": 0,
          "private": "eyJlMmJmYjczMC1lY2FhLTExZTYtOGY4OC0zNDM2M2JjN2M0YzAiOnsiY3JlYXRlIjozMDAwMDAwMDAwMDAwLCJkZWxldGUiOjM2MDAwMDAwMDAwMDAsInVwZGF0ZSI6NDgwMDAwMDAwMDAwMH0sInNjaGVtYV92ZXJzaW9uIjoiMiJ9",
          "dependencies": [
            "aws_security_group.fica_sg",
            "aws_subnet.fica_subnet_a",
            "aws_subnet.fica_subnet_b",
            "aws_vpc.fica_vpc",
            "module.assignment_service.aws_db_subnet_group.db_subnet_group",
            "module.assignment_service.aws_security_group.db_sg"
          ]
        }
      ]
    },
    {
      "module": "module.assignment_service",
      "mode": "managed",
      "type": "aws_db_subnet_group",
      "name": "db_subnet_group",
      "provider": "provider[\"registry.terraform.io/hashicorp/aws\"]",
      "instances": [
        {
          "schema_version": 0,
          "attributes": {
            "arn": "arn:aws:rds:us-east-1:654362432770:subgrp:fica-assignment-db-subnet-qa",
            "description": "Managed by Terraform",
            "id": "fica-assignment-db-subnet-qa",
            "name": "fica-assignment-db-subnet-qa",
            "name_prefix": "",
            "region": "us-east-1",
            "subnet_ids": [
              "subnet-07963a84d5fdbd607",
              "subnet-0fd4c84cabda00237"
            ],
            "supported_network_types": [
              "IPV4"
            ],
            "tags": {},
            "tags_all": {},
            "vpc_id": "vpc-01cbeb0cd29c55142"
          },
          "sensitive_attributes": [],
          "identity_schema_version": 0,
          "identity": {
            "account_id": "654362432770",
            "name": "fica-assignment-db-subnet-qa",
            "region": "us-east-1"
          },
          "private": "bnVsbA==",
          "dependencies": [
            "aws_subnet.fica_subnet_a",
            "aws_subnet.fica_subnet_b",
            "aws_vpc.fica_vpc"
          ]
        }
      ]
    },
    {
      "module": "module.assignment_service",
      "mode": "managed",
      "type": "aws_elasticache_cluster",
      "name": "redis",
      "provider": "provider[\"registry.terraform.io/hashicorp/aws\"]",
      "instances": []
    },
    {
      "module": "module.assignment_service",
      "mode": "managed",
      "type": "aws_elasticache_subnet_group",
      "name": "redis_subnet",
      "provider": "provider[\"registry.terraform.io/hashicorp/aws\"]",
      "instances": []
    },
    {
      "module": "module.assignment_service",
      "mode": "managed",
      "type": "aws_launch_template",
      "name": "lt",
      "provider": "provider[\"registry.terraform.io/hashicorp/aws\"]",
      "instances": [
        {
          "schema_version": 1,
          "attributes": {
            "arn": "arn:aws:ec2:us-east-1:654362432770:launch-template/lt-089405d395997d532",
            "block_device_mappings": [],
            "capacity_reservation_specification": [],
            "cpu_options": [],
            "credit_specification": [],
            "default_version": 1,
            "description": "",
            "disable_api_stop": false,
            "disable_api_termination": false,
            "ebs_optimized": "",
            "enclave_options": [],
            "hibernation_options": [],
            "iam_instance_profile": [],
            "id": "lt-089405d395997d532",
            "image_id": "ami-0d28727121d5d4a3c",
            "instance_initiated_shutdown_behavior": "",
            "instance_market_options": [],
            "instance_requirements": [],
            "instance_type": "t3.medium",
            "kernel_id": "",
            "key_name": "",
            "latest_version": 2,
            "license_specification": [],
            "maintenance_options": [],
            "metadata_options": [],
            "monitoring": [],
            "name": "fica-assignment-node-fbba8d748cfdfcbc3f74e325eb",
            "name_prefix": "fica-assignment-node-",
            "network_interfaces": [],
            "network_performance_options": [],
            "placement": [],
            "private_dns_name_options": [],
            "ram_disk_id": "",
            "region": "us-east-1",
            "secondary_interfaces": [],
            "security_group_names": [],
            "tag_specifications": [],
            "tags": {},
            "tags_all": {},
            "update_default_version": null,
            "user_data": "IyEvYmluL2Jhc2gNCmFwdC1nZXQgdXBkYXRlIC15DQphcHQtZ2V0IGluc3RhbGwgLXkgZG9ja2VyLmlvDQpzeXN0ZW1jdGwgc3RhcnQgZG9ja2VyDQpzeXN0ZW1jdGwgZW5hYmxlIGRvY2tlcg0KICAgICAgICAgICAgICANCmV4cG9ydCBSQUJCSVRNUV9VUkw9IiINCmV4cG9ydCBNT05HT19VUkk9IiINCiAgICAgICAgICAgICAgDQojIExldmFudGFyIFJhYmJpdE1RIGxvY2FsbWVudGUgc2kgc2UgcmVxdWllcmUNCmlmIFsgImZhbHNlIiA9PSAidHJ1ZSIgXTsgdGhlbg0KICBkb2NrZXIgcnVuIC1kIC1wIDU2NzI6NTY3MiAtcCAxNTY3MjoxNTY3MiAtLW5hbWUgZmljYS1yYWJiaXRtcSAtLXJlc3RhcnQgdW5sZXNzLXN0b3BwZWQgcmFiYml0bXE6My1tYW5hZ2VtZW50DQogIGV4cG9ydCBSQUJCSVRNUV9VUkw9ImFtcXA6Ly9ndWVzdDpndWVzdEAxNzIuMTcuMC4xOjU2NzIiDQpmaQ0KDQojIExldmFudGFyIE1vbmdvREIgbG9jYWxtZW50ZSBzaSBzZSByZXF1aWVyZQ0KaWYgWyAiZmFsc2UiID09ICJ0cnVlIiBdOyB0aGVuDQogIGRvY2tlciBydW4gLWQgLXAgMjcwMTc6MjcwMTcgLWUgTU9OR09fSU5JVERCX1JPT1RfVVNFUk5BTUU9ImZpY2FfYWRtaW4iIC1lIE1PTkdPX0lOSVREQl9ST09UX1BBU1NXT1JEPSJGaWNhSnVkZ2UyMDI2UUEiIC0tbmFtZSBmaWNhLW1vbmdvZGIgLS1yZXN0YXJ0IHVubGVzcy1zdG9wcGVkIG1vbmdvOmxhdGVzdA0KICBleHBvcnQgTU9OR09fVVJJPSJtb25nb2RiOi8vZmljYV9hZG1pbjpGaWNhSnVkZ2UyMDI2UUFAMTcyLjE3LjAuMToyNzAxNy9maWNhanVkZ2VfcWE/YXV0aFNvdXJjZT1hZG1pbiINCmZpDQogICAgICAgICAgICAgIA0KIyBDb3JyZXIgZWwgY29udGVuZWRvciBkZSBOb2RlIG1hcGVhbmRvIGxhcyBjb25leGlvbmVzIGRpbsOhbWljYW1lbnRlDQpkb2NrZXIgcnVuIC1kIC1wIDMwMDU6MzAwNSAtLW5hbWUgZmljYS1hc3NpZ25tZW50LXNlcnZpY2UgLS1yZXN0YXJ0IHVubGVzcy1zdG9wcGVkIFwNCiAgLWUgREJfSE9TVD0iZmljYS1hc3NpZ25tZW50LWRiLXFhLmN6emZteHVhaGtlZS51cy1lYXN0LTEucmRzLmFtYXpvbmF3cy5jb20iIFwNCiAgLWUgREJfUE9SVD01NDMyIFwNCiAgLWUgREJfVVNFUk5BTUU9ImZpY2FfYWRtaW4iIFwNCiAgLWUgREJfUEFTU1dPUkQ9IkZpY2FKdWRnZTIwMjZRQSIgXA0KICAtZSBEQl9OQU1FPSJmaWNhanVkZ2VfcWEiIFwNCiAgLWUgTU9OR09fVVJJPSIkTU9OR09fVVJJIiBcDQogIC1lIFJFRElTX0hPU1Q9IiIgXA0KICAtZSBSRURJU19QT1JUPTYzNzkgXA0KICAtZSBSQUJCSVRNUV9VUkw9IiRSQUJCSVRNUV9VUkwiIFwNCiAgLWUgUE9SVD0zMDA1IFwNCiAgeHhhdnl4MzgvYXNzaWdubWVudC1zZXJ2aWNlOmxhdGVzdA0K",
            "vpc_security_group_ids": [
              "sg-0fd515ba7606a451f"
            ]
          },
          "sensitive_attributes": [
            [
              {
                "type": "get_attr",
                "value": "user_data"
              }
            ]
          ],
          "identity_schema_version": 0,
          "identity": {
            "account_id": "654362432770",
            "id": "lt-089405d395997d532",
            "region": "us-east-1"
          },
          "private": "eyJzY2hlbWFfdmVyc2lvbiI6IjEifQ==",
          "dependencies": [
            "aws_security_group.fica_sg",
            "aws_subnet.fica_subnet_a",
            "aws_subnet.fica_subnet_b",
            "aws_vpc.fica_vpc",
            "data.aws_ami.ubuntu",
            "module.assignment_service.aws_db_instance.microservice_db",
            "module.assignment_service.aws_db_subnet_group.db_subnet_group",
            "module.assignment_service.aws_elasticache_cluster.redis",
            "module.assignment_service.aws_elasticache_subnet_group.redis_subnet",
            "module.assignment_service.aws_security_group.db_sg"
          ]
        }
      ]
    },
    {
      "module": "module.assignment_service",
      "mode": "managed",
      "type": "aws_lb",
      "name": "alb",
      "provider": "provider[\"registry.terraform.io/hashicorp/aws\"]",
      "instances": [
        {
          "schema_version": 0,
          "attributes": {
            "access_logs": [
              {
                "bucket": "",
                "enabled": false,
                "prefix": ""
              }
            ],
            "arn": "arn:aws:elasticloadbalancing:us-east-1:654362432770:loadbalancer/app/fica-assignment-alb-qa/b9c0f84bb2cffdc1",
            "arn_suffix": "app/fica-assignment-alb-qa/b9c0f84bb2cffdc1",
            "client_keep_alive": 3600,
            "connection_logs": [
              {
                "bucket": "",
                "enabled": false,
                "prefix": ""
              }
            ],
            "customer_owned_ipv4_pool": "",
            "desync_mitigation_mode": "defensive",
            "dns_name": "fica-assignment-alb-qa-1763760823.us-east-1.elb.amazonaws.com",
            "dns_record_client_routing_policy": null,
            "drop_invalid_header_fields": false,
            "enable_cross_zone_load_balancing": true,
            "enable_deletion_protection": false,
            "enable_http2": true,
            "enable_prefix_for_ipv6_source_nat": "off",
            "enable_tls_version_and_cipher_suite_headers": false,
            "enable_waf_fail_open": false,
            "enable_xff_client_port": false,
            "enable_zonal_shift": false,
            "enforce_security_group_inbound_rules_on_private_link_traffic": "",
            "health_check_logs": [
              {
                "bucket": "",
                "enabled": false,
                "prefix": ""
              }
            ],
            "id": "arn:aws:elasticloadbalancing:us-east-1:654362432770:loadbalancer/app/fica-assignment-alb-qa/b9c0f84bb2cffdc1",
            "idle_timeout": 60,
            "internal": false,
            "ip_address_type": "ipv4",
            "ipam_pools": [],
            "load_balancer_type": "application",
            "minimum_load_balancer_capacity": [],
            "name": "fica-assignment-alb-qa",
            "name_prefix": "",
            "preserve_host_header": false,
            "region": "us-east-1",
            "secondary_ips_auto_assigned_per_subnet": null,
            "security_groups": [
              "sg-0fd515ba7606a451f"
            ],
            "subnet_mapping": [
              {
                "allocation_id": "",
                "ipv6_address": "",
                "outpost_id": "",
                "private_ipv4_address": "",
                "subnet_id": "subnet-07963a84d5fdbd607"
              },
              {
                "allocation_id": "",
                "ipv6_address": "",
                "outpost_id": "",
                "private_ipv4_address": "",
                "subnet_id": "subnet-0fd4c84cabda00237"
              }
            ],
            "subnets": [
              "subnet-07963a84d5fdbd607",
              "subnet-0fd4c84cabda00237"
            ],
            "tags": {},
            "tags_all": {},
            "timeouts": null,
            "vpc_id": "vpc-01cbeb0cd29c55142",
            "xff_header_processing_mode": "append",
            "zone_id": "Z35SXDOTRQ7X7K"
          },
          "sensitive_attributes": [],
          "identity_schema_version": 0,
          "identity": {
            "arn": "arn:aws:elasticloadbalancing:us-east-1:654362432770:loadbalancer/app/fica-assignment-alb-qa/b9c0f84bb2cffdc1"
          },
          "private": "eyJlMmJmYjczMC1lY2FhLTExZTYtOGY4OC0zNDM2M2JjN2M0YzAiOnsiY3JlYXRlIjo2MDAwMDAwMDAwMDAsImRlbGV0ZSI6NjAwMDAwMDAwMDAwLCJ1cGRhdGUiOjYwMDAwMDAwMDAwMH19",
          "dependencies": [
            "aws_security_group.fica_sg",
            "aws_subnet.fica_subnet_a",
            "aws_subnet.fica_subnet_b",
            "aws_vpc.fica_vpc"
          ]
        }
      ]
    },
    {
      "module": "module.assignment_service",
      "mode": "managed",
      "type": "aws_lb_listener",
      "name": "listener",
      "provider": "provider[\"registry.terraform.io/hashicorp/aws\"]",
      "instances": [
        {
          "schema_version": 0,
          "attributes": {
            "alpn_policy": null,
            "arn": "arn:aws:elasticloadbalancing:us-east-1:654362432770:listener/app/fica-assignment-alb-qa/b9c0f84bb2cffdc1/4635aa337b08cd46",
            "certificate_arn": null,
            "default_action": [
              {
                "authenticate_cognito": [],
                "authenticate_oidc": [],
                "fixed_response": [],
                "forward": [],
                "jwt_validation": [],
                "order": 1,
                "redirect": [],
                "target_group_arn": "arn:aws:elasticloadbalancing:us-east-1:654362432770:targetgroup/fica-assignment-tg-qa/ebe2df39bab86313",
                "type": "forward"
              }
            ],
            "id": "arn:aws:elasticloadbalancing:us-east-1:654362432770:listener/app/fica-assignment-alb-qa/b9c0f84bb2cffdc1/4635aa337b08cd46",
            "load_balancer_arn": "arn:aws:elasticloadbalancing:us-east-1:654362432770:loadbalancer/app/fica-assignment-alb-qa/b9c0f84bb2cffdc1",
            "mutual_authentication": [],
            "port": 80,
            "protocol": "HTTP",
            "region": "us-east-1",
            "routing_http_request_x_amzn_mtls_clientcert_header_name": null,
            "routing_http_request_x_amzn_mtls_clientcert_issuer_header_name": null,
            "routing_http_request_x_amzn_mtls_clientcert_leaf_header_name": null,
            "routing_http_request_x_amzn_mtls_clientcert_serial_number_header_name": null,
            "routing_http_request_x_amzn_mtls_clientcert_subject_header_name": null,
            "routing_http_request_x_amzn_mtls_clientcert_validity_header_name": null,
            "routing_http_request_x_amzn_tls_cipher_suite_header_name": null,
            "routing_http_request_x_amzn_tls_version_header_name": null,
            "routing_http_response_access_control_allow_credentials_header_value": "",
            "routing_http_response_access_control_allow_headers_header_value": "",
            "routing_http_response_access_control_allow_methods_header_value": "",
            "routing_http_response_access_control_allow_origin_header_value": "",
            "routing_http_response_access_control_expose_headers_header_value": "",
            "routing_http_response_access_control_max_age_header_value": "",
            "routing_http_response_content_security_policy_header_value": "",
            "routing_http_response_server_enabled": true,
            "routing_http_response_strict_transport_security_header_value": "",
            "routing_http_response_x_content_type_options_header_value": "",
            "routing_http_response_x_frame_options_header_value": "",
            "ssl_policy": "",
            "tags": {},
            "tags_all": {},
            "tcp_idle_timeout_seconds": null,
            "timeouts": null
          },
          "sensitive_attributes": [],
          "identity_schema_version": 0,
          "identity": {
            "arn": "arn:aws:elasticloadbalancing:us-east-1:654362432770:listener/app/fica-assignment-alb-qa/b9c0f84bb2cffdc1/4635aa337b08cd46"
          },
          "private": "eyJlMmJmYjczMC1lY2FhLTExZTYtOGY4OC0zNDM2M2JjN2M0YzAiOnsiY3JlYXRlIjozMDAwMDAwMDAwMDAsInVwZGF0ZSI6MzAwMDAwMDAwMDAwfX0=",
          "dependencies": [
            "aws_security_group.fica_sg",
            "aws_subnet.fica_subnet_a",
            "aws_subnet.fica_subnet_b",
            "aws_vpc.fica_vpc",
            "module.assignment_service.aws_lb.alb",
            "module.assignment_service.aws_lb_target_group.tg"
          ]
        }
      ]
    },
    {
      "module": "module.assignment_service",
      "mode": "managed",
      "type": "aws_lb_target_group",
      "name": "tg",
      "provider": "provider[\"registry.terraform.io/hashicorp/aws\"]",
      "instances": [
        {
          "schema_version": 0,
          "attributes": {
            "arn": "arn:aws:elasticloadbalancing:us-east-1:654362432770:targetgroup/fica-assignment-tg-qa/ebe2df39bab86313",
            "arn_suffix": "targetgroup/fica-assignment-tg-qa/ebe2df39bab86313",
            "connection_termination": null,
            "deregistration_delay": "300",
            "health_check": [
              {
                "enabled": true,
                "healthy_threshold": 2,
                "interval": 30,
                "matcher": "200",
                "path": "/",
                "port": "3005",
                "protocol": "HTTP",
                "timeout": 3,
                "unhealthy_threshold": 2
              }
            ],
            "id": "arn:aws:elasticloadbalancing:us-east-1:654362432770:targetgroup/fica-assignment-tg-qa/ebe2df39bab86313",
            "ip_address_type": "ipv4",
            "lambda_multi_value_headers_enabled": false,
            "load_balancer_arns": [
              "arn:aws:elasticloadbalancing:us-east-1:654362432770:loadbalancer/app/fica-assignment-alb-qa/b9c0f84bb2cffdc1"
            ],
            "load_balancing_algorithm_type": "round_robin",
            "load_balancing_anomaly_mitigation": "off",
            "load_balancing_cross_zone_enabled": "use_load_balancer_configuration",
            "name": "fica-assignment-tg-qa",
            "name_prefix": "",
            "port": 3005,
            "preserve_client_ip": null,
            "protocol": "HTTP",
            "protocol_version": "HTTP1",
            "proxy_protocol_v2": false,
            "region": "us-east-1",
            "slow_start": 0,
            "stickiness": [
              {
                "cookie_duration": 86400,
                "cookie_name": "",
                "enabled": false,
                "type": "lb_cookie"
              }
            ],
            "tags": {},
            "tags_all": {},
            "target_control_port": 0,
            "target_failover": [
              {
                "on_deregistration": null,
                "on_unhealthy": null
              }
            ],
            "target_group_health": [
              {
                "dns_failover": [
                  {
                    "minimum_healthy_targets_count": "1",
                    "minimum_healthy_targets_percentage": "off"
                  }
                ],
                "unhealthy_state_routing": [
                  {
                    "minimum_healthy_targets_count": 1,
                    "minimum_healthy_targets_percentage": "off"
                  }
                ]
              }
            ],
            "target_health_state": [
              {
                "enable_unhealthy_connection_termination": null,
                "unhealthy_draining_interval": null
              }
            ],
            "target_type": "instance",
            "vpc_id": "vpc-01cbeb0cd29c55142"
          },
          "sensitive_attributes": [],
          "identity_schema_version": 0,
          "identity": {
            "arn": "arn:aws:elasticloadbalancing:us-east-1:654362432770:targetgroup/fica-assignment-tg-qa/ebe2df39bab86313"
          },
          "private": "bnVsbA==",
          "dependencies": [
            "aws_vpc.fica_vpc"
          ]
        }
      ]
    },
    {
      "module": "module.assignment_service",
      "mode": "managed",
      "type": "aws_security_group",
      "name": "db_sg",
      "provider": "provider[\"registry.terraform.io/hashicorp/aws\"]",
      "instances": [
        {
          "schema_version": 1,
          "attributes": {
            "arn": "arn:aws:ec2:us-east-1:654362432770:security-group/sg-073698f59c091c0b9",
            "description": "Managed by Terraform",
            "egress": [
              {
                "cidr_blocks": [
                  "0.0.0.0/0"
                ],
                "description": "",
                "from_port": 0,
                "ipv6_cidr_blocks": [],
                "prefix_list_ids": [],
                "protocol": "-1",
                "security_groups": [],
                "self": false,
                "to_port": 0
              }
            ],
            "id": "sg-073698f59c091c0b9",
            "ingress": [
              {
                "cidr_blocks": [],
                "description": "",
                "from_port": 27017,
                "ipv6_cidr_blocks": [],
                "prefix_list_ids": [],
                "protocol": "tcp",
                "security_groups": [
                  "sg-0fd515ba7606a451f"
                ],
                "self": false,
                "to_port": 27017
              },
              {
                "cidr_blocks": [],
                "description": "",
                "from_port": 5432,
                "ipv6_cidr_blocks": [],
                "prefix_list_ids": [],
                "protocol": "tcp",
                "security_groups": [
                  "sg-0fd515ba7606a451f"
                ],
                "self": false,
                "to_port": 5432
              },
              {
                "cidr_blocks": [],
                "description": "",
                "from_port": 5672,
                "ipv6_cidr_blocks": [],
                "prefix_list_ids": [],
                "protocol": "tcp",
                "security_groups": [
                  "sg-0fd515ba7606a451f"
                ],
                "self": false,
                "to_port": 5672
              },
              {
                "cidr_blocks": [],
                "description": "",
                "from_port": 6379,
                "ipv6_cidr_blocks": [],
                "prefix_list_ids": [],
                "protocol": "tcp",
                "security_groups": [
                  "sg-0fd515ba7606a451f"
                ],
                "self": false,
                "to_port": 6379
              }
            ],
            "name": "fica-assignment-db-sg-qa",
            "name_prefix": "",
            "owner_id": "654362432770",
            "region": "us-east-1",
            "revoke_rules_on_delete": false,
            "tags": {},
            "tags_all": {},
            "timeouts": null,
            "vpc_id": "vpc-01cbeb0cd29c55142"
          },
          "sensitive_attributes": [],
          "identity_schema_version": 0,
          "identity": {
            "account_id": "654362432770",
            "id": "sg-073698f59c091c0b9",
            "region": "us-east-1"
          },
          "private": "eyJlMmJmYjczMC1lY2FhLTExZTYtOGY4OC0zNDM2M2JjN2M0YzAiOnsiY3JlYXRlIjo2MDAwMDAwMDAwMDAsImRlbGV0ZSI6OTAwMDAwMDAwMDAwfSwic2NoZW1hX3ZlcnNpb24iOiIxIn0=",
          "dependencies": [
            "aws_security_group.fica_sg",
            "aws_vpc.fica_vpc"
          ]
        }
      ]
    },
    {
      "module": "module.catalog_service",
      "mode": "managed",
      "type": "aws_autoscaling_group",
      "name": "asg",
      "provider": "provider[\"registry.terraform.io/hashicorp/aws\"]",
      "instances": [
        {
          "schema_version": 1,
          "attributes": {
            "arn": "arn:aws:autoscaling:us-east-1:654362432770:autoScalingGroup:3ca381ad-875c-43bc-8dc0-7538e484ea4d:autoScalingGroupName/fica-catalog-asg-qa",
            "availability_zone_distribution": [
              {
                "capacity_distribution_strategy": "balanced-best-effort"
              }
            ],
            "availability_zones": [
              "us-east-1a",
              "us-east-1b"
            ],
            "capacity_rebalance": false,
            "capacity_reservation_specification": [
              {
                "capacity_reservation_preference": "default",
                "capacity_reservation_target": []
              }
            ],
            "context": "",
            "default_cooldown": 300,
            "default_instance_warmup": 0,
            "desired_capacity": 2,
            "desired_capacity_type": "",
            "enabled_metrics": [],
            "force_delete": false,
            "force_delete_warm_pool": false,
            "health_check_grace_period": 300,
            "health_check_type": "EC2",
            "id": "fica-catalog-asg-qa",
            "ignore_failed_scaling_activities": false,
            "initial_lifecycle_hook": [],
            "instance_maintenance_policy": [],
            "instance_refresh": [],
            "launch_configuration": "",
            "launch_template": [
              {
                "id": "lt-0f340a40bc18c2ae8",
                "name": "fica-catalog-node-cb83b76bbf154ed52a50f3d080",
                "version": "$Latest"
              }
            ],
            "load_balancers": [],
            "max_instance_lifetime": 0,
            "max_size": 2,
            "metrics_granularity": "1Minute",
            "min_elb_capacity": null,
            "min_size": 2,
            "mixed_instances_policy": [],
            "name": "fica-catalog-asg-qa",
            "name_prefix": "",
            "placement_group": "",
            "predicted_capacity": 0,
            "protect_from_scale_in": false,
            "region": "us-east-1",
            "service_linked_role_arn": "arn:aws:iam::654362432770:role/aws-service-role/autoscaling.amazonaws.com/AWSServiceRoleForAutoScaling",
            "suspended_processes": [],
            "tag": [
              {
                "key": "Name",
                "propagate_at_launch": true,
                "value": "fica-catalog-node-qa"
              }
            ],
            "target_group_arns": [
              "arn:aws:elasticloadbalancing:us-east-1:654362432770:targetgroup/fica-catalog-tg-qa/8f93511dede8e6ad"
            ],
            "termination_policies": [],
            "timeouts": null,
            "traffic_source": [
              {
                "identifier": "arn:aws:elasticloadbalancing:us-east-1:654362432770:targetgroup/fica-catalog-tg-qa/8f93511dede8e6ad",
                "type": "elbv2"
              }
            ],
            "vpc_zone_identifier": [
              "subnet-07963a84d5fdbd607",
              "subnet-0fd4c84cabda00237"
            ],
            "wait_for_capacity_timeout": "10m",
            "wait_for_elb_capacity": null,
            "warm_pool": [],
            "warm_pool_size": 0
          },
          "sensitive_attributes": [],
          "identity_schema_version": 0,
          "identity": {
            "account_id": "654362432770",
            "name": "fica-catalog-asg-qa",
            "region": "us-east-1"
          },
          "private": "eyJlMmJmYjczMC1lY2FhLTExZTYtOGY4OC0zNDM2M2JjN2M0YzAiOnsiZGVsZXRlIjo2MDAwMDAwMDAwMDAsInVwZGF0ZSI6NjAwMDAwMDAwMDAwfSwic2NoZW1hX3ZlcnNpb24iOiIxIn0=",
          "dependencies": [
            "aws_security_group.fica_sg",
            "aws_subnet.fica_subnet_a",
            "aws_subnet.fica_subnet_b",
            "aws_vpc.fica_vpc",
            "data.aws_ami.ubuntu",
            "module.catalog_service.aws_db_instance.microservice_db",
            "module.catalog_service.aws_db_subnet_group.db_subnet_group",
            "module.catalog_service.aws_elasticache_cluster.redis",
            "module.catalog_service.aws_elasticache_subnet_group.redis_subnet",
            "module.catalog_service.aws_launch_template.lt",
            "module.catalog_service.aws_lb_target_group.tg",
            "module.catalog_service.aws_security_group.db_sg"
          ]
        }
      ]
    },
    {
      "module": "module.catalog_service",
      "mode": "managed",
      "type": "aws_db_instance",
      "name": "microservice_db",
      "provider": "provider[\"registry.terraform.io/hashicorp/aws\"]",
      "instances": []
    },
    {
      "module": "module.catalog_service",
      "mode": "managed",
      "type": "aws_db_subnet_group",
      "name": "db_subnet_group",
      "provider": "provider[\"registry.terraform.io/hashicorp/aws\"]",
      "instances": [
        {
          "schema_version": 0,
          "attributes": {
            "arn": "arn:aws:rds:us-east-1:654362432770:subgrp:fica-catalog-db-subnet-qa",
            "description": "Managed by Terraform",
            "id": "fica-catalog-db-subnet-qa",
            "name": "fica-catalog-db-subnet-qa",
            "name_prefix": "",
            "region": "us-east-1",
            "subnet_ids": [
              "subnet-07963a84d5fdbd607",
              "subnet-0fd4c84cabda00237"
            ],
            "supported_network_types": [
              "IPV4"
            ],
            "tags": {},
            "tags_all": {},
            "vpc_id": "vpc-01cbeb0cd29c55142"
          },
          "sensitive_attributes": [],
          "identity_schema_version": 0,
          "identity": {
            "account_id": "654362432770",
            "name": "fica-catalog-db-subnet-qa",
            "region": "us-east-1"
          },
          "private": "bnVsbA==",
          "dependencies": [
            "aws_subnet.fica_subnet_a",
            "aws_subnet.fica_subnet_b",
            "aws_vpc.fica_vpc"
          ]
        }
      ]
    },
    {
      "module": "module.catalog_service",
      "mode": "managed",
      "type": "aws_elasticache_cluster",
      "name": "redis",
      "provider": "provider[\"registry.terraform.io/hashicorp/aws\"]",
      "instances": []
    },
    {
      "module": "module.catalog_service",
      "mode": "managed",
      "type": "aws_elasticache_subnet_group",
      "name": "redis_subnet",
      "provider": "provider[\"registry.terraform.io/hashicorp/aws\"]",
      "instances": []
    },
    {
      "module": "module.catalog_service",
      "mode": "managed",
      "type": "aws_launch_template",
      "name": "lt",
      "provider": "provider[\"registry.terraform.io/hashicorp/aws\"]",
      "instances": [
        {
          "schema_version": 1,
          "attributes": {
            "arn": "arn:aws:ec2:us-east-1:654362432770:launch-template/lt-0f340a40bc18c2ae8",
            "block_device_mappings": [],
            "capacity_reservation_specification": [],
            "cpu_options": [],
            "credit_specification": [],
            "default_version": 1,
            "description": "",
            "disable_api_stop": false,
            "disable_api_termination": false,
            "ebs_optimized": "",
            "enclave_options": [],
            "hibernation_options": [],
            "iam_instance_profile": [],
            "id": "lt-0f340a40bc18c2ae8",
            "image_id": "ami-0d28727121d5d4a3c",
            "instance_initiated_shutdown_behavior": "",
            "instance_market_options": [],
            "instance_requirements": [],
            "instance_type": "t3.medium",
            "kernel_id": "",
            "key_name": "",
            "latest_version": 2,
            "license_specification": [],
            "maintenance_options": [],
            "metadata_options": [],
            "monitoring": [],
            "name": "fica-catalog-node-cb83b76bbf154ed52a50f3d080",
            "name_prefix": "fica-catalog-node-",
            "network_interfaces": [],
            "network_performance_options": [],
            "placement": [],
            "private_dns_name_options": [],
            "ram_disk_id": "",
            "region": "us-east-1",
            "secondary_interfaces": [],
            "security_group_names": [],
            "tag_specifications": [],
            "tags": {},
            "tags_all": {},
            "update_default_version": null,
            "user_data": "IyEvYmluL2Jhc2gNCmFwdC1nZXQgdXBkYXRlIC15DQphcHQtZ2V0IGluc3RhbGwgLXkgZG9ja2VyLmlvDQpzeXN0ZW1jdGwgc3RhcnQgZG9ja2VyDQpzeXN0ZW1jdGwgZW5hYmxlIGRvY2tlcg0KICAgICAgICAgICAgICANCmV4cG9ydCBSQUJCSVRNUV9VUkw9IiINCmV4cG9ydCBNT05HT19VUkk9IiINCiAgICAgICAgICAgICAgDQojIExldmFudGFyIFJhYmJpdE1RIGxvY2FsbWVudGUgc2kgc2UgcmVxdWllcmUNCmlmIFsgImZhbHNlIiA9PSAidHJ1ZSIgXTsgdGhlbg0KICBkb2NrZXIgcnVuIC1kIC1wIDU2NzI6NTY3MiAtcCAxNTY3MjoxNTY3MiAtLW5hbWUgZmljYS1yYWJiaXRtcSAtLXJlc3RhcnQgdW5sZXNzLXN0b3BwZWQgcmFiYml0bXE6My1tYW5hZ2VtZW50DQogIGV4cG9ydCBSQUJCSVRNUV9VUkw9ImFtcXA6Ly9ndWVzdDpndWVzdEAxNzIuMTcuMC4xOjU2NzIiDQpmaQ0KDQojIExldmFudGFyIE1vbmdvREIgbG9jYWxtZW50ZSBzaSBzZSByZXF1aWVyZQ0KaWYgWyAidHJ1ZSIgPT0gInRydWUiIF07IHRoZW4NCiAgZG9ja2VyIHJ1biAtZCAtcCAyNzAxNzoyNzAxNyAtZSBNT05HT19JTklUREJfUk9PVF9VU0VSTkFNRT0iZmljYV9hZG1pbiIgLWUgTU9OR09fSU5JVERCX1JPT1RfUEFTU1dPUkQ9IkZpY2FKdWRnZTIwMjZRQSIgLS1uYW1lIGZpY2EtbW9uZ29kYiAtLXJlc3RhcnQgdW5sZXNzLXN0b3BwZWQgbW9uZ286bGF0ZXN0DQogIGV4cG9ydCBNT05HT19VUkk9Im1vbmdvZGI6Ly9maWNhX2FkbWluOkZpY2FKdWRnZTIwMjZRQUAxNzIuMTcuMC4xOjI3MDE3L2ZpY2FjYXRhbG9nX3FhP2F1dGhTb3VyY2U9YWRtaW4iDQpmaQ0KICAgICAgICAgICAgICANCiMgQ29ycmVyIGVsIGNvbnRlbmVkb3IgZGUgTm9kZSBtYXBlYW5kbyBsYXMgY29uZXhpb25lcyBkaW7DoW1pY2FtZW50ZQ0KZG9ja2VyIHJ1biAtZCAtcCAzMDAyOjMwMDIgLS1uYW1lIGZpY2EtY2F0YWxvZy1zZXJ2aWNlIC0tcmVzdGFydCB1bmxlc3Mtc3RvcHBlZCBcDQogIC1lIERCX0hPU1Q9IiIgXA0KICAtZSBEQl9QT1JUPTU0MzIgXA0KICAtZSBEQl9VU0VSTkFNRT0iZmljYV9hZG1pbiIgXA0KICAtZSBEQl9QQVNTV09SRD0iRmljYUp1ZGdlMjAyNlFBIiBcDQogIC1lIERCX05BTUU9ImZpY2FjYXRhbG9nX3FhIiBcDQogIC1lIE1PTkdPX1VSST0iJE1PTkdPX1VSSSIgXA0KICAtZSBSRURJU19IT1NUPSIiIFwNCiAgLWUgUkVESVNfUE9SVD02Mzc5IFwNCiAgLWUgUkFCQklUTVFfVVJMPSIkUkFCQklUTVFfVVJMIiBcDQogIC1lIFBPUlQ9MzAwMiBcDQogIHh4YXZ5eDM4L3Byb2JsZW0tY2F0YWxvZy1zZXJ2aWNlOmxhdGVzdA0K",
            "vpc_security_group_ids": [
              "sg-0fd515ba7606a451f"
            ]
          },
          "sensitive_attributes": [
            [
              {
                "type": "get_attr",
                "value": "user_data"
              }
            ]
          ],
          "identity_schema_version": 0,
          "identity": {
            "account_id": "654362432770",
            "id": "lt-0f340a40bc18c2ae8",
            "region": "us-east-1"
          },
          "private": "eyJzY2hlbWFfdmVyc2lvbiI6IjEifQ==",
          "dependencies": [
            "aws_security_group.fica_sg",
            "aws_subnet.fica_subnet_a",
            "aws_subnet.fica_subnet_b",
            "aws_vpc.fica_vpc",
            "data.aws_ami.ubuntu",
            "module.catalog_service.aws_db_instance.microservice_db",
            "module.catalog_service.aws_db_subnet_group.db_subnet_group",
            "module.catalog_service.aws_elasticache_cluster.redis",
            "module.catalog_service.aws_elasticache_subnet_group.redis_subnet",
            "module.catalog_service.aws_security_group.db_sg"
          ]
        }
      ]
    },
    {
      "module": "module.catalog_service",
      "mode": "managed",
      "type": "aws_lb",
      "name": "alb",
      "provider": "provider[\"registry.terraform.io/hashicorp/aws\"]",
      "instances": [
        {
          "schema_version": 0,
          "attributes": {
            "access_logs": [
              {
                "bucket": "",
                "enabled": false,
                "prefix": ""
              }
            ],
            "arn": "arn:aws:elasticloadbalancing:us-east-1:654362432770:loadbalancer/app/fica-catalog-alb-qa/9f535422c0125ed9",
            "arn_suffix": "app/fica-catalog-alb-qa/9f535422c0125ed9",
            "client_keep_alive": 3600,
            "connection_logs": [
              {
                "bucket": "",
                "enabled": false,
                "prefix": ""
              }
            ],
            "customer_owned_ipv4_pool": "",
            "desync_mitigation_mode": "defensive",
            "dns_name": "fica-catalog-alb-qa-1755343106.us-east-1.elb.amazonaws.com",
            "dns_record_client_routing_policy": null,
            "drop_invalid_header_fields": false,
            "enable_cross_zone_load_balancing": true,
            "enable_deletion_protection": false,
            "enable_http2": true,
            "enable_prefix_for_ipv6_source_nat": "off",
            "enable_tls_version_and_cipher_suite_headers": false,
            "enable_waf_fail_open": false,
            "enable_xff_client_port": false,
            "enable_zonal_shift": false,
            "enforce_security_group_inbound_rules_on_private_link_traffic": "",
            "health_check_logs": [
              {
                "bucket": "",
                "enabled": false,
                "prefix": ""
              }
            ],
            "id": "arn:aws:elasticloadbalancing:us-east-1:654362432770:loadbalancer/app/fica-catalog-alb-qa/9f535422c0125ed9",
            "idle_timeout": 60,
            "internal": false,
            "ip_address_type": "ipv4",
            "ipam_pools": [],
            "load_balancer_type": "application",
            "minimum_load_balancer_capacity": [],
            "name": "fica-catalog-alb-qa",
            "name_prefix": "",
            "preserve_host_header": false,
            "region": "us-east-1",
            "secondary_ips_auto_assigned_per_subnet": null,
            "security_groups": [
              "sg-0fd515ba7606a451f"
            ],
            "subnet_mapping": [
              {
                "allocation_id": "",
                "ipv6_address": "",
                "outpost_id": "",
                "private_ipv4_address": "",
                "subnet_id": "subnet-07963a84d5fdbd607"
              },
              {
                "allocation_id": "",
                "ipv6_address": "",
                "outpost_id": "",
                "private_ipv4_address": "",
                "subnet_id": "subnet-0fd4c84cabda00237"
              }
            ],
            "subnets": [
              "subnet-07963a84d5fdbd607",
              "subnet-0fd4c84cabda00237"
            ],
            "tags": {},
            "tags_all": {},
            "timeouts": null,
            "vpc_id": "vpc-01cbeb0cd29c55142",
            "xff_header_processing_mode": "append",
            "zone_id": "Z35SXDOTRQ7X7K"
          },
          "sensitive_attributes": [],
          "identity_schema_version": 0,
          "identity": {
            "arn": "arn:aws:elasticloadbalancing:us-east-1:654362432770:loadbalancer/app/fica-catalog-alb-qa/9f535422c0125ed9"
          },
          "private": "eyJlMmJmYjczMC1lY2FhLTExZTYtOGY4OC0zNDM2M2JjN2M0YzAiOnsiY3JlYXRlIjo2MDAwMDAwMDAwMDAsImRlbGV0ZSI6NjAwMDAwMDAwMDAwLCJ1cGRhdGUiOjYwMDAwMDAwMDAwMH19",
          "dependencies": [
            "aws_security_group.fica_sg",
            "aws_subnet.fica_subnet_a",
            "aws_subnet.fica_subnet_b",
            "aws_vpc.fica_vpc"
          ]
        }
      ]
    },
    {
      "module": "module.catalog_service",
      "mode": "managed",
      "type": "aws_lb_listener",
      "name": "listener",
      "provider": "provider[\"registry.terraform.io/hashicorp/aws\"]",
      "instances": [
        {
          "schema_version": 0,
          "attributes": {
            "alpn_policy": null,
            "arn": "arn:aws:elasticloadbalancing:us-east-1:654362432770:listener/app/fica-catalog-alb-qa/9f535422c0125ed9/33744e8f1fd66006",
            "certificate_arn": null,
            "default_action": [
              {
                "authenticate_cognito": [],
                "authenticate_oidc": [],
                "fixed_response": [],
                "forward": [],
                "jwt_validation": [],
                "order": 1,
                "redirect": [],
                "target_group_arn": "arn:aws:elasticloadbalancing:us-east-1:654362432770:targetgroup/fica-catalog-tg-qa/8f93511dede8e6ad",
                "type": "forward"
              }
            ],
            "id": "arn:aws:elasticloadbalancing:us-east-1:654362432770:listener/app/fica-catalog-alb-qa/9f535422c0125ed9/33744e8f1fd66006",
            "load_balancer_arn": "arn:aws:elasticloadbalancing:us-east-1:654362432770:loadbalancer/app/fica-catalog-alb-qa/9f535422c0125ed9",
            "mutual_authentication": [],
            "port": 80,
            "protocol": "HTTP",
            "region": "us-east-1",
            "routing_http_request_x_amzn_mtls_clientcert_header_name": null,
            "routing_http_request_x_amzn_mtls_clientcert_issuer_header_name": null,
            "routing_http_request_x_amzn_mtls_clientcert_leaf_header_name": null,
            "routing_http_request_x_amzn_mtls_clientcert_serial_number_header_name": null,
            "routing_http_request_x_amzn_mtls_clientcert_subject_header_name": null,
            "routing_http_request_x_amzn_mtls_clientcert_validity_header_name": null,
            "routing_http_request_x_amzn_tls_cipher_suite_header_name": null,
            "routing_http_request_x_amzn_tls_version_header_name": null,
            "routing_http_response_access_control_allow_credentials_header_value": "",
            "routing_http_response_access_control_allow_headers_header_value": "",
            "routing_http_response_access_control_allow_methods_header_value": "",
            "routing_http_response_access_control_allow_origin_header_value": "",
            "routing_http_response_access_control_expose_headers_header_value": "",
            "routing_http_response_access_control_max_age_header_value": "",
            "routing_http_response_content_security_policy_header_value": "",
            "routing_http_response_server_enabled": true,
            "routing_http_response_strict_transport_security_header_value": "",
            "routing_http_response_x_content_type_options_header_value": "",
            "routing_http_response_x_frame_options_header_value": "",
            "ssl_policy": "",
            "tags": {},
            "tags_all": {},
            "tcp_idle_timeout_seconds": null,
            "timeouts": null
          },
          "sensitive_attributes": [],
          "identity_schema_version": 0,
          "identity": {
            "arn": "arn:aws:elasticloadbalancing:us-east-1:654362432770:listener/app/fica-catalog-alb-qa/9f535422c0125ed9/33744e8f1fd66006"
          },
          "private": "eyJlMmJmYjczMC1lY2FhLTExZTYtOGY4OC0zNDM2M2JjN2M0YzAiOnsiY3JlYXRlIjozMDAwMDAwMDAwMDAsInVwZGF0ZSI6MzAwMDAwMDAwMDAwfX0=",
          "dependencies": [
            "aws_security_group.fica_sg",
            "aws_subnet.fica_subnet_a",
            "aws_subnet.fica_subnet_b",
            "aws_vpc.fica_vpc",
            "module.catalog_service.aws_lb.alb",
            "module.catalog_service.aws_lb_target_group.tg"
          ]
        }
      ]
    },
    {
      "module": "module.catalog_service",
      "mode": "managed",
      "type": "aws_lb_target_group",
      "name": "tg",
      "provider": "provider[\"registry.terraform.io/hashicorp/aws\"]",
      "instances": [
        {
          "schema_version": 0,
          "attributes": {
            "arn": "arn:aws:elasticloadbalancing:us-east-1:654362432770:targetgroup/fica-catalog-tg-qa/8f93511dede8e6ad",
            "arn_suffix": "targetgroup/fica-catalog-tg-qa/8f93511dede8e6ad",
            "connection_termination": null,
            "deregistration_delay": "300",
            "health_check": [
              {
                "enabled": true,
                "healthy_threshold": 2,
                "interval": 30,
                "matcher": "200",
                "path": "/",
                "port": "3002",
                "protocol": "HTTP",
                "timeout": 3,
                "unhealthy_threshold": 2
              }
            ],
            "id": "arn:aws:elasticloadbalancing:us-east-1:654362432770:targetgroup/fica-catalog-tg-qa/8f93511dede8e6ad",
            "ip_address_type": "ipv4",
            "lambda_multi_value_headers_enabled": false,
            "load_balancer_arns": [
              "arn:aws:elasticloadbalancing:us-east-1:654362432770:loadbalancer/app/fica-catalog-alb-qa/9f535422c0125ed9"
            ],
            "load_balancing_algorithm_type": "round_robin",
            "load_balancing_anomaly_mitigation": "off",
            "load_balancing_cross_zone_enabled": "use_load_balancer_configuration",
            "name": "fica-catalog-tg-qa",
            "name_prefix": "",
            "port": 3002,
            "preserve_client_ip": null,
            "protocol": "HTTP",
            "protocol_version": "HTTP1",
            "proxy_protocol_v2": false,
            "region": "us-east-1",
            "slow_start": 0,
            "stickiness": [
              {
                "cookie_duration": 86400,
                "cookie_name": "",
                "enabled": false,
                "type": "lb_cookie"
              }
            ],
            "tags": {},
            "tags_all": {},
            "target_control_port": 0,
            "target_failover": [
              {
                "on_deregistration": null,
                "on_unhealthy": null
              }
            ],
            "target_group_health": [
              {
                "dns_failover": [
                  {
                    "minimum_healthy_targets_count": "1",
                    "minimum_healthy_targets_percentage": "off"
                  }
                ],
                "unhealthy_state_routing": [
                  {
                    "minimum_healthy_targets_count": 1,
                    "minimum_healthy_targets_percentage": "off"
                  }
                ]
              }
            ],
            "target_health_state": [
              {
                "enable_unhealthy_connection_termination": null,
                "unhealthy_draining_interval": null
              }
            ],
            "target_type": "instance",
            "vpc_id": "vpc-01cbeb0cd29c55142"
          },
          "sensitive_attributes": [],
          "identity_schema_version": 0,
          "identity": {
            "arn": "arn:aws:elasticloadbalancing:us-east-1:654362432770:targetgroup/fica-catalog-tg-qa/8f93511dede8e6ad"
          },
          "private": "bnVsbA==",
          "dependencies": [
            "aws_vpc.fica_vpc"
          ]
        }
      ]
    },
    {
      "module": "module.catalog_service",
      "mode": "managed",
      "type": "aws_security_group",
      "name": "db_sg",
      "provider": "provider[\"registry.terraform.io/hashicorp/aws\"]",
      "instances": [
        {
          "schema_version": 1,
          "attributes": {
            "arn": "arn:aws:ec2:us-east-1:654362432770:security-group/sg-0b57048288ea26dea",
            "description": "Managed by Terraform",
            "egress": [
              {
                "cidr_blocks": [
                  "0.0.0.0/0"
                ],
                "description": "",
                "from_port": 0,
                "ipv6_cidr_blocks": [],
                "prefix_list_ids": [],
                "protocol": "-1",
                "security_groups": [],
                "self": false,
                "to_port": 0
              }
            ],
            "id": "sg-0b57048288ea26dea",
            "ingress": [
              {
                "cidr_blocks": [],
                "description": "",
                "from_port": 27017,
                "ipv6_cidr_blocks": [],
                "prefix_list_ids": [],
                "protocol": "tcp",
                "security_groups": [
                  "sg-0fd515ba7606a451f"
                ],
                "self": false,
                "to_port": 27017
              },
              {
                "cidr_blocks": [],
                "description": "",
                "from_port": 5432,
                "ipv6_cidr_blocks": [],
                "prefix_list_ids": [],
                "protocol": "tcp",
                "security_groups": [
                  "sg-0fd515ba7606a451f"
                ],
                "self": false,
                "to_port": 5432
              },
              {
                "cidr_blocks": [],
                "description": "",
                "from_port": 5672,
                "ipv6_cidr_blocks": [],
                "prefix_list_ids": [],
                "protocol": "tcp",
                "security_groups": [
                  "sg-0fd515ba7606a451f"
                ],
                "self": false,
                "to_port": 5672
              },
              {
                "cidr_blocks": [],
                "description": "",
                "from_port": 6379,
                "ipv6_cidr_blocks": [],
                "prefix_list_ids": [],
                "protocol": "tcp",
                "security_groups": [
                  "sg-0fd515ba7606a451f"
                ],
                "self": false,
                "to_port": 6379
              }
            ],
            "name": "fica-catalog-db-sg-qa",
            "name_prefix": "",
            "owner_id": "654362432770",
            "region": "us-east-1",
            "revoke_rules_on_delete": false,
            "tags": {},
            "tags_all": {},
            "timeouts": null,
            "vpc_id": "vpc-01cbeb0cd29c55142"
          },
          "sensitive_attributes": [],
          "identity_schema_version": 0,
          "identity": {
            "account_id": "654362432770",
            "id": "sg-0b57048288ea26dea",
            "region": "us-east-1"
          },
          "private": "eyJlMmJmYjczMC1lY2FhLTExZTYtOGY4OC0zNDM2M2JjN2M0YzAiOnsiY3JlYXRlIjo2MDAwMDAwMDAwMDAsImRlbGV0ZSI6OTAwMDAwMDAwMDAwfSwic2NoZW1hX3ZlcnNpb24iOiIxIn0=",
          "dependencies": [
            "aws_security_group.fica_sg",
            "aws_vpc.fica_vpc"
          ]
        }
      ]
    },
    {
      "module": "module.iam_service",
      "mode": "managed",
      "type": "aws_autoscaling_group",
      "name": "asg",
      "provider": "provider[\"registry.terraform.io/hashicorp/aws\"]",
      "instances": [
        {
          "schema_version": 1,
          "attributes": {
            "arn": "arn:aws:autoscaling:us-east-1:654362432770:autoScalingGroup:23657a36-6d34-4fe3-aeea-0df24d948588:autoScalingGroupName/fica-iam-asg-qa",
            "availability_zone_distribution": [
              {
                "capacity_distribution_strategy": "balanced-best-effort"
              }
            ],
            "availability_zones": [
              "us-east-1a",
              "us-east-1b"
            ],
            "capacity_rebalance": false,
            "capacity_reservation_specification": [
              {
                "capacity_reservation_preference": "default",
                "capacity_reservation_target": []
              }
            ],
            "context": "",
            "default_cooldown": 300,
            "default_instance_warmup": 0,
            "desired_capacity": 2,
            "desired_capacity_type": "",
            "enabled_metrics": [],
            "force_delete": false,
            "force_delete_warm_pool": false,
            "health_check_grace_period": 300,
            "health_check_type": "EC2",
            "id": "fica-iam-asg-qa",
            "ignore_failed_scaling_activities": false,
            "initial_lifecycle_hook": [],
            "instance_maintenance_policy": [],
            "instance_refresh": [],
            "launch_configuration": "",
            "launch_template": [
              {
                "id": "lt-056ff05c59406fcb0",
                "name": "fica-iam-node-c1cbeb6836e0859d27eb4ddb37",
                "version": "$Latest"
              }
            ],
            "load_balancers": [],
            "max_instance_lifetime": 0,
            "max_size": 2,
            "metrics_granularity": "1Minute",
            "min_elb_capacity": null,
            "min_size": 2,
            "mixed_instances_policy": [],
            "name": "fica-iam-asg-qa",
            "name_prefix": "",
            "placement_group": "",
            "predicted_capacity": 0,
            "protect_from_scale_in": false,
            "region": "us-east-1",
            "service_linked_role_arn": "arn:aws:iam::654362432770:role/aws-service-role/autoscaling.amazonaws.com/AWSServiceRoleForAutoScaling",
            "suspended_processes": [],
            "tag": [
              {
                "key": "Name",
                "propagate_at_launch": true,
                "value": "fica-iam-node-qa"
              }
            ],
            "target_group_arns": [
              "arn:aws:elasticloadbalancing:us-east-1:654362432770:targetgroup/fica-iam-tg-qa/ed24557feec685f2"
            ],
            "termination_policies": [],
            "timeouts": null,
            "traffic_source": [
              {
                "identifier": "arn:aws:elasticloadbalancing:us-east-1:654362432770:targetgroup/fica-iam-tg-qa/ed24557feec685f2",
                "type": "elbv2"
              }
            ],
            "vpc_zone_identifier": [
              "subnet-07963a84d5fdbd607",
              "subnet-0fd4c84cabda00237"
            ],
            "wait_for_capacity_timeout": "10m",
            "wait_for_elb_capacity": null,
            "warm_pool": [],
            "warm_pool_size": 0
          },
          "sensitive_attributes": [],
          "identity_schema_version": 0,
          "identity": {
            "account_id": "654362432770",
            "name": "fica-iam-asg-qa",
            "region": "us-east-1"
          },
          "private": "eyJlMmJmYjczMC1lY2FhLTExZTYtOGY4OC0zNDM2M2JjN2M0YzAiOnsiZGVsZXRlIjo2MDAwMDAwMDAwMDAsInVwZGF0ZSI6NjAwMDAwMDAwMDAwfSwic2NoZW1hX3ZlcnNpb24iOiIxIn0=",
          "dependencies": [
            "aws_security_group.fica_sg",
            "aws_subnet.fica_subnet_a",
            "aws_subnet.fica_subnet_b",
            "aws_vpc.fica_vpc",
            "data.aws_ami.ubuntu",
            "module.iam_service.aws_db_instance.microservice_db",
            "module.iam_service.aws_db_subnet_group.db_subnet_group",
            "module.iam_service.aws_elasticache_cluster.redis",
            "module.iam_service.aws_elasticache_subnet_group.redis_subnet",
            "module.iam_service.aws_launch_template.lt",
            "module.iam_service.aws_lb_target_group.tg",
            "module.iam_service.aws_security_group.db_sg"
          ]
        }
      ]
    },
    {
      "module": "module.iam_service",
      "mode": "managed",
      "type": "aws_db_instance",
      "name": "microservice_db",
      "provider": "provider[\"registry.terraform.io/hashicorp/aws\"]",
      "instances": [
        {
          "index_key": 0,
          "schema_version": 2,
          "attributes": {
            "address": "fica-iam-db-qa.czzfmxuahkee.us-east-1.rds.amazonaws.com",
            "allocated_storage": 20,
            "allow_major_version_upgrade": null,
            "apply_immediately": false,
            "arn": "arn:aws:rds:us-east-1:654362432770:db:fica-iam-db-qa",
            "auto_minor_version_upgrade": true,
            "availability_zone": "us-east-1a",
            "backup_retention_period": 0,
            "backup_target": "region",
            "backup_window": "07:19-07:49",
            "blue_green_update": [],
            "ca_cert_identifier": "rds-ca-rsa2048-g1",
            "character_set_name": "",
            "copy_tags_to_snapshot": false,
            "custom_iam_instance_profile": "",
            "customer_owned_ip_enabled": false,
            "database_insights_mode": "standard",
            "db_name": "ficajudge_qa",
            "db_subnet_group_name": "fica-iam-db-subnet-qa",
            "dedicated_log_volume": false,
            "delete_automated_backups": true,
            "deletion_protection": false,
            "domain": "",
            "domain_auth_secret_arn": "",
            "domain_dns_ips": [],
            "domain_fqdn": "",
            "domain_iam_role_name": "",
            "domain_ou": "",
            "enabled_cloudwatch_logs_exports": [],
            "endpoint": "fica-iam-db-qa.czzfmxuahkee.us-east-1.rds.amazonaws.com:5432",
            "engine": "postgres",
            "engine_lifecycle_support": "open-source-rds-extended-support",
            "engine_version": "15",
            "engine_version_actual": "15.17",
            "final_snapshot_identifier": null,
            "hosted_zone_id": "Z2R2ITUGPM61AM",
            "iam_database_authentication_enabled": false,
            "id": "db-T5IHMOLNESUPWE3ZNFEZJQSHOY",
            "identifier": "fica-iam-db-qa",
            "identifier_prefix": "",
            "instance_class": "db.t3.micro",
            "iops": 0,
            "kms_key_id": "",
            "latest_restorable_time": "",
            "license_model": "postgresql-license",
            "listener_endpoint": [],
            "maintenance_window": "sun:06:01-sun:06:31",
            "manage_master_user_password": null,
            "master_user_secret": [],
            "master_user_secret_kms_key_id": null,
            "max_allocated_storage": 0,
            "monitoring_interval": 0,
            "monitoring_role_arn": "",
            "multi_az": false,
            "nchar_character_set_name": "",
            "network_type": "IPV4",
            "option_group_name": "default:postgres-15",
            "parameter_group_name": "default.postgres15",
            "password": "FicaJudge2026QA",
            "password_wo": null,
            "password_wo_version": null,
            "performance_insights_enabled": false,
            "performance_insights_kms_key_id": "",
            "performance_insights_retention_period": 0,
            "port": 5432,
            "publicly_accessible": false,
            "region": "us-east-1",
            "replica_mode": "",
            "replicas": [],
            "replicate_source_db": "",
            "resource_id": "db-T5IHMOLNESUPWE3ZNFEZJQSHOY",
            "restore_to_point_in_time": [],
            "s3_import": [],
            "skip_final_snapshot": true,
            "snapshot_identifier": null,
            "status": "available",
            "storage_encrypted": false,
            "storage_throughput": 0,
            "storage_type": "gp2",
            "tags": {},
            "tags_all": {},
            "timeouts": null,
            "timezone": "",
            "upgrade_rollout_order": "second",
            "upgrade_storage_config": null,
            "username": "fica_admin",
            "vpc_security_group_ids": [
              "sg-0ae4dff38d3c7e10f"
            ]
          },
          "sensitive_attributes": [
            [
              {
                "type": "get_attr",
                "value": "password"
              }
            ],
            [
              {
                "type": "get_attr",
                "value": "password_wo"
              }
            ]
          ],
          "identity_schema_version": 0,
          "private": "eyJlMmJmYjczMC1lY2FhLTExZTYtOGY4OC0zNDM2M2JjN2M0YzAiOnsiY3JlYXRlIjozMDAwMDAwMDAwMDAwLCJkZWxldGUiOjM2MDAwMDAwMDAwMDAsInVwZGF0ZSI6NDgwMDAwMDAwMDAwMH0sInNjaGVtYV92ZXJzaW9uIjoiMiJ9",
          "dependencies": [
            "aws_security_group.fica_sg",
            "aws_subnet.fica_subnet_a",
            "aws_subnet.fica_subnet_b",
            "aws_vpc.fica_vpc",
            "module.iam_service.aws_db_subnet_group.db_subnet_group",
            "module.iam_service.aws_security_group.db_sg"
          ]
        }
      ]
    },
    {
      "module": "module.iam_service",
      "mode": "managed",
      "type": "aws_db_subnet_group",
      "name": "db_subnet_group",
      "provider": "provider[\"registry.terraform.io/hashicorp/aws\"]",
      "instances": [
        {
          "schema_version": 0,
          "attributes": {
            "arn": "arn:aws:rds:us-east-1:654362432770:subgrp:fica-iam-db-subnet-qa",
            "description": "Managed by Terraform",
            "id": "fica-iam-db-subnet-qa",
            "name": "fica-iam-db-subnet-qa",
            "name_prefix": "",
            "region": "us-east-1",
            "subnet_ids": [
              "subnet-07963a84d5fdbd607",
              "subnet-0fd4c84cabda00237"
            ],
            "supported_network_types": [
              "IPV4"
            ],
            "tags": {},
            "tags_all": {},
            "vpc_id": "vpc-01cbeb0cd29c55142"
          },
          "sensitive_attributes": [],
          "identity_schema_version": 0,
          "identity": {
            "account_id": "654362432770",
            "name": "fica-iam-db-subnet-qa",
            "region": "us-east-1"
          },
          "private": "bnVsbA==",
          "dependencies": [
            "aws_subnet.fica_subnet_a",
            "aws_subnet.fica_subnet_b",
            "aws_vpc.fica_vpc"
          ]
        }
      ]
    },
    {
      "module": "module.iam_service",
      "mode": "managed",
      "type": "aws_elasticache_cluster",
      "name": "redis",
      "provider": "provider[\"registry.terraform.io/hashicorp/aws\"]",
      "instances": [
        {
          "index_key": 0,
          "schema_version": 0,
          "attributes": {
            "apply_immediately": null,
            "arn": "arn:aws:elasticache:us-east-1:654362432770:cluster:fica-iam-redis-qa",
            "auto_minor_version_upgrade": "true",
            "availability_zone": "us-east-1a",
            "az_mode": "single-az",
            "cache_nodes": [
              {
                "address": "fica-iam-redis-qa.uakhh0.0001.use1.cache.amazonaws.com",
                "availability_zone": "us-east-1a",
                "id": "0001",
                "outpost_arn": "",
                "port": 6379
              }
            ],
            "cluster_address": null,
            "cluster_id": "fica-iam-redis-qa",
            "configuration_endpoint": null,
            "engine": "redis",
            "engine_version": "7.1",
            "engine_version_actual": "7.1.0",
            "final_snapshot_identifier": null,
            "id": "fica-iam-redis-qa",
            "ip_discovery": "ipv4",
            "log_delivery_configuration": [],
            "maintenance_window": "sat:07:30-sat:08:30",
            "network_type": "ipv4",
            "node_type": "cache.t3.micro",
            "notification_topic_arn": null,
            "num_cache_nodes": 1,
            "outpost_mode": null,
            "parameter_group_name": "default.redis7",
            "port": 6379,
            "preferred_availability_zones": null,
            "preferred_outpost_arn": "",
            "region": "us-east-1",
            "replication_group_id": "",
            "security_group_ids": [
              "sg-0ae4dff38d3c7e10f"
            ],
            "snapshot_arns": null,
            "snapshot_name": null,
            "snapshot_retention_limit": 0,
            "snapshot_window": "04:30-05:30",
            "subnet_group_name": "fica-iam-redis-subnet-qa",
            "tags": {},
            "tags_all": {},
            "timeouts": null,
            "transit_encryption_enabled": false
          },
          "sensitive_attributes": [],
          "identity_schema_version": 0,
          "private": "eyJlMmJmYjczMC1lY2FhLTExZTYtOGY4OC0zNDM2M2JjN2M0YzAiOnsiY3JlYXRlIjoyNDAwMDAwMDAwMDAwLCJkZWxldGUiOjI0MDAwMDAwMDAwMDAsInVwZGF0ZSI6NDgwMDAwMDAwMDAwMH19",
          "dependencies": [
            "aws_security_group.fica_sg",
            "aws_subnet.fica_subnet_a",
            "aws_subnet.fica_subnet_b",
            "aws_vpc.fica_vpc",
            "module.iam_service.aws_elasticache_subnet_group.redis_subnet",
            "module.iam_service.aws_security_group.db_sg"
          ]
        }
      ]
    },
    {
      "module": "module.iam_service",
      "mode": "managed",
      "type": "aws_elasticache_subnet_group",
      "name": "redis_subnet",
      "provider": "provider[\"registry.terraform.io/hashicorp/aws\"]",
      "instances": [
        {
          "index_key": 0,
          "schema_version": 0,
          "attributes": {
            "arn": "arn:aws:elasticache:us-east-1:654362432770:subnetgroup:fica-iam-redis-subnet-qa",
            "description": "Managed by Terraform",
            "id": "fica-iam-redis-subnet-qa",
            "name": "fica-iam-redis-subnet-qa",
            "region": "us-east-1",
            "subnet_ids": [
              "subnet-07963a84d5fdbd607",
              "subnet-0fd4c84cabda00237"
            ],
            "tags": {},
            "tags_all": {},
            "vpc_id": "vpc-01cbeb0cd29c55142"
          },
          "sensitive_attributes": [],
          "identity_schema_version": 0,
          "private": "bnVsbA==",
          "dependencies": [
            "aws_subnet.fica_subnet_a",
            "aws_subnet.fica_subnet_b",
            "aws_vpc.fica_vpc"
          ]
        }
      ]
    },
    {
      "module": "module.iam_service",
      "mode": "managed",
      "type": "aws_launch_template",
      "name": "lt",
      "provider": "provider[\"registry.terraform.io/hashicorp/aws\"]",
      "instances": [
        {
          "schema_version": 1,
          "attributes": {
            "arn": "arn:aws:ec2:us-east-1:654362432770:launch-template/lt-056ff05c59406fcb0",
            "block_device_mappings": [],
            "capacity_reservation_specification": [],
            "cpu_options": [],
            "credit_specification": [],
            "default_version": 1,
            "description": "",
            "disable_api_stop": false,
            "disable_api_termination": false,
            "ebs_optimized": "",
            "enclave_options": [],
            "hibernation_options": [],
            "iam_instance_profile": [],
            "id": "lt-056ff05c59406fcb0",
            "image_id": "ami-0d28727121d5d4a3c",
            "instance_initiated_shutdown_behavior": "",
            "instance_market_options": [],
            "instance_requirements": [],
            "instance_type": "t3.medium",
            "kernel_id": "",
            "key_name": "",
            "latest_version": 2,
            "license_specification": [],
            "maintenance_options": [],
            "metadata_options": [],
            "monitoring": [],
            "name": "fica-iam-node-c1cbeb6836e0859d27eb4ddb37",
            "name_prefix": "fica-iam-node-",
            "network_interfaces": [],
            "network_performance_options": [],
            "placement": [],
            "private_dns_name_options": [],
            "ram_disk_id": "",
            "region": "us-east-1",
            "secondary_interfaces": [],
            "security_group_names": [],
            "tag_specifications": [],
            "tags": {},
            "tags_all": {},
            "update_default_version": null,
            "user_data": "IyEvYmluL2Jhc2gNCmFwdC1nZXQgdXBkYXRlIC15DQphcHQtZ2V0IGluc3RhbGwgLXkgZG9ja2VyLmlvDQpzeXN0ZW1jdGwgc3RhcnQgZG9ja2VyDQpzeXN0ZW1jdGwgZW5hYmxlIGRvY2tlcg0KICAgICAgICAgICAgICANCmV4cG9ydCBSQUJCSVRNUV9VUkw9IiINCmV4cG9ydCBNT05HT19VUkk9IiINCiAgICAgICAgICAgICAgDQojIExldmFudGFyIFJhYmJpdE1RIGxvY2FsbWVudGUgc2kgc2UgcmVxdWllcmUNCmlmIFsgImZhbHNlIiA9PSAidHJ1ZSIgXTsgdGhlbg0KICBkb2NrZXIgcnVuIC1kIC1wIDU2NzI6NTY3MiAtcCAxNTY3MjoxNTY3MiAtLW5hbWUgZmljYS1yYWJiaXRtcSAtLXJlc3RhcnQgdW5sZXNzLXN0b3BwZWQgcmFiYml0bXE6My1tYW5hZ2VtZW50DQogIGV4cG9ydCBSQUJCSVRNUV9VUkw9ImFtcXA6Ly9ndWVzdDpndWVzdEAxNzIuMTcuMC4xOjU2NzIiDQpmaQ0KDQojIExldmFudGFyIE1vbmdvREIgbG9jYWxtZW50ZSBzaSBzZSByZXF1aWVyZQ0KaWYgWyAiZmFsc2UiID09ICJ0cnVlIiBdOyB0aGVuDQogIGRvY2tlciBydW4gLWQgLXAgMjcwMTc6MjcwMTcgLWUgTU9OR09fSU5JVERCX1JPT1RfVVNFUk5BTUU9ImZpY2FfYWRtaW4iIC1lIE1PTkdPX0lOSVREQl9ST09UX1BBU1NXT1JEPSJGaWNhSnVkZ2UyMDI2UUEiIC0tbmFtZSBmaWNhLW1vbmdvZGIgLS1yZXN0YXJ0IHVubGVzcy1zdG9wcGVkIG1vbmdvOmxhdGVzdA0KICBleHBvcnQgTU9OR09fVVJJPSJtb25nb2RiOi8vZmljYV9hZG1pbjpGaWNhSnVkZ2UyMDI2UUFAMTcyLjE3LjAuMToyNzAxNy9maWNhanVkZ2VfcWE/YXV0aFNvdXJjZT1hZG1pbiINCmZpDQogICAgICAgICAgICAgIA0KIyBDb3JyZXIgZWwgY29udGVuZWRvciBkZSBOb2RlIG1hcGVhbmRvIGxhcyBjb25leGlvbmVzIGRpbsOhbWljYW1lbnRlDQpkb2NrZXIgcnVuIC1kIC1wIDMwMDE6MzAwMSAtLW5hbWUgZmljYS1pYW0tc2VydmljZSAtLXJlc3RhcnQgdW5sZXNzLXN0b3BwZWQgXA0KICAtZSBEQl9IT1NUPSJmaWNhLWlhbS1kYi1xYS5jenpmbXh1YWhrZWUudXMtZWFzdC0xLnJkcy5hbWF6b25hd3MuY29tIiBcDQogIC1lIERCX1BPUlQ9NTQzMiBcDQogIC1lIERCX1VTRVJOQU1FPSJmaWNhX2FkbWluIiBcDQogIC1lIERCX1BBU1NXT1JEPSJGaWNhSnVkZ2UyMDI2UUEiIFwNCiAgLWUgREJfTkFNRT0iZmljYWp1ZGdlX3FhIiBcDQogIC1lIE1PTkdPX1VSST0iJE1PTkdPX1VSSSIgXA0KICAtZSBSRURJU19IT1NUPSJmaWNhLWlhbS1yZWRpcy1xYS51YWtoaDAuMDAwMS51c2UxLmNhY2hlLmFtYXpvbmF3cy5jb20iIFwNCiAgLWUgUkVESVNfUE9SVD02Mzc5IFwNCiAgLWUgUkFCQklUTVFfVVJMPSIkUkFCQklUTVFfVVJMIiBcDQogIC1lIFBPUlQ9MzAwMSBcDQogIHh4YXZ5eDM4L2lhbS1zZXJ2aWNlOmxhdGVzdA0K",
            "vpc_security_group_ids": [
              "sg-0fd515ba7606a451f"
            ]
          },
          "sensitive_attributes": [
            [
              {
                "type": "get_attr",
                "value": "user_data"
              }
            ]
          ],
          "identity_schema_version": 0,
          "identity": {
            "account_id": "654362432770",
            "id": "lt-056ff05c59406fcb0",
            "region": "us-east-1"
          },
          "private": "eyJzY2hlbWFfdmVyc2lvbiI6IjEifQ==",
          "dependencies": [
            "aws_security_group.fica_sg",
            "aws_subnet.fica_subnet_a",
            "aws_subnet.fica_subnet_b",
            "aws_vpc.fica_vpc",
            "data.aws_ami.ubuntu",
            "module.iam_service.aws_db_instance.microservice_db",
            "module.iam_service.aws_db_subnet_group.db_subnet_group",
            "module.iam_service.aws_elasticache_cluster.redis",
            "module.iam_service.aws_elasticache_subnet_group.redis_subnet",
            "module.iam_service.aws_security_group.db_sg"
          ]
        }
      ]
    },
    {
      "module": "module.iam_service",
      "mode": "managed",
      "type": "aws_lb",
      "name": "alb",
      "provider": "provider[\"registry.terraform.io/hashicorp/aws\"]",
      "instances": [
        {
          "schema_version": 0,
          "attributes": {
            "access_logs": [
              {
                "bucket": "",
                "enabled": false,
                "prefix": ""
              }
            ],
            "arn": "arn:aws:elasticloadbalancing:us-east-1:654362432770:loadbalancer/app/fica-iam-alb-qa/582c96732f1c34ba",
            "arn_suffix": "app/fica-iam-alb-qa/582c96732f1c34ba",
            "client_keep_alive": 3600,
            "connection_logs": [
              {
                "bucket": "",
                "enabled": false,
                "prefix": ""
              }
            ],
            "customer_owned_ipv4_pool": "",
            "desync_mitigation_mode": "defensive",
            "dns_name": "fica-iam-alb-qa-1165401757.us-east-1.elb.amazonaws.com",
            "dns_record_client_routing_policy": null,
            "drop_invalid_header_fields": false,
            "enable_cross_zone_load_balancing": true,
            "enable_deletion_protection": false,
            "enable_http2": true,
            "enable_prefix_for_ipv6_source_nat": "off",
            "enable_tls_version_and_cipher_suite_headers": false,
            "enable_waf_fail_open": false,
            "enable_xff_client_port": false,
            "enable_zonal_shift": false,
            "enforce_security_group_inbound_rules_on_private_link_traffic": "",
            "health_check_logs": [
              {
                "bucket": "",
                "enabled": false,
                "prefix": ""
              }
            ],
            "id": "arn:aws:elasticloadbalancing:us-east-1:654362432770:loadbalancer/app/fica-iam-alb-qa/582c96732f1c34ba",
            "idle_timeout": 60,
            "internal": false,
            "ip_address_type": "ipv4",
            "ipam_pools": [],
            "load_balancer_type": "application",
            "minimum_load_balancer_capacity": [],
            "name": "fica-iam-alb-qa",
            "name_prefix": "",
            "preserve_host_header": false,
            "region": "us-east-1",
            "secondary_ips_auto_assigned_per_subnet": null,
            "security_groups": [
              "sg-0fd515ba7606a451f"
            ],
            "subnet_mapping": [
              {
                "allocation_id": "",
                "ipv6_address": "",
                "outpost_id": "",
                "private_ipv4_address": "",
                "subnet_id": "subnet-07963a84d5fdbd607"
              },
              {
                "allocation_id": "",
                "ipv6_address": "",
                "outpost_id": "",
                "private_ipv4_address": "",
                "subnet_id": "subnet-0fd4c84cabda00237"
              }
            ],
            "subnets": [
              "subnet-07963a84d5fdbd607",
              "subnet-0fd4c84cabda00237"
            ],
            "tags": {},
            "tags_all": {},
            "timeouts": null,
            "vpc_id": "vpc-01cbeb0cd29c55142",
            "xff_header_processing_mode": "append",
            "zone_id": "Z35SXDOTRQ7X7K"
          },
          "sensitive_attributes": [],
          "identity_schema_version": 0,
          "identity": {
            "arn": "arn:aws:elasticloadbalancing:us-east-1:654362432770:loadbalancer/app/fica-iam-alb-qa/582c96732f1c34ba"
          },
          "private": "eyJlMmJmYjczMC1lY2FhLTExZTYtOGY4OC0zNDM2M2JjN2M0YzAiOnsiY3JlYXRlIjo2MDAwMDAwMDAwMDAsImRlbGV0ZSI6NjAwMDAwMDAwMDAwLCJ1cGRhdGUiOjYwMDAwMDAwMDAwMH19",
          "dependencies": [
            "aws_security_group.fica_sg",
            "aws_subnet.fica_subnet_a",
            "aws_subnet.fica_subnet_b",
            "aws_vpc.fica_vpc"
          ]
        }
      ]
    },
    {
      "module": "module.iam_service",
      "mode": "managed",
      "type": "aws_lb_listener",
      "name": "listener",
      "provider": "provider[\"registry.terraform.io/hashicorp/aws\"]",
      "instances": [
        {
          "schema_version": 0,
          "attributes": {
            "alpn_policy": null,
            "arn": "arn:aws:elasticloadbalancing:us-east-1:654362432770:listener/app/fica-iam-alb-qa/582c96732f1c34ba/e5c9968984880470",
            "certificate_arn": null,
            "default_action": [
              {
                "authenticate_cognito": [],
                "authenticate_oidc": [],
                "fixed_response": [],
                "forward": [],
                "jwt_validation": [],
                "order": 1,
                "redirect": [],
                "target_group_arn": "arn:aws:elasticloadbalancing:us-east-1:654362432770:targetgroup/fica-iam-tg-qa/ed24557feec685f2",
                "type": "forward"
              }
            ],
            "id": "arn:aws:elasticloadbalancing:us-east-1:654362432770:listener/app/fica-iam-alb-qa/582c96732f1c34ba/e5c9968984880470",
            "load_balancer_arn": "arn:aws:elasticloadbalancing:us-east-1:654362432770:loadbalancer/app/fica-iam-alb-qa/582c96732f1c34ba",
            "mutual_authentication": [],
            "port": 80,
            "protocol": "HTTP",
            "region": "us-east-1",
            "routing_http_request_x_amzn_mtls_clientcert_header_name": null,
            "routing_http_request_x_amzn_mtls_clientcert_issuer_header_name": null,
            "routing_http_request_x_amzn_mtls_clientcert_leaf_header_name": null,
            "routing_http_request_x_amzn_mtls_clientcert_serial_number_header_name": null,
            "routing_http_request_x_amzn_mtls_clientcert_subject_header_name": null,
            "routing_http_request_x_amzn_mtls_clientcert_validity_header_name": null,
            "routing_http_request_x_amzn_tls_cipher_suite_header_name": null,
            "routing_http_request_x_amzn_tls_version_header_name": null,
            "routing_http_response_access_control_allow_credentials_header_value": "",
            "routing_http_response_access_control_allow_headers_header_value": "",
            "routing_http_response_access_control_allow_methods_header_value": "",
            "routing_http_response_access_control_allow_origin_header_value": "",
            "routing_http_response_access_control_expose_headers_header_value": "",
            "routing_http_response_access_control_max_age_header_value": "",
            "routing_http_response_content_security_policy_header_value": "",
            "routing_http_response_server_enabled": true,
            "routing_http_response_strict_transport_security_header_value": "",
            "routing_http_response_x_content_type_options_header_value": "",
            "routing_http_response_x_frame_options_header_value": "",
            "ssl_policy": "",
            "tags": {},
            "tags_all": {},
            "tcp_idle_timeout_seconds": null,
            "timeouts": null
          },
          "sensitive_attributes": [],
          "identity_schema_version": 0,
          "identity": {
            "arn": "arn:aws:elasticloadbalancing:us-east-1:654362432770:listener/app/fica-iam-alb-qa/582c96732f1c34ba/e5c9968984880470"
          },
          "private": "eyJlMmJmYjczMC1lY2FhLTExZTYtOGY4OC0zNDM2M2JjN2M0YzAiOnsiY3JlYXRlIjozMDAwMDAwMDAwMDAsInVwZGF0ZSI6MzAwMDAwMDAwMDAwfX0=",
          "dependencies": [
            "aws_security_group.fica_sg",
            "aws_subnet.fica_subnet_a",
            "aws_subnet.fica_subnet_b",
            "aws_vpc.fica_vpc",
            "module.iam_service.aws_lb.alb",
            "module.iam_service.aws_lb_target_group.tg"
          ]
        }
      ]
    },
    {
      "module": "module.iam_service",
      "mode": "managed",
      "type": "aws_lb_target_group",
      "name": "tg",
      "provider": "provider[\"registry.terraform.io/hashicorp/aws\"]",
      "instances": [
        {
          "schema_version": 0,
          "attributes": {
            "arn": "arn:aws:elasticloadbalancing:us-east-1:654362432770:targetgroup/fica-iam-tg-qa/ed24557feec685f2",
            "arn_suffix": "targetgroup/fica-iam-tg-qa/ed24557feec685f2",
            "connection_termination": null,
            "deregistration_delay": "300",
            "health_check": [
              {
                "enabled": true,
                "healthy_threshold": 2,
                "interval": 30,
                "matcher": "200",
                "path": "/",
                "port": "3001",
                "protocol": "HTTP",
                "timeout": 3,
                "unhealthy_threshold": 2
              }
            ],
            "id": "arn:aws:elasticloadbalancing:us-east-1:654362432770:targetgroup/fica-iam-tg-qa/ed24557feec685f2",
            "ip_address_type": "ipv4",
            "lambda_multi_value_headers_enabled": false,
            "load_balancer_arns": [
              "arn:aws:elasticloadbalancing:us-east-1:654362432770:loadbalancer/app/fica-iam-alb-qa/582c96732f1c34ba"
            ],
            "load_balancing_algorithm_type": "round_robin",
            "load_balancing_anomaly_mitigation": "off",
            "load_balancing_cross_zone_enabled": "use_load_balancer_configuration",
            "name": "fica-iam-tg-qa",
            "name_prefix": "",
            "port": 3001,
            "preserve_client_ip": null,
            "protocol": "HTTP",
            "protocol_version": "HTTP1",
            "proxy_protocol_v2": false,
            "region": "us-east-1",
            "slow_start": 0,
            "stickiness": [
              {
                "cookie_duration": 86400,
                "cookie_name": "",
                "enabled": false,
                "type": "lb_cookie"
              }
            ],
            "tags": {},
            "tags_all": {},
            "target_control_port": 0,
            "target_failover": [
              {
                "on_deregistration": null,
                "on_unhealthy": null
              }
            ],
            "target_group_health": [
              {
                "dns_failover": [
                  {
                    "minimum_healthy_targets_count": "1",
                    "minimum_healthy_targets_percentage": "off"
                  }
                ],
                "unhealthy_state_routing": [
                  {
                    "minimum_healthy_targets_count": 1,
                    "minimum_healthy_targets_percentage": "off"
                  }
                ]
              }
            ],
            "target_health_state": [
              {
                "enable_unhealthy_connection_termination": null,
                "unhealthy_draining_interval": null
              }
            ],
            "target_type": "instance",
            "vpc_id": "vpc-01cbeb0cd29c55142"
          },
          "sensitive_attributes": [],
          "identity_schema_version": 0,
          "identity": {
            "arn": "arn:aws:elasticloadbalancing:us-east-1:654362432770:targetgroup/fica-iam-tg-qa/ed24557feec685f2"
          },
          "private": "bnVsbA==",
          "dependencies": [
            "aws_vpc.fica_vpc"
          ]
        }
      ]
    },
    {
      "module": "module.iam_service",
      "mode": "managed",
      "type": "aws_security_group",
      "name": "db_sg",
      "provider": "provider[\"registry.terraform.io/hashicorp/aws\"]",
      "instances": [
        {
          "schema_version": 1,
          "attributes": {
            "arn": "arn:aws:ec2:us-east-1:654362432770:security-group/sg-0ae4dff38d3c7e10f",
            "description": "Managed by Terraform",
            "egress": [
              {
                "cidr_blocks": [
                  "0.0.0.0/0"
                ],
                "description": "",
                "from_port": 0,
                "ipv6_cidr_blocks": [],
                "prefix_list_ids": [],
                "protocol": "-1",
                "security_groups": [],
                "self": false,
                "to_port": 0
              }
            ],
            "id": "sg-0ae4dff38d3c7e10f",
            "ingress": [
              {
                "cidr_blocks": [],
                "description": "",
                "from_port": 27017,
                "ipv6_cidr_blocks": [],
                "prefix_list_ids": [],
                "protocol": "tcp",
                "security_groups": [
                  "sg-0fd515ba7606a451f"
                ],
                "self": false,
                "to_port": 27017
              },
              {
                "cidr_blocks": [],
                "description": "",
                "from_port": 5432,
                "ipv6_cidr_blocks": [],
                "prefix_list_ids": [],
                "protocol": "tcp",
                "security_groups": [
                  "sg-0fd515ba7606a451f"
                ],
                "self": false,
                "to_port": 5432
              },
              {
                "cidr_blocks": [],
                "description": "",
                "from_port": 5672,
                "ipv6_cidr_blocks": [],
                "prefix_list_ids": [],
                "protocol": "tcp",
                "security_groups": [
                  "sg-0fd515ba7606a451f"
                ],
                "self": false,
                "to_port": 5672
              },
              {
                "cidr_blocks": [],
                "description": "",
                "from_port": 6379,
                "ipv6_cidr_blocks": [],
                "prefix_list_ids": [],
                "protocol": "tcp",
                "security_groups": [
                  "sg-0fd515ba7606a451f"
                ],
                "self": false,
                "to_port": 6379
              }
            ],
            "name": "fica-iam-db-sg-qa",
            "name_prefix": "",
            "owner_id": "654362432770",
            "region": "us-east-1",
            "revoke_rules_on_delete": false,
            "tags": {},
            "tags_all": {},
            "timeouts": null,
            "vpc_id": "vpc-01cbeb0cd29c55142"
          },
          "sensitive_attributes": [],
          "identity_schema_version": 0,
          "identity": {
            "account_id": "654362432770",
            "id": "sg-0ae4dff38d3c7e10f",
            "region": "us-east-1"
          },
          "private": "eyJlMmJmYjczMC1lY2FhLTExZTYtOGY4OC0zNDM2M2JjN2M0YzAiOnsiY3JlYXRlIjo2MDAwMDAwMDAwMDAsImRlbGV0ZSI6OTAwMDAwMDAwMDAwfSwic2NoZW1hX3ZlcnNpb24iOiIxIn0=",
          "dependencies": [
            "aws_security_group.fica_sg",
            "aws_vpc.fica_vpc"
          ]
        }
      ]
    },
    {
      "module": "module.ranking_service",
      "mode": "managed",
      "type": "aws_autoscaling_group",
      "name": "asg",
      "provider": "provider[\"registry.terraform.io/hashicorp/aws\"]",
      "instances": [
        {
          "schema_version": 1,
          "attributes": {
            "arn": "arn:aws:autoscaling:us-east-1:654362432770:autoScalingGroup:4aa32fa7-4867-4102-b6fa-d0bb8afb30b0:autoScalingGroupName/fica-ranking-asg-qa",
            "availability_zone_distribution": [
              {
                "capacity_distribution_strategy": "balanced-best-effort"
              }
            ],
            "availability_zones": [
              "us-east-1a",
              "us-east-1b"
            ],
            "capacity_rebalance": false,
            "capacity_reservation_specification": [
              {
                "capacity_reservation_preference": "default",
                "capacity_reservation_target": []
              }
            ],
            "context": "",
            "default_cooldown": 300,
            "default_instance_warmup": 0,
            "desired_capacity": 2,
            "desired_capacity_type": "",
            "enabled_metrics": [],
            "force_delete": false,
            "force_delete_warm_pool": false,
            "health_check_grace_period": 300,
            "health_check_type": "EC2",
            "id": "fica-ranking-asg-qa",
            "ignore_failed_scaling_activities": false,
            "initial_lifecycle_hook": [],
            "instance_maintenance_policy": [],
            "instance_refresh": [],
            "launch_configuration": "",
            "launch_template": [
              {
                "id": "lt-0238884ec6ef3bbb0",
                "name": "fica-ranking-node-129d133a8c45f8f2b36da97ebf",
                "version": "$Latest"
              }
            ],
            "load_balancers": [],
            "max_instance_lifetime": 0,
            "max_size": 2,
            "metrics_granularity": "1Minute",
            "min_elb_capacity": null,
            "min_size": 2,
            "mixed_instances_policy": [],
            "name": "fica-ranking-asg-qa",
            "name_prefix": "",
            "placement_group": "",
            "predicted_capacity": 0,
            "protect_from_scale_in": false,
            "region": "us-east-1",
            "service_linked_role_arn": "arn:aws:iam::654362432770:role/aws-service-role/autoscaling.amazonaws.com/AWSServiceRoleForAutoScaling",
            "suspended_processes": [],
            "tag": [
              {
                "key": "Name",
                "propagate_at_launch": true,
                "value": "fica-ranking-node-qa"
              }
            ],
            "target_group_arns": [
              "arn:aws:elasticloadbalancing:us-east-1:654362432770:targetgroup/fica-ranking-tg-qa/2aad7c7f432d5706"
            ],
            "termination_policies": [],
            "timeouts": null,
            "traffic_source": [
              {
                "identifier": "arn:aws:elasticloadbalancing:us-east-1:654362432770:targetgroup/fica-ranking-tg-qa/2aad7c7f432d5706",
                "type": "elbv2"
              }
            ],
            "vpc_zone_identifier": [
              "subnet-07963a84d5fdbd607",
              "subnet-0fd4c84cabda00237"
            ],
            "wait_for_capacity_timeout": "10m",
            "wait_for_elb_capacity": null,
            "warm_pool": [],
            "warm_pool_size": 0
          },
          "sensitive_attributes": [],
          "identity_schema_version": 0,
          "identity": {
            "account_id": "654362432770",
            "name": "fica-ranking-asg-qa",
            "region": "us-east-1"
          },
          "private": "eyJlMmJmYjczMC1lY2FhLTExZTYtOGY4OC0zNDM2M2JjN2M0YzAiOnsiZGVsZXRlIjo2MDAwMDAwMDAwMDAsInVwZGF0ZSI6NjAwMDAwMDAwMDAwfSwic2NoZW1hX3ZlcnNpb24iOiIxIn0=",
          "dependencies": [
            "aws_security_group.fica_sg",
            "aws_subnet.fica_subnet_a",
            "aws_subnet.fica_subnet_b",
            "aws_vpc.fica_vpc",
            "data.aws_ami.ubuntu",
            "module.ranking_service.aws_db_instance.microservice_db",
            "module.ranking_service.aws_db_subnet_group.db_subnet_group",
            "module.ranking_service.aws_elasticache_cluster.redis",
            "module.ranking_service.aws_elasticache_subnet_group.redis_subnet",
            "module.ranking_service.aws_launch_template.lt",
            "module.ranking_service.aws_lb_target_group.tg",
            "module.ranking_service.aws_security_group.db_sg"
          ]
        }
      ]
    },
    {
      "module": "module.ranking_service",
      "mode": "managed",
      "type": "aws_db_instance",
      "name": "microservice_db",
      "provider": "provider[\"registry.terraform.io/hashicorp/aws\"]",
      "instances": [
        {
          "index_key": 0,
          "schema_version": 2,
          "attributes": {
            "address": "fica-ranking-db-qa.czzfmxuahkee.us-east-1.rds.amazonaws.com",
            "allocated_storage": 20,
            "allow_major_version_upgrade": null,
            "apply_immediately": false,
            "arn": "arn:aws:rds:us-east-1:654362432770:db:fica-ranking-db-qa",
            "auto_minor_version_upgrade": true,
            "availability_zone": "us-east-1b",
            "backup_retention_period": 0,
            "backup_target": "region",
            "backup_window": "05:22-05:52",
            "blue_green_update": [],
            "ca_cert_identifier": "rds-ca-rsa2048-g1",
            "character_set_name": "",
            "copy_tags_to_snapshot": false,
            "custom_iam_instance_profile": "",
            "customer_owned_ip_enabled": false,
            "database_insights_mode": "standard",
            "db_name": "ficajudge_qa",
            "db_subnet_group_name": "fica-ranking-db-subnet-qa",
            "dedicated_log_volume": false,
            "delete_automated_backups": true,
            "deletion_protection": false,
            "domain": "",
            "domain_auth_secret_arn": "",
            "domain_dns_ips": [],
            "domain_fqdn": "",
            "domain_iam_role_name": "",
            "domain_ou": "",
            "enabled_cloudwatch_logs_exports": [],
            "endpoint": "fica-ranking-db-qa.czzfmxuahkee.us-east-1.rds.amazonaws.com:5432",
            "engine": "postgres",
            "engine_lifecycle_support": "open-source-rds-extended-support",
            "engine_version": "15",
            "engine_version_actual": "15.17",
            "final_snapshot_identifier": null,
            "hosted_zone_id": "Z2R2ITUGPM61AM",
            "iam_database_authentication_enabled": false,
            "id": "db-TSKJOIHX5V52RD26D444TFCFTA",
            "identifier": "fica-ranking-db-qa",
            "identifier_prefix": "",
            "instance_class": "db.t3.micro",
            "iops": 0,
            "kms_key_id": "",
            "latest_restorable_time": "",
            "license_model": "postgresql-license",
            "listener_endpoint": [],
            "maintenance_window": "mon:09:39-mon:10:09",
            "manage_master_user_password": null,
            "master_user_secret": [],
            "master_user_secret_kms_key_id": null,
            "max_allocated_storage": 0,
            "monitoring_interval": 0,
            "monitoring_role_arn": "",
            "multi_az": false,
            "nchar_character_set_name": "",
            "network_type": "IPV4",
            "option_group_name": "default:postgres-15",
            "parameter_group_name": "default.postgres15",
            "password": "FicaJudge2026QA",
            "password_wo": null,
            "password_wo_version": null,
            "performance_insights_enabled": false,
            "performance_insights_kms_key_id": "",
            "performance_insights_retention_period": 0,
            "port": 5432,
            "publicly_accessible": false,
            "region": "us-east-1",
            "replica_mode": "",
            "replicas": [],
            "replicate_source_db": "",
            "resource_id": "db-TSKJOIHX5V52RD26D444TFCFTA",
            "restore_to_point_in_time": [],
            "s3_import": [],
            "skip_final_snapshot": true,
            "snapshot_identifier": null,
            "status": "available",
            "storage_encrypted": false,
            "storage_throughput": 0,
            "storage_type": "gp2",
            "tags": {},
            "tags_all": {},
            "timeouts": null,
            "timezone": "",
            "upgrade_rollout_order": "second",
            "upgrade_storage_config": null,
            "username": "fica_admin",
            "vpc_security_group_ids": [
              "sg-0af113292c446ff3c"
            ]
          },
          "sensitive_attributes": [
            [
              {
                "type": "get_attr",
                "value": "password"
              }
            ],
            [
              {
                "type": "get_attr",
                "value": "password_wo"
              }
            ]
          ],
          "identity_schema_version": 0,
          "private": "eyJlMmJmYjczMC1lY2FhLTExZTYtOGY4OC0zNDM2M2JjN2M0YzAiOnsiY3JlYXRlIjozMDAwMDAwMDAwMDAwLCJkZWxldGUiOjM2MDAwMDAwMDAwMDAsInVwZGF0ZSI6NDgwMDAwMDAwMDAwMH0sInNjaGVtYV92ZXJzaW9uIjoiMiJ9",
          "dependencies": [
            "aws_security_group.fica_sg",
            "aws_subnet.fica_subnet_a",
            "aws_subnet.fica_subnet_b",
            "aws_vpc.fica_vpc",
            "module.ranking_service.aws_db_subnet_group.db_subnet_group",
            "module.ranking_service.aws_security_group.db_sg"
          ]
        }
      ]
    },
    {
      "module": "module.ranking_service",
      "mode": "managed",
      "type": "aws_db_subnet_group",
      "name": "db_subnet_group",
      "provider": "provider[\"registry.terraform.io/hashicorp/aws\"]",
      "instances": [
        {
          "schema_version": 0,
          "attributes": {
            "arn": "arn:aws:rds:us-east-1:654362432770:subgrp:fica-ranking-db-subnet-qa",
            "description": "Managed by Terraform",
            "id": "fica-ranking-db-subnet-qa",
            "name": "fica-ranking-db-subnet-qa",
            "name_prefix": "",
            "region": "us-east-1",
            "subnet_ids": [
              "subnet-07963a84d5fdbd607",
              "subnet-0fd4c84cabda00237"
            ],
            "supported_network_types": [
              "IPV4"
            ],
            "tags": {},
            "tags_all": {},
            "vpc_id": "vpc-01cbeb0cd29c55142"
          },
          "sensitive_attributes": [],
          "identity_schema_version": 0,
          "identity": {
            "account_id": "654362432770",
            "name": "fica-ranking-db-subnet-qa",
            "region": "us-east-1"
          },
          "private": "bnVsbA==",
          "dependencies": [
            "aws_subnet.fica_subnet_a",
            "aws_subnet.fica_subnet_b",
            "aws_vpc.fica_vpc"
          ]
        }
      ]
    },
    {
      "module": "module.ranking_service",
      "mode": "managed",
      "type": "aws_elasticache_cluster",
      "name": "redis",
      "provider": "provider[\"registry.terraform.io/hashicorp/aws\"]",
      "instances": [
        {
          "index_key": 0,
          "schema_version": 0,
          "attributes": {
            "apply_immediately": null,
            "arn": "arn:aws:elasticache:us-east-1:654362432770:cluster:fica-ranking-redis-qa",
            "auto_minor_version_upgrade": "true",
            "availability_zone": "us-east-1a",
            "az_mode": "single-az",
            "cache_nodes": [
              {
                "address": "fica-ranking-redis-qa.uakhh0.0001.use1.cache.amazonaws.com",
                "availability_zone": "us-east-1a",
                "id": "0001",
                "outpost_arn": "",
                "port": 6379
              }
            ],
            "cluster_address": null,
            "cluster_id": "fica-ranking-redis-qa",
            "configuration_endpoint": null,
            "engine": "redis",
            "engine_version": "7.1",
            "engine_version_actual": "7.1.0",
            "final_snapshot_identifier": null,
            "id": "fica-ranking-redis-qa",
            "ip_discovery": "ipv4",
            "log_delivery_configuration": [],
            "maintenance_window": "fri:07:30-fri:08:30",
            "network_type": "ipv4",
            "node_type": "cache.t3.micro",
            "notification_topic_arn": null,
            "num_cache_nodes": 1,
            "outpost_mode": null,
            "parameter_group_name": "default.redis7",
            "port": 6379,
            "preferred_availability_zones": null,
            "preferred_outpost_arn": "",
            "region": "us-east-1",
            "replication_group_id": "",
            "security_group_ids": [
              "sg-0af113292c446ff3c"
            ],
            "snapshot_arns": null,
            "snapshot_name": null,
            "snapshot_retention_limit": 0,
            "snapshot_window": "06:00-07:00",
            "subnet_group_name": "fica-ranking-redis-subnet-qa",
            "tags": {},
            "tags_all": {},
            "timeouts": null,
            "transit_encryption_enabled": false
          },
          "sensitive_attributes": [],
          "identity_schema_version": 0,
          "private": "eyJlMmJmYjczMC1lY2FhLTExZTYtOGY4OC0zNDM2M2JjN2M0YzAiOnsiY3JlYXRlIjoyNDAwMDAwMDAwMDAwLCJkZWxldGUiOjI0MDAwMDAwMDAwMDAsInVwZGF0ZSI6NDgwMDAwMDAwMDAwMH19",
          "dependencies": [
            "aws_security_group.fica_sg",
            "aws_subnet.fica_subnet_a",
            "aws_subnet.fica_subnet_b",
            "aws_vpc.fica_vpc",
            "module.ranking_service.aws_elasticache_subnet_group.redis_subnet",
            "module.ranking_service.aws_security_group.db_sg"
          ]
        }
      ]
    },
    {
      "module": "module.ranking_service",
      "mode": "managed",
      "type": "aws_elasticache_subnet_group",
      "name": "redis_subnet",
      "provider": "provider[\"registry.terraform.io/hashicorp/aws\"]",
      "instances": [
        {
          "index_key": 0,
          "schema_version": 0,
          "attributes": {
            "arn": "arn:aws:elasticache:us-east-1:654362432770:subnetgroup:fica-ranking-redis-subnet-qa",
            "description": "Managed by Terraform",
            "id": "fica-ranking-redis-subnet-qa",
            "name": "fica-ranking-redis-subnet-qa",
            "region": "us-east-1",
            "subnet_ids": [
              "subnet-07963a84d5fdbd607",
              "subnet-0fd4c84cabda00237"
            ],
            "tags": {},
            "tags_all": {},
            "vpc_id": "vpc-01cbeb0cd29c55142"
          },
          "sensitive_attributes": [],
          "identity_schema_version": 0,
          "private": "bnVsbA==",
          "dependencies": [
            "aws_subnet.fica_subnet_a",
            "aws_subnet.fica_subnet_b",
            "aws_vpc.fica_vpc"
          ]
        }
      ]
    },
    {
      "module": "module.ranking_service",
      "mode": "managed",
      "type": "aws_launch_template",
      "name": "lt",
      "provider": "provider[\"registry.terraform.io/hashicorp/aws\"]",
      "instances": [
        {
          "schema_version": 1,
          "attributes": {
            "arn": "arn:aws:ec2:us-east-1:654362432770:launch-template/lt-0238884ec6ef3bbb0",
            "block_device_mappings": [],
            "capacity_reservation_specification": [],
            "cpu_options": [],
            "credit_specification": [],
            "default_version": 1,
            "description": "",
            "disable_api_stop": false,
            "disable_api_termination": false,
            "ebs_optimized": "",
            "enclave_options": [],
            "hibernation_options": [],
            "iam_instance_profile": [],
            "id": "lt-0238884ec6ef3bbb0",
            "image_id": "ami-0d28727121d5d4a3c",
            "instance_initiated_shutdown_behavior": "",
            "instance_market_options": [],
            "instance_requirements": [],
            "instance_type": "t3.medium",
            "kernel_id": "",
            "key_name": "",
            "latest_version": 2,
            "license_specification": [],
            "maintenance_options": [],
            "metadata_options": [],
            "monitoring": [],
            "name": "fica-ranking-node-129d133a8c45f8f2b36da97ebf",
            "name_prefix": "fica-ranking-node-",
            "network_interfaces": [],
            "network_performance_options": [],
            "placement": [],
            "private_dns_name_options": [],
            "ram_disk_id": "",
            "region": "us-east-1",
            "secondary_interfaces": [],
            "security_group_names": [],
            "tag_specifications": [],
            "tags": {},
            "tags_all": {},
            "update_default_version": null,
            "user_data": "IyEvYmluL2Jhc2gNCmFwdC1nZXQgdXBkYXRlIC15DQphcHQtZ2V0IGluc3RhbGwgLXkgZG9ja2VyLmlvDQpzeXN0ZW1jdGwgc3RhcnQgZG9ja2VyDQpzeXN0ZW1jdGwgZW5hYmxlIGRvY2tlcg0KICAgICAgICAgICAgICANCmV4cG9ydCBSQUJCSVRNUV9VUkw9IiINCmV4cG9ydCBNT05HT19VUkk9IiINCiAgICAgICAgICAgICAgDQojIExldmFudGFyIFJhYmJpdE1RIGxvY2FsbWVudGUgc2kgc2UgcmVxdWllcmUNCmlmIFsgImZhbHNlIiA9PSAidHJ1ZSIgXTsgdGhlbg0KICBkb2NrZXIgcnVuIC1kIC1wIDU2NzI6NTY3MiAtcCAxNTY3MjoxNTY3MiAtLW5hbWUgZmljYS1yYWJiaXRtcSAtLXJlc3RhcnQgdW5sZXNzLXN0b3BwZWQgcmFiYml0bXE6My1tYW5hZ2VtZW50DQogIGV4cG9ydCBSQUJCSVRNUV9VUkw9ImFtcXA6Ly9ndWVzdDpndWVzdEAxNzIuMTcuMC4xOjU2NzIiDQpmaQ0KDQojIExldmFudGFyIE1vbmdvREIgbG9jYWxtZW50ZSBzaSBzZSByZXF1aWVyZQ0KaWYgWyAiZmFsc2UiID09ICJ0cnVlIiBdOyB0aGVuDQogIGRvY2tlciBydW4gLWQgLXAgMjcwMTc6MjcwMTcgLWUgTU9OR09fSU5JVERCX1JPT1RfVVNFUk5BTUU9ImZpY2FfYWRtaW4iIC1lIE1PTkdPX0lOSVREQl9ST09UX1BBU1NXT1JEPSJGaWNhSnVkZ2UyMDI2UUEiIC0tbmFtZSBmaWNhLW1vbmdvZGIgLS1yZXN0YXJ0IHVubGVzcy1zdG9wcGVkIG1vbmdvOmxhdGVzdA0KICBleHBvcnQgTU9OR09fVVJJPSJtb25nb2RiOi8vZmljYV9hZG1pbjpGaWNhSnVkZ2UyMDI2UUFAMTcyLjE3LjAuMToyNzAxNy9maWNhanVkZ2VfcWE/YXV0aFNvdXJjZT1hZG1pbiINCmZpDQogICAgICAgICAgICAgIA0KIyBDb3JyZXIgZWwgY29udGVuZWRvciBkZSBOb2RlIG1hcGVhbmRvIGxhcyBjb25leGlvbmVzIGRpbsOhbWljYW1lbnRlDQpkb2NrZXIgcnVuIC1kIC1wIDMwMDQ6MzAwNCAtLW5hbWUgZmljYS1yYW5raW5nLXNlcnZpY2UgLS1yZXN0YXJ0IHVubGVzcy1zdG9wcGVkIFwNCiAgLWUgREJfSE9TVD0iZmljYS1yYW5raW5nLWRiLXFhLmN6emZteHVhaGtlZS51cy1lYXN0LTEucmRzLmFtYXpvbmF3cy5jb20iIFwNCiAgLWUgREJfUE9SVD01NDMyIFwNCiAgLWUgREJfVVNFUk5BTUU9ImZpY2FfYWRtaW4iIFwNCiAgLWUgREJfUEFTU1dPUkQ9IkZpY2FKdWRnZTIwMjZRQSIgXA0KICAtZSBEQl9OQU1FPSJmaWNhanVkZ2VfcWEiIFwNCiAgLWUgTU9OR09fVVJJPSIkTU9OR09fVVJJIiBcDQogIC1lIFJFRElTX0hPU1Q9ImZpY2EtcmFua2luZy1yZWRpcy1xYS51YWtoaDAuMDAwMS51c2UxLmNhY2hlLmFtYXpvbmF3cy5jb20iIFwNCiAgLWUgUkVESVNfUE9SVD02Mzc5IFwNCiAgLWUgUkFCQklUTVFfVVJMPSIkUkFCQklUTVFfVVJMIiBcDQogIC1lIFBPUlQ9MzAwNCBcDQogIHh4YXZ5eDM4L3Jhbmtpbmctc2VydmljZTpsYXRlc3QNCg==",
            "vpc_security_group_ids": [
              "sg-0fd515ba7606a451f"
            ]
          },
          "sensitive_attributes": [
            [
              {
                "type": "get_attr",
                "value": "user_data"
              }
            ]
          ],
          "identity_schema_version": 0,
          "identity": {
            "account_id": "654362432770",
            "id": "lt-0238884ec6ef3bbb0",
            "region": "us-east-1"
          },
          "private": "eyJzY2hlbWFfdmVyc2lvbiI6IjEifQ==",
          "dependencies": [
            "aws_security_group.fica_sg",
            "aws_subnet.fica_subnet_a",
            "aws_subnet.fica_subnet_b",
            "aws_vpc.fica_vpc",
            "data.aws_ami.ubuntu",
            "module.ranking_service.aws_db_instance.microservice_db",
            "module.ranking_service.aws_db_subnet_group.db_subnet_group",
            "module.ranking_service.aws_elasticache_cluster.redis",
            "module.ranking_service.aws_elasticache_subnet_group.redis_subnet",
            "module.ranking_service.aws_security_group.db_sg"
          ]
        }
      ]
    },
    {
      "module": "module.ranking_service",
      "mode": "managed",
      "type": "aws_lb",
      "name": "alb",
      "provider": "provider[\"registry.terraform.io/hashicorp/aws\"]",
      "instances": [
        {
          "schema_version": 0,
          "attributes": {
            "access_logs": [
              {
                "bucket": "",
                "enabled": false,
                "prefix": ""
              }
            ],
            "arn": "arn:aws:elasticloadbalancing:us-east-1:654362432770:loadbalancer/app/fica-ranking-alb-qa/2a888705237ea90a",
            "arn_suffix": "app/fica-ranking-alb-qa/2a888705237ea90a",
            "client_keep_alive": 3600,
            "connection_logs": [
              {
                "bucket": "",
                "enabled": false,
                "prefix": ""
              }
            ],
            "customer_owned_ipv4_pool": "",
            "desync_mitigation_mode": "defensive",
            "dns_name": "fica-ranking-alb-qa-1060519431.us-east-1.elb.amazonaws.com",
            "dns_record_client_routing_policy": null,
            "drop_invalid_header_fields": false,
            "enable_cross_zone_load_balancing": true,
            "enable_deletion_protection": false,
            "enable_http2": true,
            "enable_prefix_for_ipv6_source_nat": "off",
            "enable_tls_version_and_cipher_suite_headers": false,
            "enable_waf_fail_open": false,
            "enable_xff_client_port": false,
            "enable_zonal_shift": false,
            "enforce_security_group_inbound_rules_on_private_link_traffic": "",
            "health_check_logs": [
              {
                "bucket": "",
                "enabled": false,
                "prefix": ""
              }
            ],
            "id": "arn:aws:elasticloadbalancing:us-east-1:654362432770:loadbalancer/app/fica-ranking-alb-qa/2a888705237ea90a",
            "idle_timeout": 60,
            "internal": false,
            "ip_address_type": "ipv4",
            "ipam_pools": [],
            "load_balancer_type": "application",
            "minimum_load_balancer_capacity": [],
            "name": "fica-ranking-alb-qa",
            "name_prefix": "",
            "preserve_host_header": false,
            "region": "us-east-1",
            "secondary_ips_auto_assigned_per_subnet": null,
            "security_groups": [
              "sg-0fd515ba7606a451f"
            ],
            "subnet_mapping": [
              {
                "allocation_id": "",
                "ipv6_address": "",
                "outpost_id": "",
                "private_ipv4_address": "",
                "subnet_id": "subnet-07963a84d5fdbd607"
              },
              {
                "allocation_id": "",
                "ipv6_address": "",
                "outpost_id": "",
                "private_ipv4_address": "",
                "subnet_id": "subnet-0fd4c84cabda00237"
              }
            ],
            "subnets": [
              "subnet-07963a84d5fdbd607",
              "subnet-0fd4c84cabda00237"
            ],
            "tags": {},
            "tags_all": {},
            "timeouts": null,
            "vpc_id": "vpc-01cbeb0cd29c55142",
            "xff_header_processing_mode": "append",
            "zone_id": "Z35SXDOTRQ7X7K"
          },
          "sensitive_attributes": [],
          "identity_schema_version": 0,
          "identity": {
            "arn": "arn:aws:elasticloadbalancing:us-east-1:654362432770:loadbalancer/app/fica-ranking-alb-qa/2a888705237ea90a"
          },
          "private": "eyJlMmJmYjczMC1lY2FhLTExZTYtOGY4OC0zNDM2M2JjN2M0YzAiOnsiY3JlYXRlIjo2MDAwMDAwMDAwMDAsImRlbGV0ZSI6NjAwMDAwMDAwMDAwLCJ1cGRhdGUiOjYwMDAwMDAwMDAwMH19",
          "dependencies": [
            "aws_security_group.fica_sg",
            "aws_subnet.fica_subnet_a",
            "aws_subnet.fica_subnet_b",
            "aws_vpc.fica_vpc"
          ]
        }
      ]
    },
    {
      "module": "module.ranking_service",
      "mode": "managed",
      "type": "aws_lb_listener",
      "name": "listener",
      "provider": "provider[\"registry.terraform.io/hashicorp/aws\"]",
      "instances": [
        {
          "schema_version": 0,
          "attributes": {
            "alpn_policy": null,
            "arn": "arn:aws:elasticloadbalancing:us-east-1:654362432770:listener/app/fica-ranking-alb-qa/2a888705237ea90a/0d8b68bc627721e7",
            "certificate_arn": null,
            "default_action": [
              {
                "authenticate_cognito": [],
                "authenticate_oidc": [],
                "fixed_response": [],
                "forward": [],
                "jwt_validation": [],
                "order": 1,
                "redirect": [],
                "target_group_arn": "arn:aws:elasticloadbalancing:us-east-1:654362432770:targetgroup/fica-ranking-tg-qa/2aad7c7f432d5706",
                "type": "forward"
              }
            ],
            "id": "arn:aws:elasticloadbalancing:us-east-1:654362432770:listener/app/fica-ranking-alb-qa/2a888705237ea90a/0d8b68bc627721e7",
            "load_balancer_arn": "arn:aws:elasticloadbalancing:us-east-1:654362432770:loadbalancer/app/fica-ranking-alb-qa/2a888705237ea90a",
            "mutual_authentication": [],
            "port": 80,
            "protocol": "HTTP",
            "region": "us-east-1",
            "routing_http_request_x_amzn_mtls_clientcert_header_name": null,
            "routing_http_request_x_amzn_mtls_clientcert_issuer_header_name": null,
            "routing_http_request_x_amzn_mtls_clientcert_leaf_header_name": null,
            "routing_http_request_x_amzn_mtls_clientcert_serial_number_header_name": null,
            "routing_http_request_x_amzn_mtls_clientcert_subject_header_name": null,
            "routing_http_request_x_amzn_mtls_clientcert_validity_header_name": null,
            "routing_http_request_x_amzn_tls_cipher_suite_header_name": null,
            "routing_http_request_x_amzn_tls_version_header_name": null,
            "routing_http_response_access_control_allow_credentials_header_value": "",
            "routing_http_response_access_control_allow_headers_header_value": "",
            "routing_http_response_access_control_allow_methods_header_value": "",
            "routing_http_response_access_control_allow_origin_header_value": "",
            "routing_http_response_access_control_expose_headers_header_value": "",
            "routing_http_response_access_control_max_age_header_value": "",
            "routing_http_response_content_security_policy_header_value": "",
            "routing_http_response_server_enabled": true,
            "routing_http_response_strict_transport_security_header_value": "",
            "routing_http_response_x_content_type_options_header_value": "",
            "routing_http_response_x_frame_options_header_value": "",
            "ssl_policy": "",
            "tags": {},
            "tags_all": {},
            "tcp_idle_timeout_seconds": null,
            "timeouts": null
          },
          "sensitive_attributes": [],
          "identity_schema_version": 0,
          "identity": {
            "arn": "arn:aws:elasticloadbalancing:us-east-1:654362432770:listener/app/fica-ranking-alb-qa/2a888705237ea90a/0d8b68bc627721e7"
          },
          "private": "eyJlMmJmYjczMC1lY2FhLTExZTYtOGY4OC0zNDM2M2JjN2M0YzAiOnsiY3JlYXRlIjozMDAwMDAwMDAwMDAsInVwZGF0ZSI6MzAwMDAwMDAwMDAwfX0=",
          "dependencies": [
            "aws_security_group.fica_sg",
            "aws_subnet.fica_subnet_a",
            "aws_subnet.fica_subnet_b",
            "aws_vpc.fica_vpc",
            "module.ranking_service.aws_lb.alb",
            "module.ranking_service.aws_lb_target_group.tg"
          ]
        }
      ]
    },
    {
      "module": "module.ranking_service",
      "mode": "managed",
      "type": "aws_lb_target_group",
      "name": "tg",
      "provider": "provider[\"registry.terraform.io/hashicorp/aws\"]",
      "instances": [
        {
          "schema_version": 0,
          "attributes": {
            "arn": "arn:aws:elasticloadbalancing:us-east-1:654362432770:targetgroup/fica-ranking-tg-qa/2aad7c7f432d5706",
            "arn_suffix": "targetgroup/fica-ranking-tg-qa/2aad7c7f432d5706",
            "connection_termination": null,
            "deregistration_delay": "300",
            "health_check": [
              {
                "enabled": true,
                "healthy_threshold": 2,
                "interval": 30,
                "matcher": "200",
                "path": "/",
                "port": "3004",
                "protocol": "HTTP",
                "timeout": 3,
                "unhealthy_threshold": 2
              }
            ],
            "id": "arn:aws:elasticloadbalancing:us-east-1:654362432770:targetgroup/fica-ranking-tg-qa/2aad7c7f432d5706",
            "ip_address_type": "ipv4",
            "lambda_multi_value_headers_enabled": false,
            "load_balancer_arns": [
              "arn:aws:elasticloadbalancing:us-east-1:654362432770:loadbalancer/app/fica-ranking-alb-qa/2a888705237ea90a"
            ],
            "load_balancing_algorithm_type": "round_robin",
            "load_balancing_anomaly_mitigation": "off",
            "load_balancing_cross_zone_enabled": "use_load_balancer_configuration",
            "name": "fica-ranking-tg-qa",
            "name_prefix": "",
            "port": 3004,
            "preserve_client_ip": null,
            "protocol": "HTTP",
            "protocol_version": "HTTP1",
            "proxy_protocol_v2": false,
            "region": "us-east-1",
            "slow_start": 0,
            "stickiness": [
              {
                "cookie_duration": 86400,
                "cookie_name": "",
                "enabled": false,
                "type": "lb_cookie"
              }
            ],
            "tags": {},
            "tags_all": {},
            "target_control_port": 0,
            "target_failover": [
              {
                "on_deregistration": null,
                "on_unhealthy": null
              }
            ],
            "target_group_health": [
              {
                "dns_failover": [
                  {
                    "minimum_healthy_targets_count": "1",
                    "minimum_healthy_targets_percentage": "off"
                  }
                ],
                "unhealthy_state_routing": [
                  {
                    "minimum_healthy_targets_count": 1,
                    "minimum_healthy_targets_percentage": "off"
                  }
                ]
              }
            ],
            "target_health_state": [
              {
                "enable_unhealthy_connection_termination": null,
                "unhealthy_draining_interval": null
              }
            ],
            "target_type": "instance",
            "vpc_id": "vpc-01cbeb0cd29c55142"
          },
          "sensitive_attributes": [],
          "identity_schema_version": 0,
          "identity": {
            "arn": "arn:aws:elasticloadbalancing:us-east-1:654362432770:targetgroup/fica-ranking-tg-qa/2aad7c7f432d5706"
          },
          "private": "bnVsbA==",
          "dependencies": [
            "aws_vpc.fica_vpc"
          ]
        }
      ]
    },
    {
      "module": "module.ranking_service",
      "mode": "managed",
      "type": "aws_security_group",
      "name": "db_sg",
      "provider": "provider[\"registry.terraform.io/hashicorp/aws\"]",
      "instances": [
        {
          "schema_version": 1,
          "attributes": {
            "arn": "arn:aws:ec2:us-east-1:654362432770:security-group/sg-0af113292c446ff3c",
            "description": "Managed by Terraform",
            "egress": [
              {
                "cidr_blocks": [
                  "0.0.0.0/0"
                ],
                "description": "",
                "from_port": 0,
                "ipv6_cidr_blocks": [],
                "prefix_list_ids": [],
                "protocol": "-1",
                "security_groups": [],
                "self": false,
                "to_port": 0
              }
            ],
            "id": "sg-0af113292c446ff3c",
            "ingress": [
              {
                "cidr_blocks": [],
                "description": "",
                "from_port": 27017,
                "ipv6_cidr_blocks": [],
                "prefix_list_ids": [],
                "protocol": "tcp",
                "security_groups": [
                  "sg-0fd515ba7606a451f"
                ],
                "self": false,
                "to_port": 27017
              },
              {
                "cidr_blocks": [],
                "description": "",
                "from_port": 5432,
                "ipv6_cidr_blocks": [],
                "prefix_list_ids": [],
                "protocol": "tcp",
                "security_groups": [
                  "sg-0fd515ba7606a451f"
                ],
                "self": false,
                "to_port": 5432
              },
              {
                "cidr_blocks": [],
                "description": "",
                "from_port": 5672,
                "ipv6_cidr_blocks": [],
                "prefix_list_ids": [],
                "protocol": "tcp",
                "security_groups": [
                  "sg-0fd515ba7606a451f"
                ],
                "self": false,
                "to_port": 5672
              },
              {
                "cidr_blocks": [],
                "description": "",
                "from_port": 6379,
                "ipv6_cidr_blocks": [],
                "prefix_list_ids": [],
                "protocol": "tcp",
                "security_groups": [
                  "sg-0fd515ba7606a451f"
                ],
                "self": false,
                "to_port": 6379
              }
            ],
            "name": "fica-ranking-db-sg-qa",
            "name_prefix": "",
            "owner_id": "654362432770",
            "region": "us-east-1",
            "revoke_rules_on_delete": false,
            "tags": {},
            "tags_all": {},
            "timeouts": null,
            "vpc_id": "vpc-01cbeb0cd29c55142"
          },
          "sensitive_attributes": [],
          "identity_schema_version": 0,
          "identity": {
            "account_id": "654362432770",
            "id": "sg-0af113292c446ff3c",
            "region": "us-east-1"
          },
          "private": "eyJlMmJmYjczMC1lY2FhLTExZTYtOGY4OC0zNDM2M2JjN2M0YzAiOnsiY3JlYXRlIjo2MDAwMDAwMDAwMDAsImRlbGV0ZSI6OTAwMDAwMDAwMDAwfSwic2NoZW1hX3ZlcnNpb24iOiIxIn0=",
          "dependencies": [
            "aws_security_group.fica_sg",
            "aws_vpc.fica_vpc"
          ]
        }
      ]
    },
    {
      "module": "module.submission_service",
      "mode": "managed",
      "type": "aws_autoscaling_group",
      "name": "asg",
      "provider": "provider[\"registry.terraform.io/hashicorp/aws\"]",
      "instances": [
        {
          "schema_version": 1,
          "attributes": {
            "arn": "arn:aws:autoscaling:us-east-1:654362432770:autoScalingGroup:3194ee66-5b49-4fdc-81b4-a1a7b3b23ac0:autoScalingGroupName/fica-submission-asg-qa",
            "availability_zone_distribution": [
              {
                "capacity_distribution_strategy": "balanced-best-effort"
              }
            ],
            "availability_zones": [
              "us-east-1a",
              "us-east-1b"
            ],
            "capacity_rebalance": false,
            "capacity_reservation_specification": [
              {
                "capacity_reservation_preference": "default",
                "capacity_reservation_target": []
              }
            ],
            "context": "",
            "default_cooldown": 300,
            "default_instance_warmup": 0,
            "desired_capacity": 2,
            "desired_capacity_type": "",
            "enabled_metrics": [],
            "force_delete": false,
            "force_delete_warm_pool": false,
            "health_check_grace_period": 300,
            "health_check_type": "EC2",
            "id": "fica-submission-asg-qa",
            "ignore_failed_scaling_activities": false,
            "initial_lifecycle_hook": [],
            "instance_maintenance_policy": [],
            "instance_refresh": [],
            "launch_configuration": "",
            "launch_template": [
              {
                "id": "lt-0aa9cff86f3ce1300",
                "name": "fica-submission-node-d1e1059a8002025cd378d0d73b",
                "version": "$Latest"
              }
            ],
            "load_balancers": [],
            "max_instance_lifetime": 0,
            "max_size": 2,
            "metrics_granularity": "1Minute",
            "min_elb_capacity": null,
            "min_size": 2,
            "mixed_instances_policy": [],
            "name": "fica-submission-asg-qa",
            "name_prefix": "",
            "placement_group": "",
            "predicted_capacity": 0,
            "protect_from_scale_in": false,
            "region": "us-east-1",
            "service_linked_role_arn": "arn:aws:iam::654362432770:role/aws-service-role/autoscaling.amazonaws.com/AWSServiceRoleForAutoScaling",
            "suspended_processes": [],
            "tag": [
              {
                "key": "Name",
                "propagate_at_launch": true,
                "value": "fica-submission-node-qa"
              }
            ],
            "target_group_arns": [
              "arn:aws:elasticloadbalancing:us-east-1:654362432770:targetgroup/fica-submission-tg-qa/665652644891bade"
            ],
            "termination_policies": [],
            "timeouts": null,
            "traffic_source": [
              {
                "identifier": "arn:aws:elasticloadbalancing:us-east-1:654362432770:targetgroup/fica-submission-tg-qa/665652644891bade",
                "type": "elbv2"
              }
            ],
            "vpc_zone_identifier": [
              "subnet-07963a84d5fdbd607",
              "subnet-0fd4c84cabda00237"
            ],
            "wait_for_capacity_timeout": "10m",
            "wait_for_elb_capacity": null,
            "warm_pool": [],
            "warm_pool_size": 0
          },
          "sensitive_attributes": [],
          "identity_schema_version": 0,
          "identity": {
            "account_id": "654362432770",
            "name": "fica-submission-asg-qa",
            "region": "us-east-1"
          },
          "private": "eyJlMmJmYjczMC1lY2FhLTExZTYtOGY4OC0zNDM2M2JjN2M0YzAiOnsiZGVsZXRlIjo2MDAwMDAwMDAwMDAsInVwZGF0ZSI6NjAwMDAwMDAwMDAwfSwic2NoZW1hX3ZlcnNpb24iOiIxIn0=",
          "dependencies": [
            "aws_security_group.fica_sg",
            "aws_subnet.fica_subnet_a",
            "aws_subnet.fica_subnet_b",
            "aws_vpc.fica_vpc",
            "data.aws_ami.ubuntu",
            "module.submission_service.aws_db_instance.microservice_db",
            "module.submission_service.aws_db_subnet_group.db_subnet_group",
            "module.submission_service.aws_elasticache_cluster.redis",
            "module.submission_service.aws_elasticache_subnet_group.redis_subnet",
            "module.submission_service.aws_launch_template.lt",
            "module.submission_service.aws_lb_target_group.tg",
            "module.submission_service.aws_security_group.db_sg"
          ]
        }
      ]
    },
    {
      "module": "module.submission_service",
      "mode": "managed",
      "type": "aws_db_instance",
      "name": "microservice_db",
      "provider": "provider[\"registry.terraform.io/hashicorp/aws\"]",
      "instances": [
        {
          "index_key": 0,
          "schema_version": 2,
          "attributes": {
            "address": "fica-submission-db-qa.czzfmxuahkee.us-east-1.rds.amazonaws.com",
            "allocated_storage": 20,
            "allow_major_version_upgrade": null,
            "apply_immediately": false,
            "arn": "arn:aws:rds:us-east-1:654362432770:db:fica-submission-db-qa",
            "auto_minor_version_upgrade": true,
            "availability_zone": "us-east-1b",
            "backup_retention_period": 0,
            "backup_target": "region",
            "backup_window": "06:43-07:13",
            "blue_green_update": [],
            "ca_cert_identifier": "rds-ca-rsa2048-g1",
            "character_set_name": "",
            "copy_tags_to_snapshot": false,
            "custom_iam_instance_profile": "",
            "customer_owned_ip_enabled": false,
            "database_insights_mode": "standard",
            "db_name": "ficajudge_qa",
            "db_subnet_group_name": "fica-submission-db-subnet-qa",
            "dedicated_log_volume": false,
            "delete_automated_backups": true,
            "deletion_protection": false,
            "domain": "",
            "domain_auth_secret_arn": "",
            "domain_dns_ips": [],
            "domain_fqdn": "",
            "domain_iam_role_name": "",
            "domain_ou": "",
            "enabled_cloudwatch_logs_exports": [],
            "endpoint": "fica-submission-db-qa.czzfmxuahkee.us-east-1.rds.amazonaws.com:5432",
            "engine": "postgres",
            "engine_lifecycle_support": "open-source-rds-extended-support",
            "engine_version": "15",
            "engine_version_actual": "15.17",
            "final_snapshot_identifier": null,
            "hosted_zone_id": "Z2R2ITUGPM61AM",
            "iam_database_authentication_enabled": false,
            "id": "db-32K4UN3NYOAOBFGLIYLFBUI3OU",
            "identifier": "fica-submission-db-qa",
            "identifier_prefix": "",
            "instance_class": "db.t3.micro",
            "iops": 0,
            "kms_key_id": "",
            "latest_restorable_time": "",
            "license_model": "postgresql-license",
            "listener_endpoint": [],
            "maintenance_window": "mon:04:37-mon:05:07",
            "manage_master_user_password": null,
            "master_user_secret": [],
            "master_user_secret_kms_key_id": null,
            "max_allocated_storage": 0,
            "monitoring_interval": 0,
            "monitoring_role_arn": "",
            "multi_az": false,
            "nchar_character_set_name": "",
            "network_type": "IPV4",
            "option_group_name": "default:postgres-15",
            "parameter_group_name": "default.postgres15",
            "password": "FicaJudge2026QA",
            "password_wo": null,
            "password_wo_version": null,
            "performance_insights_enabled": false,
            "performance_insights_kms_key_id": "",
            "performance_insights_retention_period": 0,
            "port": 5432,
            "publicly_accessible": false,
            "region": "us-east-1",
            "replica_mode": "",
            "replicas": [],
            "replicate_source_db": "",
            "resource_id": "db-32K4UN3NYOAOBFGLIYLFBUI3OU",
            "restore_to_point_in_time": [],
            "s3_import": [],
            "skip_final_snapshot": true,
            "snapshot_identifier": null,
            "status": "available",
            "storage_encrypted": false,
            "storage_throughput": 0,
            "storage_type": "gp2",
            "tags": {},
            "tags_all": {},
            "timeouts": null,
            "timezone": "",
            "upgrade_rollout_order": "second",
            "upgrade_storage_config": null,
            "username": "fica_admin",
            "vpc_security_group_ids": [
              "sg-034c588e5444e29ad"
            ]
          },
          "sensitive_attributes": [
            [
              {
                "type": "get_attr",
                "value": "password"
              }
            ],
            [
              {
                "type": "get_attr",
                "value": "password_wo"
              }
            ]
          ],
          "identity_schema_version": 0,
          "private": "eyJlMmJmYjczMC1lY2FhLTExZTYtOGY4OC0zNDM2M2JjN2M0YzAiOnsiY3JlYXRlIjozMDAwMDAwMDAwMDAwLCJkZWxldGUiOjM2MDAwMDAwMDAwMDAsInVwZGF0ZSI6NDgwMDAwMDAwMDAwMH0sInNjaGVtYV92ZXJzaW9uIjoiMiJ9",
          "dependencies": [
            "aws_security_group.fica_sg",
            "aws_subnet.fica_subnet_a",
            "aws_subnet.fica_subnet_b",
            "aws_vpc.fica_vpc",
            "module.submission_service.aws_db_subnet_group.db_subnet_group",
            "module.submission_service.aws_security_group.db_sg"
          ]
        }
      ]
    },
    {
      "module": "module.submission_service",
      "mode": "managed",
      "type": "aws_db_subnet_group",
      "name": "db_subnet_group",
      "provider": "provider[\"registry.terraform.io/hashicorp/aws\"]",
      "instances": [
        {
          "schema_version": 0,
          "attributes": {
            "arn": "arn:aws:rds:us-east-1:654362432770:subgrp:fica-submission-db-subnet-qa",
            "description": "Managed by Terraform",
            "id": "fica-submission-db-subnet-qa",
            "name": "fica-submission-db-subnet-qa",
            "name_prefix": "",
            "region": "us-east-1",
            "subnet_ids": [
              "subnet-07963a84d5fdbd607",
              "subnet-0fd4c84cabda00237"
            ],
            "supported_network_types": [
              "IPV4"
            ],
            "tags": {},
            "tags_all": {},
            "vpc_id": "vpc-01cbeb0cd29c55142"
          },
          "sensitive_attributes": [],
          "identity_schema_version": 0,
          "identity": {
            "account_id": "654362432770",
            "name": "fica-submission-db-subnet-qa",
            "region": "us-east-1"
          },
          "private": "bnVsbA==",
          "dependencies": [
            "aws_subnet.fica_subnet_a",
            "aws_subnet.fica_subnet_b",
            "aws_vpc.fica_vpc"
          ]
        }
      ]
    },
    {
      "module": "module.submission_service",
      "mode": "managed",
      "type": "aws_elasticache_cluster",
      "name": "redis",
      "provider": "provider[\"registry.terraform.io/hashicorp/aws\"]",
      "instances": []
    },
    {
      "module": "module.submission_service",
      "mode": "managed",
      "type": "aws_elasticache_subnet_group",
      "name": "redis_subnet",
      "provider": "provider[\"registry.terraform.io/hashicorp/aws\"]",
      "instances": []
    },
    {
      "module": "module.submission_service",
      "mode": "managed",
      "type": "aws_launch_template",
      "name": "lt",
      "provider": "provider[\"registry.terraform.io/hashicorp/aws\"]",
      "instances": [
        {
          "schema_version": 1,
          "attributes": {
            "arn": "arn:aws:ec2:us-east-1:654362432770:launch-template/lt-0aa9cff86f3ce1300",
            "block_device_mappings": [],
            "capacity_reservation_specification": [],
            "cpu_options": [],
            "credit_specification": [],
            "default_version": 1,
            "description": "",
            "disable_api_stop": false,
            "disable_api_termination": false,
            "ebs_optimized": "",
            "enclave_options": [],
            "hibernation_options": [],
            "iam_instance_profile": [],
            "id": "lt-0aa9cff86f3ce1300",
            "image_id": "ami-0d28727121d5d4a3c",
            "instance_initiated_shutdown_behavior": "",
            "instance_market_options": [],
            "instance_requirements": [],
            "instance_type": "t3.medium",
            "kernel_id": "",
            "key_name": "",
            "latest_version": 2,
            "license_specification": [],
            "maintenance_options": [],
            "metadata_options": [],
            "monitoring": [],
            "name": "fica-submission-node-d1e1059a8002025cd378d0d73b",
            "name_prefix": "fica-submission-node-",
            "network_interfaces": [],
            "network_performance_options": [],
            "placement": [],
            "private_dns_name_options": [],
            "ram_disk_id": "",
            "region": "us-east-1",
            "secondary_interfaces": [],
            "security_group_names": [],
            "tag_specifications": [],
            "tags": {},
            "tags_all": {},
            "update_default_version": null,
            "user_data": "IyEvYmluL2Jhc2gNCmFwdC1nZXQgdXBkYXRlIC15DQphcHQtZ2V0IGluc3RhbGwgLXkgZG9ja2VyLmlvDQpzeXN0ZW1jdGwgc3RhcnQgZG9ja2VyDQpzeXN0ZW1jdGwgZW5hYmxlIGRvY2tlcg0KICAgICAgICAgICAgICANCmV4cG9ydCBSQUJCSVRNUV9VUkw9IiINCmV4cG9ydCBNT05HT19VUkk9IiINCiAgICAgICAgICAgICAgDQojIExldmFudGFyIFJhYmJpdE1RIGxvY2FsbWVudGUgc2kgc2UgcmVxdWllcmUNCmlmIFsgInRydWUiID09ICJ0cnVlIiBdOyB0aGVuDQogIGRvY2tlciBydW4gLWQgLXAgNTY3Mjo1NjcyIC1wIDE1NjcyOjE1NjcyIC0tbmFtZSBmaWNhLXJhYmJpdG1xIC0tcmVzdGFydCB1bmxlc3Mtc3RvcHBlZCByYWJiaXRtcTozLW1hbmFnZW1lbnQNCiAgZXhwb3J0IFJBQkJJVE1RX1VSTD0iYW1xcDovL2d1ZXN0Omd1ZXN0QDE3Mi4xNy4wLjE6NTY3MiINCmZpDQoNCiMgTGV2YW50YXIgTW9uZ29EQiBsb2NhbG1lbnRlIHNpIHNlIHJlcXVpZXJlDQppZiBbICJmYWxzZSIgPT0gInRydWUiIF07IHRoZW4NCiAgZG9ja2VyIHJ1biAtZCAtcCAyNzAxNzoyNzAxNyAtZSBNT05HT19JTklUREJfUk9PVF9VU0VSTkFNRT0iZmljYV9hZG1pbiIgLWUgTU9OR09fSU5JVERCX1JPT1RfUEFTU1dPUkQ9IkZpY2FKdWRnZTIwMjZRQSIgLS1uYW1lIGZpY2EtbW9uZ29kYiAtLXJlc3RhcnQgdW5sZXNzLXN0b3BwZWQgbW9uZ286bGF0ZXN0DQogIGV4cG9ydCBNT05HT19VUkk9Im1vbmdvZGI6Ly9maWNhX2FkbWluOkZpY2FKdWRnZTIwMjZRQUAxNzIuMTcuMC4xOjI3MDE3L2ZpY2FqdWRnZV9xYT9hdXRoU291cmNlPWFkbWluIg0KZmkNCiAgICAgICAgICAgICAgDQojIENvcnJlciBlbCBjb250ZW5lZG9yIGRlIE5vZGUgbWFwZWFuZG8gbGFzIGNvbmV4aW9uZXMgZGluw6FtaWNhbWVudGUNCmRvY2tlciBydW4gLWQgLXAgMzAwMzozMDAzIC0tbmFtZSBmaWNhLXN1Ym1pc3Npb24tc2VydmljZSAtLXJlc3RhcnQgdW5sZXNzLXN0b3BwZWQgXA0KICAtZSBEQl9IT1NUPSJmaWNhLXN1Ym1pc3Npb24tZGItcWEuY3p6Zm14dWFoa2VlLnVzLWVhc3QtMS5yZHMuYW1hem9uYXdzLmNvbSIgXA0KICAtZSBEQl9QT1JUPTU0MzIgXA0KICAtZSBEQl9VU0VSTkFNRT0iZmljYV9hZG1pbiIgXA0KICAtZSBEQl9QQVNTV09SRD0iRmljYUp1ZGdlMjAyNlFBIiBcDQogIC1lIERCX05BTUU9ImZpY2FqdWRnZV9xYSIgXA0KICAtZSBNT05HT19VUkk9IiRNT05HT19VUkkiIFwNCiAgLWUgUkVESVNfSE9TVD0iIiBcDQogIC1lIFJFRElTX1BPUlQ9NjM3OSBcDQogIC1lIFJBQkJJVE1RX1VSTD0iJFJBQkJJVE1RX1VSTCIgXA0KICAtZSBQT1JUPTMwMDMgXA0KICB4eGF2eXgzOC9zdWJtaXNzaW9uLXNlcnZpY2U6bGF0ZXN0DQo=",
            "vpc_security_group_ids": [
              "sg-0fd515ba7606a451f"
            ]
          },
          "sensitive_attributes": [
            [
              {
                "type": "get_attr",
                "value": "user_data"
              }
            ]
          ],
          "identity_schema_version": 0,
          "identity": {
            "account_id": "654362432770",
            "id": "lt-0aa9cff86f3ce1300",
            "region": "us-east-1"
          },
          "private": "eyJzY2hlbWFfdmVyc2lvbiI6IjEifQ==",
          "dependencies": [
            "aws_security_group.fica_sg",
            "aws_subnet.fica_subnet_a",
            "aws_subnet.fica_subnet_b",
            "aws_vpc.fica_vpc",
            "data.aws_ami.ubuntu",
            "module.submission_service.aws_db_instance.microservice_db",
            "module.submission_service.aws_db_subnet_group.db_subnet_group",
            "module.submission_service.aws_elasticache_cluster.redis",
            "module.submission_service.aws_elasticache_subnet_group.redis_subnet",
            "module.submission_service.aws_security_group.db_sg"
          ]
        }
      ]
    },
    {
      "module": "module.submission_service",
      "mode": "managed",
      "type": "aws_lb",
      "name": "alb",
      "provider": "provider[\"registry.terraform.io/hashicorp/aws\"]",
      "instances": [
        {
          "schema_version": 0,
          "attributes": {
            "access_logs": [
              {
                "bucket": "",
                "enabled": false,
                "prefix": ""
              }
            ],
            "arn": "arn:aws:elasticloadbalancing:us-east-1:654362432770:loadbalancer/app/fica-submission-alb-qa/757d9e4e0e2b30a3",
            "arn_suffix": "app/fica-submission-alb-qa/757d9e4e0e2b30a3",
            "client_keep_alive": 3600,
            "connection_logs": [
              {
                "bucket": "",
                "enabled": false,
                "prefix": ""
              }
            ],
            "customer_owned_ipv4_pool": "",
            "desync_mitigation_mode": "defensive",
            "dns_name": "fica-submission-alb-qa-798792890.us-east-1.elb.amazonaws.com",
            "dns_record_client_routing_policy": null,
            "drop_invalid_header_fields": false,
            "enable_cross_zone_load_balancing": true,
            "enable_deletion_protection": false,
            "enable_http2": true,
            "enable_prefix_for_ipv6_source_nat": "off",
            "enable_tls_version_and_cipher_suite_headers": false,
            "enable_waf_fail_open": false,
            "enable_xff_client_port": false,
            "enable_zonal_shift": false,
            "enforce_security_group_inbound_rules_on_private_link_traffic": "",
            "health_check_logs": [
              {
                "bucket": "",
                "enabled": false,
                "prefix": ""
              }
            ],
            "id": "arn:aws:elasticloadbalancing:us-east-1:654362432770:loadbalancer/app/fica-submission-alb-qa/757d9e4e0e2b30a3",
            "idle_timeout": 60,
            "internal": false,
            "ip_address_type": "ipv4",
            "ipam_pools": [],
            "load_balancer_type": "application",
            "minimum_load_balancer_capacity": [],
            "name": "fica-submission-alb-qa",
            "name_prefix": "",
            "preserve_host_header": false,
            "region": "us-east-1",
            "secondary_ips_auto_assigned_per_subnet": null,
            "security_groups": [
              "sg-0fd515ba7606a451f"
            ],
            "subnet_mapping": [
              {
                "allocation_id": "",
                "ipv6_address": "",
                "outpost_id": "",
                "private_ipv4_address": "",
                "subnet_id": "subnet-07963a84d5fdbd607"
              },
              {
                "allocation_id": "",
                "ipv6_address": "",
                "outpost_id": "",
                "private_ipv4_address": "",
                "subnet_id": "subnet-0fd4c84cabda00237"
              }
            ],
            "subnets": [
              "subnet-07963a84d5fdbd607",
              "subnet-0fd4c84cabda00237"
            ],
            "tags": {},
            "tags_all": {},
            "timeouts": null,
            "vpc_id": "vpc-01cbeb0cd29c55142",
            "xff_header_processing_mode": "append",
            "zone_id": "Z35SXDOTRQ7X7K"
          },
          "sensitive_attributes": [],
          "identity_schema_version": 0,
          "identity": {
            "arn": "arn:aws:elasticloadbalancing:us-east-1:654362432770:loadbalancer/app/fica-submission-alb-qa/757d9e4e0e2b30a3"
          },
          "private": "eyJlMmJmYjczMC1lY2FhLTExZTYtOGY4OC0zNDM2M2JjN2M0YzAiOnsiY3JlYXRlIjo2MDAwMDAwMDAwMDAsImRlbGV0ZSI6NjAwMDAwMDAwMDAwLCJ1cGRhdGUiOjYwMDAwMDAwMDAwMH19",
          "dependencies": [
            "aws_security_group.fica_sg",
            "aws_subnet.fica_subnet_a",
            "aws_subnet.fica_subnet_b",
            "aws_vpc.fica_vpc"
          ]
        }
      ]
    },
    {
      "module": "module.submission_service",
      "mode": "managed",
      "type": "aws_lb_listener",
      "name": "listener",
      "provider": "provider[\"registry.terraform.io/hashicorp/aws\"]",
      "instances": [
        {
          "schema_version": 0,
          "attributes": {
            "alpn_policy": null,
            "arn": "arn:aws:elasticloadbalancing:us-east-1:654362432770:listener/app/fica-submission-alb-qa/757d9e4e0e2b30a3/9b461023185ae0ca",
            "certificate_arn": null,
            "default_action": [
              {
                "authenticate_cognito": [],
                "authenticate_oidc": [],
                "fixed_response": [],
                "forward": [],
                "jwt_validation": [],
                "order": 1,
                "redirect": [],
                "target_group_arn": "arn:aws:elasticloadbalancing:us-east-1:654362432770:targetgroup/fica-submission-tg-qa/665652644891bade",
                "type": "forward"
              }
            ],
            "id": "arn:aws:elasticloadbalancing:us-east-1:654362432770:listener/app/fica-submission-alb-qa/757d9e4e0e2b30a3/9b461023185ae0ca",
            "load_balancer_arn": "arn:aws:elasticloadbalancing:us-east-1:654362432770:loadbalancer/app/fica-submission-alb-qa/757d9e4e0e2b30a3",
            "mutual_authentication": [],
            "port": 80,
            "protocol": "HTTP",
            "region": "us-east-1",
            "routing_http_request_x_amzn_mtls_clientcert_header_name": null,
            "routing_http_request_x_amzn_mtls_clientcert_issuer_header_name": null,
            "routing_http_request_x_amzn_mtls_clientcert_leaf_header_name": null,
            "routing_http_request_x_amzn_mtls_clientcert_serial_number_header_name": null,
            "routing_http_request_x_amzn_mtls_clientcert_subject_header_name": null,
            "routing_http_request_x_amzn_mtls_clientcert_validity_header_name": null,
            "routing_http_request_x_amzn_tls_cipher_suite_header_name": null,
            "routing_http_request_x_amzn_tls_version_header_name": null,
            "routing_http_response_access_control_allow_credentials_header_value": "",
            "routing_http_response_access_control_allow_headers_header_value": "",
            "routing_http_response_access_control_allow_methods_header_value": "",
            "routing_http_response_access_control_allow_origin_header_value": "",
            "routing_http_response_access_control_expose_headers_header_value": "",
            "routing_http_response_access_control_max_age_header_value": "",
            "routing_http_response_content_security_policy_header_value": "",
            "routing_http_response_server_enabled": true,
            "routing_http_response_strict_transport_security_header_value": "",
            "routing_http_response_x_content_type_options_header_value": "",
            "routing_http_response_x_frame_options_header_value": "",
            "ssl_policy": "",
            "tags": {},
            "tags_all": {},
            "tcp_idle_timeout_seconds": null,
            "timeouts": null
          },
          "sensitive_attributes": [],
          "identity_schema_version": 0,
          "identity": {
            "arn": "arn:aws:elasticloadbalancing:us-east-1:654362432770:listener/app/fica-submission-alb-qa/757d9e4e0e2b30a3/9b461023185ae0ca"
          },
          "private": "eyJlMmJmYjczMC1lY2FhLTExZTYtOGY4OC0zNDM2M2JjN2M0YzAiOnsiY3JlYXRlIjozMDAwMDAwMDAwMDAsInVwZGF0ZSI6MzAwMDAwMDAwMDAwfX0=",
          "dependencies": [
            "aws_security_group.fica_sg",
            "aws_subnet.fica_subnet_a",
            "aws_subnet.fica_subnet_b",
            "aws_vpc.fica_vpc",
            "module.submission_service.aws_lb.alb",
            "module.submission_service.aws_lb_target_group.tg"
          ]
        }
      ]
    },
    {
      "module": "module.submission_service",
      "mode": "managed",
      "type": "aws_lb_target_group",
      "name": "tg",
      "provider": "provider[\"registry.terraform.io/hashicorp/aws\"]",
      "instances": [
        {
          "schema_version": 0,
          "attributes": {
            "arn": "arn:aws:elasticloadbalancing:us-east-1:654362432770:targetgroup/fica-submission-tg-qa/665652644891bade",
            "arn_suffix": "targetgroup/fica-submission-tg-qa/665652644891bade",
            "connection_termination": null,
            "deregistration_delay": "300",
            "health_check": [
              {
                "enabled": true,
                "healthy_threshold": 2,
                "interval": 30,
                "matcher": "200",
                "path": "/",
                "port": "3003",
                "protocol": "HTTP",
                "timeout": 3,
                "unhealthy_threshold": 2
              }
            ],
            "id": "arn:aws:elasticloadbalancing:us-east-1:654362432770:targetgroup/fica-submission-tg-qa/665652644891bade",
            "ip_address_type": "ipv4",
            "lambda_multi_value_headers_enabled": false,
            "load_balancer_arns": [
              "arn:aws:elasticloadbalancing:us-east-1:654362432770:loadbalancer/app/fica-submission-alb-qa/757d9e4e0e2b30a3"
            ],
            "load_balancing_algorithm_type": "round_robin",
            "load_balancing_anomaly_mitigation": "off",
            "load_balancing_cross_zone_enabled": "use_load_balancer_configuration",
            "name": "fica-submission-tg-qa",
            "name_prefix": "",
            "port": 3003,
            "preserve_client_ip": null,
            "protocol": "HTTP",
            "protocol_version": "HTTP1",
            "proxy_protocol_v2": false,
            "region": "us-east-1",
            "slow_start": 0,
            "stickiness": [
              {
                "cookie_duration": 86400,
                "cookie_name": "",
                "enabled": false,
                "type": "lb_cookie"
              }
            ],
            "tags": {},
            "tags_all": {},
            "target_control_port": 0,
            "target_failover": [
              {
                "on_deregistration": null,
                "on_unhealthy": null
              }
            ],
            "target_group_health": [
              {
                "dns_failover": [
                  {
                    "minimum_healthy_targets_count": "1",
                    "minimum_healthy_targets_percentage": "off"
                  }
                ],
                "unhealthy_state_routing": [
                  {
                    "minimum_healthy_targets_count": 1,
                    "minimum_healthy_targets_percentage": "off"
                  }
                ]
              }
            ],
            "target_health_state": [
              {
                "enable_unhealthy_connection_termination": null,
                "unhealthy_draining_interval": null
              }
            ],
            "target_type": "instance",
            "vpc_id": "vpc-01cbeb0cd29c55142"
          },
          "sensitive_attributes": [],
          "identity_schema_version": 0,
          "identity": {
            "arn": "arn:aws:elasticloadbalancing:us-east-1:654362432770:targetgroup/fica-submission-tg-qa/665652644891bade"
          },
          "private": "bnVsbA==",
          "dependencies": [
            "aws_vpc.fica_vpc"
          ]
        }
      ]
    },
    {
      "module": "module.submission_service",
      "mode": "managed",
      "type": "aws_security_group",
      "name": "db_sg",
      "provider": "provider[\"registry.terraform.io/hashicorp/aws\"]",
      "instances": [
        {
          "schema_version": 1,
          "attributes": {
            "arn": "arn:aws:ec2:us-east-1:654362432770:security-group/sg-034c588e5444e29ad",
            "description": "Managed by Terraform",
            "egress": [
              {
                "cidr_blocks": [
                  "0.0.0.0/0"
                ],
                "description": "",
                "from_port": 0,
                "ipv6_cidr_blocks": [],
                "prefix_list_ids": [],
                "protocol": "-1",
                "security_groups": [],
                "self": false,
                "to_port": 0
              }
            ],
            "id": "sg-034c588e5444e29ad",
            "ingress": [
              {
                "cidr_blocks": [],
                "description": "",
                "from_port": 27017,
                "ipv6_cidr_blocks": [],
                "prefix_list_ids": [],
                "protocol": "tcp",
                "security_groups": [
                  "sg-0fd515ba7606a451f"
                ],
                "self": false,
                "to_port": 27017
              },
              {
                "cidr_blocks": [],
                "description": "",
                "from_port": 5432,
                "ipv6_cidr_blocks": [],
                "prefix_list_ids": [],
                "protocol": "tcp",
                "security_groups": [
                  "sg-0fd515ba7606a451f"
                ],
                "self": false,
                "to_port": 5432
              },
              {
                "cidr_blocks": [],
                "description": "",
                "from_port": 5672,
                "ipv6_cidr_blocks": [],
                "prefix_list_ids": [],
                "protocol": "tcp",
                "security_groups": [
                  "sg-0fd515ba7606a451f"
                ],
                "self": false,
                "to_port": 5672
              },
              {
                "cidr_blocks": [],
                "description": "",
                "from_port": 6379,
                "ipv6_cidr_blocks": [],
                "prefix_list_ids": [],
                "protocol": "tcp",
                "security_groups": [
                  "sg-0fd515ba7606a451f"
                ],
                "self": false,
                "to_port": 6379
              }
            ],
            "name": "fica-submission-db-sg-qa",
            "name_prefix": "",
            "owner_id": "654362432770",
            "region": "us-east-1",
            "revoke_rules_on_delete": false,
            "tags": {},
            "tags_all": {},
            "timeouts": null,
            "vpc_id": "vpc-01cbeb0cd29c55142"
          },
          "sensitive_attributes": [],
          "identity_schema_version": 0,
          "identity": {
            "account_id": "654362432770",
            "id": "sg-034c588e5444e29ad",
            "region": "us-east-1"
          },
          "private": "eyJlMmJmYjczMC1lY2FhLTExZTYtOGY4OC0zNDM2M2JjN2M0YzAiOnsiY3JlYXRlIjo2MDAwMDAwMDAwMDAsImRlbGV0ZSI6OTAwMDAwMDAwMDAwfSwic2NoZW1hX3ZlcnNpb24iOiIxIn0=",
          "dependencies": [
            "aws_security_group.fica_sg",
            "aws_vpc.fica_vpc"
          ]
        }
      ]
    }
  ],
  "check_results": null
}
